
Microsoft Visual Studio Solution File, Format Version 10.00
# Visual Studio 2008
Project("{FAE04EC0-301F-11D3-BF4B-00C04F79EFBC}") = "Interface", "Interface\Interface.csproj", "{0E17F8FF-9CCB-4590-90F0-ED35E90E29C2}"
EndProject
Project("{FAE04EC0-301F-11D3-BF4B-00C04F79EFBC}") = "Test", "Test\Test.csproj", "{E87AEC2C-BF2A-47E1-87A1-DEDEAAF434F0}"
EndProject
Global
	GlobalSection(SolutionConfigurationPlatforms) = preSolution
		Debug|Any CPU = Debug|Any CPU
		Release|Any CPU = Release|Any CPU
	EndGlobalSection
	GlobalSection(ProjectConfigurationPlatforms) = postSolution
		{0E17F8FF-9CCB-4590-90F0-ED35E90E29C2}.Debug|Any CPU.ActiveCfg = Debug|Any CPU
		{0E17F8FF-9CCB-4590-90F0-ED35E90E29C2}.Debug|Any CPU.Build.0 = Debug|Any CPU
		{0E17F8FF-9CCB-4590-90F0-ED35E90E29C2}.Release|Any CPU.ActiveCfg = Release|Any CPU
		{0E17F8FF-9CCB-4590-90F0-ED35E90E29C2}.Release|Any CPU.Build.0 = Release|Any CPU
		{E87AEC2C-BF2A-47E1-87A1-DEDEAAF434F0}.Debug|Any CPU.ActiveCfg = Debug|Any CPU
		{E87AEC2C-BF2A-47E1-87A1-DEDEAAF434F0}.Debug|Any CPU.Build.0 = Debug|Any CPU
		{E87AEC2C-BF2A-47E1-87A1-DEDEAAF434F0}.Release|Any CPU.ActiveCfg = Release|Any CPU
		{E87AEC2C-BF2A-47E1-87A1-DEDEAAF434F0}.Release|Any CPU.Build.0 = Release|Any CPU
	EndGlobalSection
	GlobalSection(SolutionProperties) = preSolution
		HideSolutionNode = FALSE
	EndGlobalSection
EndGlobal
