
Microsoft Visual Studio Solution File, Format Version 9.00
# Visual Studio 2005
Project("{FAE04EC0-301F-11D3-BF4B-00C04F79EFBC}") = "BuildTasks.2005", "BuildTasks\BuildTasks.2005.csproj", "{A4F661BC-5097-4D9A-B45E-BB820171A0D9}"
EndProject
Global
	GlobalSection(SolutionConfigurationPlatforms) = preSolution
		Debug|Any CPU = Debug|Any CPU
		Release|Any CPU = Release|Any CPU
	EndGlobalSection
	GlobalSection(ProjectConfigurationPlatforms) = postSolution
		{A4F661BC-5097-4D9A-B45E-BB820171A0D9}.Debug|Any CPU.ActiveCfg = Debug|Any CPU
		{A4F661BC-5097-4D9A-B45E-BB820171A0D9}.Debug|Any CPU.Build.0 = Debug|Any CPU
		{A4F661BC-5097-4D9A-B45E-BB820171A0D9}.Release|Any CPU.ActiveCfg = Release|Any CPU
		{A4F661BC-5097-4D9A-B45E-BB820171A0D9}.Release|Any CPU.Build.0 = Release|Any CPU
	EndGlobalSection
	GlobalSection(SolutionProperties) = preSolution
		HideSolutionNode = FALSE
	EndGlobalSection
EndGlobal
