
Microsoft Visual Studio Solution File, Format Version 9.00
# Visual Studio 2005
Project("{2150E333-8FDC-42A3-9474-1A3956D46DE8}") = "Direct3D9", "Direct3D9", "{566CC44C-DD8F-4664-8B5D-674848F29190}"
EndProject
Project("{2150E333-8FDC-42A3-9474-1A3956D46DE8}") = "Direct3D10", "Direct3D10", "{E928BA12-842C-4B61-9898-7B44B0A36A07}"
EndProject
Project("{2150E333-8FDC-42A3-9474-1A3956D46DE8}") = "DirectInput", "DirectInput", "{B88B8D97-236B-4129-8309-020DE793D461}"
EndProject
Project("{2150E333-8FDC-42A3-9474-1A3956D46DE8}") = "DirectSound", "DirectSound", "{E7FF7B94-08C7-4084-BA06-A3DD541338CD}"
EndProject
Project("{FAE04EC0-301F-11D3-BF4B-00C04F79EFBC}") = "MiniTri", "Direct3D9\MiniTri\MiniTri.csproj", "{05C0E1FD-697C-47E2-AC1B-3A42601FB121}"
EndProject
Global
	GlobalSection(SolutionConfigurationPlatforms) = preSolution
		Debug|Any CPU = Debug|Any CPU
		Release|Any CPU = Release|Any CPU
	EndGlobalSection
	GlobalSection(ProjectConfigurationPlatforms) = postSolution
		{05C0E1FD-697C-47E2-AC1B-3A42601FB121}.Debug|Any CPU.ActiveCfg = Debug|Any CPU
		{05C0E1FD-697C-47E2-AC1B-3A42601FB121}.Debug|Any CPU.Build.0 = Debug|Any CPU
		{05C0E1FD-697C-47E2-AC1B-3A42601FB121}.Release|Any CPU.ActiveCfg = Release|Any CPU
		{05C0E1FD-697C-47E2-AC1B-3A42601FB121}.Release|Any CPU.Build.0 = Release|Any CPU
	EndGlobalSection
	GlobalSection(SolutionProperties) = preSolution
		HideSolutionNode = FALSE
	EndGlobalSection
	GlobalSection(NestedProjects) = preSolution
		{05C0E1FD-697C-47E2-AC1B-3A42601FB121} = {566CC44C-DD8F-4664-8B5D-674848F29190}
	EndGlobalSection
EndGlobal
