
Microsoft Visual Studio Solution File, Format Version 10.00
# Visual Studio 2008
Project("{2150E333-8FDC-42A3-9474-1A3956D46DE8}") = "Direct3D9", "Direct3D9", "{C4916DC9-2C1C-4BBD-8614-FF647A000ABD}"
EndProject
Project("{2150E333-8FDC-42A3-9474-1A3956D46DE8}") = "Direct3D10", "Direct3D10", "{8C493AE3-9EA8-4017-A82C-F75E5136696B}"
EndProject
Project("{2150E333-8FDC-42A3-9474-1A3956D46DE8}") = "RawInput", "RawInput", "{4C9A34E8-BC36-42E7-B618-39D31FBD9AAE}"
EndProject
Project("{2150E333-8FDC-42A3-9474-1A3956D46DE8}") = "DirectInput", "DirectInput", "{B79D94D5-824A-43ED-BAC5-B742ABD19B86}"
EndProject
Project("{2150E333-8FDC-42A3-9474-1A3956D46DE8}") = "XAudio2", "XAudio2", "{58B9323B-70B1-4EB4-866A-138A458AF26F}"
EndProject
Project("{FAE04EC0-301F-11D3-BF4B-00C04F79EFBC}") = "MiniTri", "Direct3D9\MiniTri\MiniTri.csproj", "{05C0E1FD-697C-47E2-AC1B-3A42601FB121}"
EndProject
Project("{FAE04EC0-301F-11D3-BF4B-00C04F79EFBC}") = "SimpleTriangle", "Direct3D9\SimpleTriangle\SimpleTriangle.csproj", "{76ED10F9-39BE-4F35-B51C-D21DA2C21223}"
EndProject
Project("{FAE04EC0-301F-11D3-BF4B-00C04F79EFBC}") = "Water", "Direct3D9\Water\Water.csproj", "{AEA0E0A2-6A30-4679-84F8-71C85D44AE9E}"
EndProject
Project("{FAE04EC0-301F-11D3-BF4B-00C04F79EFBC}") = "Particles", "Direct3D9\Particles\Particles.csproj", "{C04384EF-8C89-4209-97A5-E7E16D68B4FF}"
EndProject
Project("{FAE04EC0-301F-11D3-BF4B-00C04F79EFBC}") = "Joystick", "DirectInput\Joystick\Joystick.csproj", "{BEFCAF70-0230-4929-9317-432CA8428269}"
EndProject
Project("{FAE04EC0-301F-11D3-BF4B-00C04F79EFBC}") = "Keyboard", "DirectInput\Keyboard\Keyboard.csproj", "{61CABE39-9826-4EC2-B8BB-42C83FA6F444}"
EndProject
Project("{FAE04EC0-301F-11D3-BF4B-00C04F79EFBC}") = "Mouse", "DirectInput\Mouse\Mouse.csproj", "{D192F71B-2768-4035-98CD-D7B82C99EB84}"
EndProject
Project("{FAE04EC0-301F-11D3-BF4B-00C04F79EFBC}") = "Mouse", "RawInput\Mouse\Mouse.csproj", "{43347176-9ED3-4F80-9C12-357014B19F6A}"
EndProject
Project("{FAE04EC0-301F-11D3-BF4B-00C04F79EFBC}") = "MiniTri", "Direct3D10\MiniTri\MiniTri.csproj", "{C4B8FFDB-8A4F-42D3-9A05-A47DCF2E5647}"
EndProject
Project("{FAE04EC0-301F-11D3-BF4B-00C04F79EFBC}") = "BasicSound", "XAudio2\BasicSound\BasicSound.csproj", "{EAFA9427-D9FC-45AC-908C-30CE59DCB957}"
EndProject
Project("{FAE04EC0-301F-11D3-BF4B-00C04F79EFBC}") = "SimpleLighting", "Direct3D9\SimpleLighting\SimpleLighting.csproj", "{40B42F27-6758-4997-94CA-472DABC73323}"
EndProject
Project("{FAE04EC0-301F-11D3-BF4B-00C04F79EFBC}") = "SampleFramework", "SampleFramework\SampleFramework.csproj", "{CF09C015-11D7-4E97-8A29-7FA4922C8A46}"
EndProject
Project("{2150E333-8FDC-42A3-9474-1A3956D46DE8}") = "Games", "Games", "{703E9CDE-5104-4655-A1FC-E77DFB569EBC}"
EndProject
Project("{FAE04EC0-301F-11D3-BF4B-00C04F79EFBC}") = "Asteroids", "Games\Asteroids\Asteroids.csproj", "{C7A43F84-5749-4D10-8C12-46FFCB1CCB21}"
EndProject
Project("{FAE04EC0-301F-11D3-BF4B-00C04F79EFBC}") = "EmptyProject", "Direct3D9\EmptyProject\EmptyProject.csproj", "{F1C6583A-8DAC-453B-AC68-FD2BDD0F4C6A}"
EndProject
Project("{FAE04EC0-301F-11D3-BF4B-00C04F79EFBC}") = "CustomUI", "Direct3D9\CustomUI\CustomUI.csproj", "{A096236C-4FE9-4D55-B82C-A5BD9DF56D00}"
EndProject
Global
	GlobalSection(SolutionConfigurationPlatforms) = preSolution
		Debug|Any CPU = Debug|Any CPU
		Debug|x64 = Debug|x64
		Debug|x86 = Debug|x86
		Release|Any CPU = Release|Any CPU
		Release|x64 = Release|x64
		Release|x86 = Release|x86
	EndGlobalSection
	GlobalSection(ProjectConfigurationPlatforms) = postSolution
		{05C0E1FD-697C-47E2-AC1B-3A42601FB121}.Debug|Any CPU.ActiveCfg = Debug|x86
		{05C0E1FD-697C-47E2-AC1B-3A42601FB121}.Debug|Any CPU.Build.0 = Debug|x86
		{05C0E1FD-697C-47E2-AC1B-3A42601FB121}.Debug|x64.ActiveCfg = Debug|x64
		{05C0E1FD-697C-47E2-AC1B-3A42601FB121}.Debug|x64.Build.0 = Debug|x64
		{05C0E1FD-697C-47E2-AC1B-3A42601FB121}.Debug|x86.ActiveCfg = Debug|x86
		{05C0E1FD-697C-47E2-AC1B-3A42601FB121}.Debug|x86.Build.0 = Debug|x86
		{05C0E1FD-697C-47E2-AC1B-3A42601FB121}.Release|Any CPU.ActiveCfg = Release|Any CPU
		{05C0E1FD-697C-47E2-AC1B-3A42601FB121}.Release|Any CPU.Build.0 = Release|Any CPU
		{05C0E1FD-697C-47E2-AC1B-3A42601FB121}.Release|x64.ActiveCfg = Release|x64
		{05C0E1FD-697C-47E2-AC1B-3A42601FB121}.Release|x64.Build.0 = Release|x64
		{05C0E1FD-697C-47E2-AC1B-3A42601FB121}.Release|x86.ActiveCfg = Release|x86
		{05C0E1FD-697C-47E2-AC1B-3A42601FB121}.Release|x86.Build.0 = Release|x86
		{76ED10F9-39BE-4F35-B51C-D21DA2C21223}.Debug|Any CPU.ActiveCfg = Debug|x86
		{76ED10F9-39BE-4F35-B51C-D21DA2C21223}.Debug|Any CPU.Build.0 = Debug|x86
		{76ED10F9-39BE-4F35-B51C-D21DA2C21223}.Debug|x64.ActiveCfg = Debug|x64
		{76ED10F9-39BE-4F35-B51C-D21DA2C21223}.Debug|x64.Build.0 = Debug|x64
		{76ED10F9-39BE-4F35-B51C-D21DA2C21223}.Debug|x86.ActiveCfg = Debug|x86
		{76ED10F9-39BE-4F35-B51C-D21DA2C21223}.Debug|x86.Build.0 = Debug|x86
		{76ED10F9-39BE-4F35-B51C-D21DA2C21223}.Release|Any CPU.ActiveCfg = Release|Any CPU
		{76ED10F9-39BE-4F35-B51C-D21DA2C21223}.Release|Any CPU.Build.0 = Release|Any CPU
		{76ED10F9-39BE-4F35-B51C-D21DA2C21223}.Release|x64.ActiveCfg = Release|x64
		{76ED10F9-39BE-4F35-B51C-D21DA2C21223}.Release|x64.Build.0 = Release|x64
		{76ED10F9-39BE-4F35-B51C-D21DA2C21223}.Release|x86.ActiveCfg = Release|x86
		{76ED10F9-39BE-4F35-B51C-D21DA2C21223}.Release|x86.Build.0 = Release|x86
		{AEA0E0A2-6A30-4679-84F8-71C85D44AE9E}.Debug|Any CPU.ActiveCfg = Debug|x86
		{AEA0E0A2-6A30-4679-84F8-71C85D44AE9E}.Debug|Any CPU.Build.0 = Debug|x86
		{AEA0E0A2-6A30-4679-84F8-71C85D44AE9E}.Debug|x64.ActiveCfg = Debug|x64
		{AEA0E0A2-6A30-4679-84F8-71C85D44AE9E}.Debug|x64.Build.0 = Debug|x64
		{AEA0E0A2-6A30-4679-84F8-71C85D44AE9E}.Debug|x86.ActiveCfg = Debug|x86
		{AEA0E0A2-6A30-4679-84F8-71C85D44AE9E}.Debug|x86.Build.0 = Debug|x86
		{AEA0E0A2-6A30-4679-84F8-71C85D44AE9E}.Release|Any CPU.ActiveCfg = Release|Any CPU
		{AEA0E0A2-6A30-4679-84F8-71C85D44AE9E}.Release|Any CPU.Build.0 = Release|Any CPU
		{AEA0E0A2-6A30-4679-84F8-71C85D44AE9E}.Release|x64.ActiveCfg = Release|x64
		{AEA0E0A2-6A30-4679-84F8-71C85D44AE9E}.Release|x64.Build.0 = Release|x64
		{AEA0E0A2-6A30-4679-84F8-71C85D44AE9E}.Release|x86.ActiveCfg = Release|x86
		{AEA0E0A2-6A30-4679-84F8-71C85D44AE9E}.Release|x86.Build.0 = Release|x86
		{C04384EF-8C89-4209-97A5-E7E16D68B4FF}.Debug|Any CPU.ActiveCfg = Debug|x86
		{C04384EF-8C89-4209-97A5-E7E16D68B4FF}.Debug|Any CPU.Build.0 = Debug|x86
		{C04384EF-8C89-4209-97A5-E7E16D68B4FF}.Debug|x64.ActiveCfg = Debug|x64
		{C04384EF-8C89-4209-97A5-E7E16D68B4FF}.Debug|x64.Build.0 = Debug|x64
		{C04384EF-8C89-4209-97A5-E7E16D68B4FF}.Debug|x86.ActiveCfg = Debug|x86
		{C04384EF-8C89-4209-97A5-E7E16D68B4FF}.Debug|x86.Build.0 = Debug|x86
		{C04384EF-8C89-4209-97A5-E7E16D68B4FF}.Release|Any CPU.ActiveCfg = Release|Any CPU
		{C04384EF-8C89-4209-97A5-E7E16D68B4FF}.Release|Any CPU.Build.0 = Release|Any CPU
		{C04384EF-8C89-4209-97A5-E7E16D68B4FF}.Release|x64.ActiveCfg = Release|x64
		{C04384EF-8C89-4209-97A5-E7E16D68B4FF}.Release|x64.Build.0 = Release|x64
		{C04384EF-8C89-4209-97A5-E7E16D68B4FF}.Release|x86.ActiveCfg = Release|x86
		{C04384EF-8C89-4209-97A5-E7E16D68B4FF}.Release|x86.Build.0 = Release|x86
		{BEFCAF70-0230-4929-9317-432CA8428269}.Debug|Any CPU.ActiveCfg = Debug|x86
		{BEFCAF70-0230-4929-9317-432CA8428269}.Debug|Any CPU.Build.0 = Debug|x86
		{BEFCAF70-0230-4929-9317-432CA8428269}.Debug|x64.ActiveCfg = Debug|x64
		{BEFCAF70-0230-4929-9317-432CA8428269}.Debug|x64.Build.0 = Debug|x64
		{BEFCAF70-0230-4929-9317-432CA8428269}.Debug|x86.ActiveCfg = Debug|x86
		{BEFCAF70-0230-4929-9317-432CA8428269}.Debug|x86.Build.0 = Debug|x86
		{BEFCAF70-0230-4929-9317-432CA8428269}.Release|Any CPU.ActiveCfg = Release|Any CPU
		{BEFCAF70-0230-4929-9317-432CA8428269}.Release|Any CPU.Build.0 = Release|Any CPU
		{BEFCAF70-0230-4929-9317-432CA8428269}.Release|x64.ActiveCfg = Release|x64
		{BEFCAF70-0230-4929-9317-432CA8428269}.Release|x64.Build.0 = Release|x64
		{BEFCAF70-0230-4929-9317-432CA8428269}.Release|x86.ActiveCfg = Release|x86
		{BEFCAF70-0230-4929-9317-432CA8428269}.Release|x86.Build.0 = Release|x86
		{61CABE39-9826-4EC2-B8BB-42C83FA6F444}.Debug|Any CPU.ActiveCfg = Debug|x86
		{61CABE39-9826-4EC2-B8BB-42C83FA6F444}.Debug|Any CPU.Build.0 = Debug|x86
		{61CABE39-9826-4EC2-B8BB-42C83FA6F444}.Debug|x64.ActiveCfg = Debug|x64
		{61CABE39-9826-4EC2-B8BB-42C83FA6F444}.Debug|x64.Build.0 = Debug|x64
		{61CABE39-9826-4EC2-B8BB-42C83FA6F444}.Debug|x86.ActiveCfg = Debug|x86
		{61CABE39-9826-4EC2-B8BB-42C83FA6F444}.Debug|x86.Build.0 = Debug|x86
		{61CABE39-9826-4EC2-B8BB-42C83FA6F444}.Release|Any CPU.ActiveCfg = Release|Any CPU
		{61CABE39-9826-4EC2-B8BB-42C83FA6F444}.Release|Any CPU.Build.0 = Release|Any CPU
		{61CABE39-9826-4EC2-B8BB-42C83FA6F444}.Release|x64.ActiveCfg = Release|x64
		{61CABE39-9826-4EC2-B8BB-42C83FA6F444}.Release|x64.Build.0 = Release|x64
		{61CABE39-9826-4EC2-B8BB-42C83FA6F444}.Release|x86.ActiveCfg = Release|x86
		{61CABE39-9826-4EC2-B8BB-42C83FA6F444}.Release|x86.Build.0 = Release|x86
		{D192F71B-2768-4035-98CD-D7B82C99EB84}.Debug|Any CPU.ActiveCfg = Debug|x86
		{D192F71B-2768-4035-98CD-D7B82C99EB84}.Debug|Any CPU.Build.0 = Debug|x86
		{D192F71B-2768-4035-98CD-D7B82C99EB84}.Debug|x64.ActiveCfg = Debug|x64
		{D192F71B-2768-4035-98CD-D7B82C99EB84}.Debug|x64.Build.0 = Debug|x64
		{D192F71B-2768-4035-98CD-D7B82C99EB84}.Debug|x86.ActiveCfg = Debug|x86
		{D192F71B-2768-4035-98CD-D7B82C99EB84}.Debug|x86.Build.0 = Debug|x86
		{D192F71B-2768-4035-98CD-D7B82C99EB84}.Release|Any CPU.ActiveCfg = Release|Any CPU
		{D192F71B-2768-4035-98CD-D7B82C99EB84}.Release|Any CPU.Build.0 = Release|Any CPU
		{D192F71B-2768-4035-98CD-D7B82C99EB84}.Release|x64.ActiveCfg = Release|x64
		{D192F71B-2768-4035-98CD-D7B82C99EB84}.Release|x64.Build.0 = Release|x64
		{D192F71B-2768-4035-98CD-D7B82C99EB84}.Release|x86.ActiveCfg = Release|x86
		{D192F71B-2768-4035-98CD-D7B82C99EB84}.Release|x86.Build.0 = Release|x86
		{43347176-9ED3-4F80-9C12-357014B19F6A}.Debug|Any CPU.ActiveCfg = Debug|x86
		{43347176-9ED3-4F80-9C12-357014B19F6A}.Debug|Any CPU.Build.0 = Debug|x86
		{43347176-9ED3-4F80-9C12-357014B19F6A}.Debug|x64.ActiveCfg = Debug|x64
		{43347176-9ED3-4F80-9C12-357014B19F6A}.Debug|x64.Build.0 = Debug|x64
		{43347176-9ED3-4F80-9C12-357014B19F6A}.Debug|x86.ActiveCfg = Debug|x86
		{43347176-9ED3-4F80-9C12-357014B19F6A}.Debug|x86.Build.0 = Debug|x86
		{43347176-9ED3-4F80-9C12-357014B19F6A}.Release|Any CPU.ActiveCfg = Release|Any CPU
		{43347176-9ED3-4F80-9C12-357014B19F6A}.Release|Any CPU.Build.0 = Release|Any CPU
		{43347176-9ED3-4F80-9C12-357014B19F6A}.Release|x64.ActiveCfg = Release|x64
		{43347176-9ED3-4F80-9C12-357014B19F6A}.Release|x64.Build.0 = Release|x64
		{43347176-9ED3-4F80-9C12-357014B19F6A}.Release|x86.ActiveCfg = Release|x86
		{43347176-9ED3-4F80-9C12-357014B19F6A}.Release|x86.Build.0 = Release|x86
		{C4B8FFDB-8A4F-42D3-9A05-A47DCF2E5647}.Debug|Any CPU.ActiveCfg = Debug|x86
		{C4B8FFDB-8A4F-42D3-9A05-A47DCF2E5647}.Debug|Any CPU.Build.0 = Debug|x86
		{C4B8FFDB-8A4F-42D3-9A05-A47DCF2E5647}.Debug|x64.ActiveCfg = Debug|x64
		{C4B8FFDB-8A4F-42D3-9A05-A47DCF2E5647}.Debug|x64.Build.0 = Debug|x64
		{C4B8FFDB-8A4F-42D3-9A05-A47DCF2E5647}.Debug|x86.ActiveCfg = Debug|x86
		{C4B8FFDB-8A4F-42D3-9A05-A47DCF2E5647}.Debug|x86.Build.0 = Debug|x86
		{C4B8FFDB-8A4F-42D3-9A05-A47DCF2E5647}.Release|Any CPU.ActiveCfg = Release|Any CPU
		{C4B8FFDB-8A4F-42D3-9A05-A47DCF2E5647}.Release|Any CPU.Build.0 = Release|Any CPU
		{C4B8FFDB-8A4F-42D3-9A05-A47DCF2E5647}.Release|x64.ActiveCfg = Release|x64
		{C4B8FFDB-8A4F-42D3-9A05-A47DCF2E5647}.Release|x64.Build.0 = Release|x64
		{C4B8FFDB-8A4F-42D3-9A05-A47DCF2E5647}.Release|x86.ActiveCfg = Release|x86
		{C4B8FFDB-8A4F-42D3-9A05-A47DCF2E5647}.Release|x86.Build.0 = Release|x86
		{EAFA9427-D9FC-45AC-908C-30CE59DCB957}.Debug|Any CPU.ActiveCfg = Debug|x86
		{EAFA9427-D9FC-45AC-908C-30CE59DCB957}.Debug|Any CPU.Build.0 = Debug|x86
		{EAFA9427-D9FC-45AC-908C-30CE59DCB957}.Debug|x64.ActiveCfg = Debug|x64
		{EAFA9427-D9FC-45AC-908C-30CE59DCB957}.Debug|x64.Build.0 = Debug|x64
		{EAFA9427-D9FC-45AC-908C-30CE59DCB957}.Debug|x86.ActiveCfg = Debug|x86
		{EAFA9427-D9FC-45AC-908C-30CE59DCB957}.Debug|x86.Build.0 = Debug|x86
		{EAFA9427-D9FC-45AC-908C-30CE59DCB957}.Release|Any CPU.ActiveCfg = Release|Any CPU
		{EAFA9427-D9FC-45AC-908C-30CE59DCB957}.Release|Any CPU.Build.0 = Release|Any CPU
		{EAFA9427-D9FC-45AC-908C-30CE59DCB957}.Release|x64.ActiveCfg = Release|x64
		{EAFA9427-D9FC-45AC-908C-30CE59DCB957}.Release|x64.Build.0 = Release|x64
		{EAFA9427-D9FC-45AC-908C-30CE59DCB957}.Release|x86.ActiveCfg = Release|x86
		{EAFA9427-D9FC-45AC-908C-30CE59DCB957}.Release|x86.Build.0 = Release|x86
		{40B42F27-6758-4997-94CA-472DABC73323}.Debug|Any CPU.ActiveCfg = Debug|x86
		{40B42F27-6758-4997-94CA-472DABC73323}.Debug|Any CPU.Build.0 = Debug|x86
		{40B42F27-6758-4997-94CA-472DABC73323}.Debug|x64.ActiveCfg = Debug|x64
		{40B42F27-6758-4997-94CA-472DABC73323}.Debug|x64.Build.0 = Debug|x64
		{40B42F27-6758-4997-94CA-472DABC73323}.Debug|x86.ActiveCfg = Debug|x86
		{40B42F27-6758-4997-94CA-472DABC73323}.Debug|x86.Build.0 = Debug|x86
		{40B42F27-6758-4997-94CA-472DABC73323}.Release|Any CPU.ActiveCfg = Release|Any CPU
		{40B42F27-6758-4997-94CA-472DABC73323}.Release|Any CPU.Build.0 = Release|Any CPU
		{40B42F27-6758-4997-94CA-472DABC73323}.Release|x64.ActiveCfg = Release|x64
		{40B42F27-6758-4997-94CA-472DABC73323}.Release|x64.Build.0 = Release|x64
		{40B42F27-6758-4997-94CA-472DABC73323}.Release|x86.ActiveCfg = Release|x86
		{40B42F27-6758-4997-94CA-472DABC73323}.Release|x86.Build.0 = Release|x86
		{CF09C015-11D7-4E97-8A29-7FA4922C8A46}.Debug|Any CPU.ActiveCfg = Debug|x86
		{CF09C015-11D7-4E97-8A29-7FA4922C8A46}.Debug|Any CPU.Build.0 = Debug|x86
		{CF09C015-11D7-4E97-8A29-7FA4922C8A46}.Debug|x64.ActiveCfg = Debug|x64
		{CF09C015-11D7-4E97-8A29-7FA4922C8A46}.Debug|x64.Build.0 = Debug|x64
		{CF09C015-11D7-4E97-8A29-7FA4922C8A46}.Debug|x86.ActiveCfg = Debug|x86
		{CF09C015-11D7-4E97-8A29-7FA4922C8A46}.Debug|x86.Build.0 = Debug|x86
		{CF09C015-11D7-4E97-8A29-7FA4922C8A46}.Release|Any CPU.ActiveCfg = Release|Any CPU
		{CF09C015-11D7-4E97-8A29-7FA4922C8A46}.Release|Any CPU.Build.0 = Release|Any CPU
		{CF09C015-11D7-4E97-8A29-7FA4922C8A46}.Release|x64.ActiveCfg = Release|x64
		{CF09C015-11D7-4E97-8A29-7FA4922C8A46}.Release|x64.Build.0 = Release|x64
		{CF09C015-11D7-4E97-8A29-7FA4922C8A46}.Release|x86.ActiveCfg = Release|x86
		{CF09C015-11D7-4E97-8A29-7FA4922C8A46}.Release|x86.Build.0 = Release|x86
		{C7A43F84-5749-4D10-8C12-46FFCB1CCB21}.Debug|Any CPU.ActiveCfg = Debug|x86
		{C7A43F84-5749-4D10-8C12-46FFCB1CCB21}.Debug|Any CPU.Build.0 = Debug|x86
		{C7A43F84-5749-4D10-8C12-46FFCB1CCB21}.Debug|x64.ActiveCfg = Debug|x64
		{C7A43F84-5749-4D10-8C12-46FFCB1CCB21}.Debug|x64.Build.0 = Debug|x64
		{C7A43F84-5749-4D10-8C12-46FFCB1CCB21}.Debug|x86.ActiveCfg = Debug|x86
		{C7A43F84-5749-4D10-8C12-46FFCB1CCB21}.Debug|x86.Build.0 = Debug|x86
		{C7A43F84-5749-4D10-8C12-46FFCB1CCB21}.Release|Any CPU.ActiveCfg = Release|x86
		{C7A43F84-5749-4D10-8C12-46FFCB1CCB21}.Release|Any CPU.Build.0 = Release|x86
		{C7A43F84-5749-4D10-8C12-46FFCB1CCB21}.Release|x64.ActiveCfg = Release|x64
		{C7A43F84-5749-4D10-8C12-46FFCB1CCB21}.Release|x64.Build.0 = Release|x64
		{C7A43F84-5749-4D10-8C12-46FFCB1CCB21}.Release|x86.ActiveCfg = Release|x86
		{C7A43F84-5749-4D10-8C12-46FFCB1CCB21}.Release|x86.Build.0 = Release|x86
		{F1C6583A-8DAC-453B-AC68-FD2BDD0F4C6A}.Debug|Any CPU.ActiveCfg = Debug|x86
		{F1C6583A-8DAC-453B-AC68-FD2BDD0F4C6A}.Debug|Any CPU.Build.0 = Debug|x86
		{F1C6583A-8DAC-453B-AC68-FD2BDD0F4C6A}.Debug|x64.ActiveCfg = Debug|x64
		{F1C6583A-8DAC-453B-AC68-FD2BDD0F4C6A}.Debug|x64.Build.0 = Debug|x64
		{F1C6583A-8DAC-453B-AC68-FD2BDD0F4C6A}.Debug|x86.ActiveCfg = Debug|x86
		{F1C6583A-8DAC-453B-AC68-FD2BDD0F4C6A}.Debug|x86.Build.0 = Debug|x86
		{F1C6583A-8DAC-453B-AC68-FD2BDD0F4C6A}.Release|Any CPU.ActiveCfg = Release|Any CPU
		{F1C6583A-8DAC-453B-AC68-FD2BDD0F4C6A}.Release|Any CPU.Build.0 = Release|Any CPU
		{F1C6583A-8DAC-453B-AC68-FD2BDD0F4C6A}.Release|x64.ActiveCfg = Release|x64
		{F1C6583A-8DAC-453B-AC68-FD2BDD0F4C6A}.Release|x64.Build.0 = Release|x64
		{F1C6583A-8DAC-453B-AC68-FD2BDD0F4C6A}.Release|x86.ActiveCfg = Release|x86
		{F1C6583A-8DAC-453B-AC68-FD2BDD0F4C6A}.Release|x86.Build.0 = Release|x86
		{A096236C-4FE9-4D55-B82C-A5BD9DF56D00}.Debug|Any CPU.ActiveCfg = Debug|x86
		{A096236C-4FE9-4D55-B82C-A5BD9DF56D00}.Debug|Any CPU.Build.0 = Debug|x86
		{A096236C-4FE9-4D55-B82C-A5BD9DF56D00}.Debug|x64.ActiveCfg = Debug|x64
		{A096236C-4FE9-4D55-B82C-A5BD9DF56D00}.Debug|x64.Build.0 = Debug|x64
		{A096236C-4FE9-4D55-B82C-A5BD9DF56D00}.Debug|x86.ActiveCfg = Debug|x86
		{A096236C-4FE9-4D55-B82C-A5BD9DF56D00}.Debug|x86.Build.0 = Debug|x86
		{A096236C-4FE9-4D55-B82C-A5BD9DF56D00}.Release|Any CPU.ActiveCfg = Release|Any CPU
		{A096236C-4FE9-4D55-B82C-A5BD9DF56D00}.Release|Any CPU.Build.0 = Release|Any CPU
		{A096236C-4FE9-4D55-B82C-A5BD9DF56D00}.Release|x64.ActiveCfg = Release|x64
		{A096236C-4FE9-4D55-B82C-A5BD9DF56D00}.Release|x64.Build.0 = Release|x64
		{A096236C-4FE9-4D55-B82C-A5BD9DF56D00}.Release|x86.ActiveCfg = Release|x86
		{A096236C-4FE9-4D55-B82C-A5BD9DF56D00}.Release|x86.Build.0 = Release|x86
	EndGlobalSection
	GlobalSection(SolutionProperties) = preSolution
		HideSolutionNode = FALSE
	EndGlobalSection
	GlobalSection(NestedProjects) = preSolution
		{05C0E1FD-697C-47E2-AC1B-3A42601FB121} = {C4916DC9-2C1C-4BBD-8614-FF647A000ABD}
		{76ED10F9-39BE-4F35-B51C-D21DA2C21223} = {C4916DC9-2C1C-4BBD-8614-FF647A000ABD}
		{AEA0E0A2-6A30-4679-84F8-71C85D44AE9E} = {C4916DC9-2C1C-4BBD-8614-FF647A000ABD}
		{C04384EF-8C89-4209-97A5-E7E16D68B4FF} = {C4916DC9-2C1C-4BBD-8614-FF647A000ABD}
		{40B42F27-6758-4997-94CA-472DABC73323} = {C4916DC9-2C1C-4BBD-8614-FF647A000ABD}
		{F1C6583A-8DAC-453B-AC68-FD2BDD0F4C6A} = {C4916DC9-2C1C-4BBD-8614-FF647A000ABD}
		{A096236C-4FE9-4D55-B82C-A5BD9DF56D00} = {C4916DC9-2C1C-4BBD-8614-FF647A000ABD}
		{C4B8FFDB-8A4F-42D3-9A05-A47DCF2E5647} = {8C493AE3-9EA8-4017-A82C-F75E5136696B}
		{43347176-9ED3-4F80-9C12-357014B19F6A} = {4C9A34E8-BC36-42E7-B618-39D31FBD9AAE}
		{BEFCAF70-0230-4929-9317-432CA8428269} = {B79D94D5-824A-43ED-BAC5-B742ABD19B86}
		{61CABE39-9826-4EC2-B8BB-42C83FA6F444} = {B79D94D5-824A-43ED-BAC5-B742ABD19B86}
		{D192F71B-2768-4035-98CD-D7B82C99EB84} = {B79D94D5-824A-43ED-BAC5-B742ABD19B86}
		{EAFA9427-D9FC-45AC-908C-30CE59DCB957} = {58B9323B-70B1-4EB4-866A-138A458AF26F}
		{C7A43F84-5749-4D10-8C12-46FFCB1CCB21} = {703E9CDE-5104-4655-A1FC-E77DFB569EBC}
	EndGlobalSection
EndGlobal
