
Microsoft Visual Studio Solution File, Format Version 11.00
# Visual Studio 2010
Project("{2150E333-8FDC-42A3-9474-1A3956D46DE8}") = "Tools", "Tools", "{92CBFD32-5276-43E9-8F79-ABD3B1E00A88}"
EndProject
Project("{2150E333-8FDC-42A3-9474-1A3956D46DE8}") = "Products", "Products", "{0587FB5C-8B44-4552-AC1E-99EFBB33A263}"
EndProject
Project("{FAE04EC0-301F-11D3-BF4B-00C04F79EFBC}") = "Generator", "Source\Tools\Generator\Generator.csproj", "{9523BE04-7228-413E-993D-7D741A685B4F}"
EndProject
Project("{FAE04EC0-301F-11D3-BF4B-00C04F79EFBC}") = "SlimDX.DXGI", "Source\Products\SlimDX.DXGI\SlimDX.DXGI.csproj", "{E3444A70-DF09-4610-9393-B5D7467DF705}"
	ProjectSection(ProjectDependencies) = postProject
		{9523BE04-7228-413E-993D-7D741A685B4F} = {9523BE04-7228-413E-993D-7D741A685B4F}
	EndProjectSection
EndProject
Project("{FAE04EC0-301F-11D3-BF4B-00C04F79EFBC}") = "SlimDX", "Source\Products\SlimDX\SlimDX.csproj", "{A774A428-009F-4E4D-ABF2-F7E181DAA2E3}"
EndProject
Project("{2150E333-8FDC-42A3-9474-1A3956D46DE8}") = "Samples", "Samples", "{8A99494E-F059-4CFE-BF85-A68D639715D2}"
EndProject
Project("{FAE04EC0-301F-11D3-BF4B-00C04F79EFBC}") = "MiniTri11", "Source\Samples\MiniTri11\MiniTri11.csproj", "{661DD63B-5F92-440A-8AEE-6C85F2C18574}"
EndProject
Project("{FAE04EC0-301F-11D3-BF4B-00C04F79EFBC}") = "SlimDX.Direct3D11", "Source\Products\SlimDX.Direct3D11\SlimDX.Direct3D11.csproj", "{7D81E4D9-3C71-42A5-B4D4-2F80CEFF3187}"
EndProject
Project("{FAE04EC0-301F-11D3-BF4B-00C04F79EFBC}") = "SlimDX.ShaderCompiler", "Source\Products\SlimDX.ShaderCompiler\SlimDX.ShaderCompiler.csproj", "{823E594A-F381-4EB3-8318-77BC2656EDD3}"
	ProjectSection(ProjectDependencies) = postProject
		{9523BE04-7228-413E-993D-7D741A685B4F} = {9523BE04-7228-413E-993D-7D741A685B4F}
	EndProjectSection
EndProject
Global
	GlobalSection(SolutionConfigurationPlatforms) = preSolution
		Debug|Any CPU = Debug|Any CPU
		Release|Any CPU = Release|Any CPU
	EndGlobalSection
	GlobalSection(ProjectConfigurationPlatforms) = postSolution
		{9523BE04-7228-413E-993D-7D741A685B4F}.Debug|Any CPU.ActiveCfg = Debug|Any CPU
		{9523BE04-7228-413E-993D-7D741A685B4F}.Debug|Any CPU.Build.0 = Debug|Any CPU
		{9523BE04-7228-413E-993D-7D741A685B4F}.Release|Any CPU.ActiveCfg = Release|Any CPU
		{9523BE04-7228-413E-993D-7D741A685B4F}.Release|Any CPU.Build.0 = Release|Any CPU
		{E3444A70-DF09-4610-9393-B5D7467DF705}.Debug|Any CPU.ActiveCfg = Debug|Any CPU
		{E3444A70-DF09-4610-9393-B5D7467DF705}.Debug|Any CPU.Build.0 = Debug|Any CPU
		{E3444A70-DF09-4610-9393-B5D7467DF705}.Release|Any CPU.ActiveCfg = Release|Any CPU
		{E3444A70-DF09-4610-9393-B5D7467DF705}.Release|Any CPU.Build.0 = Release|Any CPU
		{A774A428-009F-4E4D-ABF2-F7E181DAA2E3}.Debug|Any CPU.ActiveCfg = Debug|Any CPU
		{A774A428-009F-4E4D-ABF2-F7E181DAA2E3}.Debug|Any CPU.Build.0 = Debug|Any CPU
		{A774A428-009F-4E4D-ABF2-F7E181DAA2E3}.Release|Any CPU.ActiveCfg = Release|Any CPU
		{A774A428-009F-4E4D-ABF2-F7E181DAA2E3}.Release|Any CPU.Build.0 = Release|Any CPU
		{661DD63B-5F92-440A-8AEE-6C85F2C18574}.Debug|Any CPU.ActiveCfg = Debug|Any CPU
		{661DD63B-5F92-440A-8AEE-6C85F2C18574}.Debug|Any CPU.Build.0 = Debug|Any CPU
		{661DD63B-5F92-440A-8AEE-6C85F2C18574}.Release|Any CPU.ActiveCfg = Release|Any CPU
		{661DD63B-5F92-440A-8AEE-6C85F2C18574}.Release|Any CPU.Build.0 = Release|Any CPU
		{7D81E4D9-3C71-42A5-B4D4-2F80CEFF3187}.Debug|Any CPU.ActiveCfg = Debug|Any CPU
		{7D81E4D9-3C71-42A5-B4D4-2F80CEFF3187}.Debug|Any CPU.Build.0 = Debug|Any CPU
		{7D81E4D9-3C71-42A5-B4D4-2F80CEFF3187}.Release|Any CPU.ActiveCfg = Release|Any CPU
		{7D81E4D9-3C71-42A5-B4D4-2F80CEFF3187}.Release|Any CPU.Build.0 = Release|Any CPU
		{823E594A-F381-4EB3-8318-77BC2656EDD3}.Debug|Any CPU.ActiveCfg = Debug|Any CPU
		{823E594A-F381-4EB3-8318-77BC2656EDD3}.Debug|Any CPU.Build.0 = Debug|Any CPU
		{823E594A-F381-4EB3-8318-77BC2656EDD3}.Release|Any CPU.ActiveCfg = Release|Any CPU
		{823E594A-F381-4EB3-8318-77BC2656EDD3}.Release|Any CPU.Build.0 = Release|Any CPU
	EndGlobalSection
	GlobalSection(SolutionProperties) = preSolution
		HideSolutionNode = FALSE
	EndGlobalSection
	GlobalSection(NestedProjects) = preSolution
		{9523BE04-7228-413E-993D-7D741A685B4F} = {92CBFD32-5276-43E9-8F79-ABD3B1E00A88}
		{E3444A70-DF09-4610-9393-B5D7467DF705} = {0587FB5C-8B44-4552-AC1E-99EFBB33A263}
		{A774A428-009F-4E4D-ABF2-F7E181DAA2E3} = {0587FB5C-8B44-4552-AC1E-99EFBB33A263}
		{7D81E4D9-3C71-42A5-B4D4-2F80CEFF3187} = {0587FB5C-8B44-4552-AC1E-99EFBB33A263}
		{823E594A-F381-4EB3-8318-77BC2656EDD3} = {0587FB5C-8B44-4552-AC1E-99EFBB33A263}
		{661DD63B-5F92-440A-8AEE-6C85F2C18574} = {8A99494E-F059-4CFE-BF85-A68D639715D2}
	EndGlobalSection
EndGlobal
