
Microsoft Visual Studio Solution File, Format Version 10.00
# Visual Studio 2008
Project("{FAE04EC0-301F-11D3-BF4B-00C04F79EFBC}") = "LineCounter", "LineCounter\LineCounter.csproj", "{AEB31864-2DE4-44CE-8110-D7891A80D9B2}"
EndProject
Global
	GlobalSection(SolutionConfigurationPlatforms) = preSolution
		Debug|Any CPU = Debug|Any CPU
		Release|Any CPU = Release|Any CPU
	EndGlobalSection
	GlobalSection(ProjectConfigurationPlatforms) = postSolution
		{AEB31864-2DE4-44CE-8110-D7891A80D9B2}.Debug|Any CPU.ActiveCfg = Debug|Any CPU
		{AEB31864-2DE4-44CE-8110-D7891A80D9B2}.Debug|Any CPU.Build.0 = Debug|Any CPU
		{AEB31864-2DE4-44CE-8110-D7891A80D9B2}.Release|Any CPU.ActiveCfg = Release|Any CPU
		{AEB31864-2DE4-44CE-8110-D7891A80D9B2}.Release|Any CPU.Build.0 = Release|Any CPU
	EndGlobalSection
	GlobalSection(SolutionProperties) = preSolution
		HideSolutionNode = FALSE
	EndGlobalSection
EndGlobal
