
Microsoft Visual Studio Solution File, Format Version 11.00
# Visual Studio 2010
Project("{2150E333-8FDC-42A3-9474-1A3956D46DE8}") = "Tools", "Tools", "{92CBFD32-5276-43E9-8F79-ABD3B1E00A88}"
EndProject
Project("{FAE04EC0-301F-11D3-BF4B-00C04F79EFBC}") = "XIDL", "Source\XIDL\XIDL.csproj", "{19435A18-0C26-4534-8987-96E555BD2EFC}"
EndProject
Project("{FAE04EC0-301F-11D3-BF4B-00C04F79EFBC}") = "Parser", "Source\Parser\Parser.csproj", "{AD55612F-453A-40FC-80D7-CC19528E57B5}"
EndProject
Project("{FAE04EC0-301F-11D3-BF4B-00C04F79EFBC}") = "Generator", "Source\Generator\Generator.csproj", "{28A3D3D8-5BD1-4457-BB4E-540700E00AE5}"
	ProjectSection(ProjectDependencies) = postProject
		{AD55612F-453A-40FC-80D7-CC19528E57B5} = {AD55612F-453A-40FC-80D7-CC19528E57B5}
	EndProjectSection
EndProject
Project("{2150E333-8FDC-42A3-9474-1A3956D46DE8}") = "Build", "Build", "{0E79FEFA-5FDD-456C-9383-4859F1671CCD}"
	ProjectSection(SolutionItems) = preProject
		build.proj = build.proj
	EndProjectSection
EndProject
Project("{2150E333-8FDC-42A3-9474-1A3956D46DE8}") = "Products", "Products", "{0587FB5C-8B44-4552-AC1E-99EFBB33A263}"
EndProject
Project("{FAE04EC0-301F-11D3-BF4B-00C04F79EFBC}") = "SlimDX", "Source\SlimDX\SlimDX.csproj", "{CE5194D5-30A4-43A4-BF7A-7AC0C1988224}"
	ProjectSection(ProjectDependencies) = postProject
		{28A3D3D8-5BD1-4457-BB4E-540700E00AE5} = {28A3D3D8-5BD1-4457-BB4E-540700E00AE5}
	EndProjectSection
EndProject
Project("{FAE04EC0-301F-11D3-BF4B-00C04F79EFBC}") = "SlimDX.D3DCompiler", "Source\SlimDX.D3DCompiler\SlimDX.D3DCompiler.csproj", "{2BC0D3FF-D3B0-44F2-8ECE-37768BF3E812}"
	ProjectSection(ProjectDependencies) = postProject
		{CE5194D5-30A4-43A4-BF7A-7AC0C1988224} = {CE5194D5-30A4-43A4-BF7A-7AC0C1988224}
	EndProjectSection
EndProject
Project("{FAE04EC0-301F-11D3-BF4B-00C04F79EFBC}") = "SlimDX.DXGI", "Source\SlimDX.DXGI\SlimDX.DXGI.csproj", "{D4D38A41-0729-4606-A54E-EB0B0E07C836}"
	ProjectSection(ProjectDependencies) = postProject
		{CE5194D5-30A4-43A4-BF7A-7AC0C1988224} = {CE5194D5-30A4-43A4-BF7A-7AC0C1988224}
	EndProjectSection
EndProject
Project("{FAE04EC0-301F-11D3-BF4B-00C04F79EFBC}") = "SlimDX.Direct3D9", "Source\SlimDX.Direct3D9\SlimDX.Direct3D9.csproj", "{4F5A65E9-FAB7-45C6-8CA1-A76228083EF7}"
	ProjectSection(ProjectDependencies) = postProject
		{CE5194D5-30A4-43A4-BF7A-7AC0C1988224} = {CE5194D5-30A4-43A4-BF7A-7AC0C1988224}
	EndProjectSection
EndProject
Project("{FAE04EC0-301F-11D3-BF4B-00C04F79EFBC}") = "SlimDX.Direct3D10", "Source\SlimDX.Direct3D10\SlimDX.Direct3D10.csproj", "{C7077731-5949-43F7-940D-0F393475652C}"
EndProject
Project("{FAE04EC0-301F-11D3-BF4B-00C04F79EFBC}") = "SlimDX.Direct3D11", "Source\SlimDX.Direct3D11\SlimDX.Direct3D11.csproj", "{5DC49E2D-54E0-4C41-9F6B-D936B78600F2}"
EndProject
Global
	GlobalSection(SolutionConfigurationPlatforms) = preSolution
		Debug|Any CPU = Debug|Any CPU
		Debug|Mixed Platforms = Debug|Mixed Platforms
		Debug|Win32 = Debug|Win32
		Debug|x64 = Debug|x64
		Debug|x86 = Debug|x86
		Release|Any CPU = Release|Any CPU
		Release|Mixed Platforms = Release|Mixed Platforms
		Release|Win32 = Release|Win32
		Release|x64 = Release|x64
		Release|x86 = Release|x86
	EndGlobalSection
	GlobalSection(ProjectConfigurationPlatforms) = postSolution
		{19435A18-0C26-4534-8987-96E555BD2EFC}.Debug|Any CPU.ActiveCfg = Debug|Any CPU
		{19435A18-0C26-4534-8987-96E555BD2EFC}.Debug|Any CPU.Build.0 = Debug|Any CPU
		{19435A18-0C26-4534-8987-96E555BD2EFC}.Debug|Mixed Platforms.ActiveCfg = Debug|Any CPU
		{19435A18-0C26-4534-8987-96E555BD2EFC}.Debug|Mixed Platforms.Build.0 = Debug|Any CPU
		{19435A18-0C26-4534-8987-96E555BD2EFC}.Debug|Win32.ActiveCfg = Debug|Any CPU
		{19435A18-0C26-4534-8987-96E555BD2EFC}.Debug|x64.ActiveCfg = Debug|Any CPU
		{19435A18-0C26-4534-8987-96E555BD2EFC}.Debug|x64.Build.0 = Debug|Any CPU
		{19435A18-0C26-4534-8987-96E555BD2EFC}.Debug|x86.ActiveCfg = Debug|x86
		{19435A18-0C26-4534-8987-96E555BD2EFC}.Debug|x86.Build.0 = Debug|x86
		{19435A18-0C26-4534-8987-96E555BD2EFC}.Release|Any CPU.ActiveCfg = Release|Any CPU
		{19435A18-0C26-4534-8987-96E555BD2EFC}.Release|Any CPU.Build.0 = Release|Any CPU
		{19435A18-0C26-4534-8987-96E555BD2EFC}.Release|Mixed Platforms.ActiveCfg = Release|Any CPU
		{19435A18-0C26-4534-8987-96E555BD2EFC}.Release|Mixed Platforms.Build.0 = Release|Any CPU
		{19435A18-0C26-4534-8987-96E555BD2EFC}.Release|Win32.ActiveCfg = Release|x86
		{19435A18-0C26-4534-8987-96E555BD2EFC}.Release|Win32.Build.0 = Release|x86
		{19435A18-0C26-4534-8987-96E555BD2EFC}.Release|x64.ActiveCfg = Release|x86
		{19435A18-0C26-4534-8987-96E555BD2EFC}.Release|x64.Build.0 = Release|x86
		{19435A18-0C26-4534-8987-96E555BD2EFC}.Release|x86.ActiveCfg = Release|x86
		{19435A18-0C26-4534-8987-96E555BD2EFC}.Release|x86.Build.0 = Release|x86
		{AD55612F-453A-40FC-80D7-CC19528E57B5}.Debug|Any CPU.ActiveCfg = Debug|x86
		{AD55612F-453A-40FC-80D7-CC19528E57B5}.Debug|Any CPU.Build.0 = Debug|x86
		{AD55612F-453A-40FC-80D7-CC19528E57B5}.Debug|Mixed Platforms.ActiveCfg = Debug|x86
		{AD55612F-453A-40FC-80D7-CC19528E57B5}.Debug|Mixed Platforms.Build.0 = Debug|x86
		{AD55612F-453A-40FC-80D7-CC19528E57B5}.Debug|Win32.ActiveCfg = Debug|x86
		{AD55612F-453A-40FC-80D7-CC19528E57B5}.Debug|Win32.Build.0 = Debug|x86
		{AD55612F-453A-40FC-80D7-CC19528E57B5}.Debug|x64.ActiveCfg = Debug|x86
		{AD55612F-453A-40FC-80D7-CC19528E57B5}.Debug|x64.Build.0 = Debug|x86
		{AD55612F-453A-40FC-80D7-CC19528E57B5}.Debug|x86.ActiveCfg = Debug|x86
		{AD55612F-453A-40FC-80D7-CC19528E57B5}.Debug|x86.Build.0 = Debug|x86
		{AD55612F-453A-40FC-80D7-CC19528E57B5}.Release|Any CPU.ActiveCfg = Release|x86
		{AD55612F-453A-40FC-80D7-CC19528E57B5}.Release|Any CPU.Build.0 = Release|x86
		{AD55612F-453A-40FC-80D7-CC19528E57B5}.Release|Mixed Platforms.ActiveCfg = Release|x86
		{AD55612F-453A-40FC-80D7-CC19528E57B5}.Release|Mixed Platforms.Build.0 = Release|x86
		{AD55612F-453A-40FC-80D7-CC19528E57B5}.Release|Win32.ActiveCfg = Release|x86
		{AD55612F-453A-40FC-80D7-CC19528E57B5}.Release|Win32.Build.0 = Release|x86
		{AD55612F-453A-40FC-80D7-CC19528E57B5}.Release|x64.ActiveCfg = Release|x86
		{AD55612F-453A-40FC-80D7-CC19528E57B5}.Release|x64.Build.0 = Release|x86
		{AD55612F-453A-40FC-80D7-CC19528E57B5}.Release|x86.ActiveCfg = Release|x86
		{AD55612F-453A-40FC-80D7-CC19528E57B5}.Release|x86.Build.0 = Release|x86
		{28A3D3D8-5BD1-4457-BB4E-540700E00AE5}.Debug|Any CPU.ActiveCfg = Debug|x86
		{28A3D3D8-5BD1-4457-BB4E-540700E00AE5}.Debug|Any CPU.Build.0 = Debug|x86
		{28A3D3D8-5BD1-4457-BB4E-540700E00AE5}.Debug|Mixed Platforms.ActiveCfg = Debug|x86
		{28A3D3D8-5BD1-4457-BB4E-540700E00AE5}.Debug|Mixed Platforms.Build.0 = Debug|x86
		{28A3D3D8-5BD1-4457-BB4E-540700E00AE5}.Debug|Win32.ActiveCfg = Debug|x86
		{28A3D3D8-5BD1-4457-BB4E-540700E00AE5}.Debug|Win32.Build.0 = Debug|x86
		{28A3D3D8-5BD1-4457-BB4E-540700E00AE5}.Debug|x64.ActiveCfg = Debug|x86
		{28A3D3D8-5BD1-4457-BB4E-540700E00AE5}.Debug|x64.Build.0 = Debug|x86
		{28A3D3D8-5BD1-4457-BB4E-540700E00AE5}.Debug|x86.ActiveCfg = Debug|x86
		{28A3D3D8-5BD1-4457-BB4E-540700E00AE5}.Debug|x86.Build.0 = Debug|x86
		{28A3D3D8-5BD1-4457-BB4E-540700E00AE5}.Release|Any CPU.ActiveCfg = Release|x86
		{28A3D3D8-5BD1-4457-BB4E-540700E00AE5}.Release|Any CPU.Build.0 = Release|x86
		{28A3D3D8-5BD1-4457-BB4E-540700E00AE5}.Release|Mixed Platforms.ActiveCfg = Release|x86
		{28A3D3D8-5BD1-4457-BB4E-540700E00AE5}.Release|Mixed Platforms.Build.0 = Release|x86
		{28A3D3D8-5BD1-4457-BB4E-540700E00AE5}.Release|Win32.ActiveCfg = Release|x86
		{28A3D3D8-5BD1-4457-BB4E-540700E00AE5}.Release|Win32.Build.0 = Release|x86
		{28A3D3D8-5BD1-4457-BB4E-540700E00AE5}.Release|x64.ActiveCfg = Release|x86
		{28A3D3D8-5BD1-4457-BB4E-540700E00AE5}.Release|x64.Build.0 = Release|x86
		{28A3D3D8-5BD1-4457-BB4E-540700E00AE5}.Release|x86.ActiveCfg = Release|x86
		{28A3D3D8-5BD1-4457-BB4E-540700E00AE5}.Release|x86.Build.0 = Release|x86
		{CE5194D5-30A4-43A4-BF7A-7AC0C1988224}.Debug|Any CPU.ActiveCfg = Debug|Any CPU
		{CE5194D5-30A4-43A4-BF7A-7AC0C1988224}.Debug|Any CPU.Build.0 = Debug|Any CPU
		{CE5194D5-30A4-43A4-BF7A-7AC0C1988224}.Debug|Mixed Platforms.ActiveCfg = Debug|Any CPU
		{CE5194D5-30A4-43A4-BF7A-7AC0C1988224}.Debug|Mixed Platforms.Build.0 = Debug|Any CPU
		{CE5194D5-30A4-43A4-BF7A-7AC0C1988224}.Debug|Win32.ActiveCfg = Debug|Any CPU
		{CE5194D5-30A4-43A4-BF7A-7AC0C1988224}.Debug|x64.ActiveCfg = Debug|x64
		{CE5194D5-30A4-43A4-BF7A-7AC0C1988224}.Debug|x64.Build.0 = Debug|x64
		{CE5194D5-30A4-43A4-BF7A-7AC0C1988224}.Debug|x86.ActiveCfg = Debug|x86
		{CE5194D5-30A4-43A4-BF7A-7AC0C1988224}.Debug|x86.Build.0 = Debug|x86
		{CE5194D5-30A4-43A4-BF7A-7AC0C1988224}.Release|Any CPU.ActiveCfg = Release|Any CPU
		{CE5194D5-30A4-43A4-BF7A-7AC0C1988224}.Release|Any CPU.Build.0 = Release|Any CPU
		{CE5194D5-30A4-43A4-BF7A-7AC0C1988224}.Release|Mixed Platforms.ActiveCfg = Release|Any CPU
		{CE5194D5-30A4-43A4-BF7A-7AC0C1988224}.Release|Mixed Platforms.Build.0 = Release|Any CPU
		{CE5194D5-30A4-43A4-BF7A-7AC0C1988224}.Release|Win32.ActiveCfg = Release|x86
		{CE5194D5-30A4-43A4-BF7A-7AC0C1988224}.Release|Win32.Build.0 = Release|x86
		{CE5194D5-30A4-43A4-BF7A-7AC0C1988224}.Release|x64.ActiveCfg = Release|x64
		{CE5194D5-30A4-43A4-BF7A-7AC0C1988224}.Release|x64.Build.0 = Release|x64
		{CE5194D5-30A4-43A4-BF7A-7AC0C1988224}.Release|x86.ActiveCfg = Release|x86
		{CE5194D5-30A4-43A4-BF7A-7AC0C1988224}.Release|x86.Build.0 = Release|x86
		{2BC0D3FF-D3B0-44F2-8ECE-37768BF3E812}.Debug|Any CPU.ActiveCfg = Debug|Any CPU
		{2BC0D3FF-D3B0-44F2-8ECE-37768BF3E812}.Debug|Any CPU.Build.0 = Debug|Any CPU
		{2BC0D3FF-D3B0-44F2-8ECE-37768BF3E812}.Debug|Mixed Platforms.ActiveCfg = Debug|Any CPU
		{2BC0D3FF-D3B0-44F2-8ECE-37768BF3E812}.Debug|Mixed Platforms.Build.0 = Debug|Any CPU
		{2BC0D3FF-D3B0-44F2-8ECE-37768BF3E812}.Debug|Win32.ActiveCfg = Debug|Any CPU
		{2BC0D3FF-D3B0-44F2-8ECE-37768BF3E812}.Debug|x64.ActiveCfg = Debug|Any CPU
		{2BC0D3FF-D3B0-44F2-8ECE-37768BF3E812}.Debug|x86.ActiveCfg = Debug|Any CPU
		{2BC0D3FF-D3B0-44F2-8ECE-37768BF3E812}.Release|Any CPU.ActiveCfg = Release|Any CPU
		{2BC0D3FF-D3B0-44F2-8ECE-37768BF3E812}.Release|Any CPU.Build.0 = Release|Any CPU
		{2BC0D3FF-D3B0-44F2-8ECE-37768BF3E812}.Release|Mixed Platforms.ActiveCfg = Release|Any CPU
		{2BC0D3FF-D3B0-44F2-8ECE-37768BF3E812}.Release|Mixed Platforms.Build.0 = Release|Any CPU
		{2BC0D3FF-D3B0-44F2-8ECE-37768BF3E812}.Release|Win32.ActiveCfg = Release|Any CPU
		{2BC0D3FF-D3B0-44F2-8ECE-37768BF3E812}.Release|x64.ActiveCfg = Release|Any CPU
		{2BC0D3FF-D3B0-44F2-8ECE-37768BF3E812}.Release|x86.ActiveCfg = Release|Any CPU
		{D4D38A41-0729-4606-A54E-EB0B0E07C836}.Debug|Any CPU.ActiveCfg = Debug|Any CPU
		{D4D38A41-0729-4606-A54E-EB0B0E07C836}.Debug|Any CPU.Build.0 = Debug|Any CPU
		{D4D38A41-0729-4606-A54E-EB0B0E07C836}.Debug|Mixed Platforms.ActiveCfg = Debug|Any CPU
		{D4D38A41-0729-4606-A54E-EB0B0E07C836}.Debug|Mixed Platforms.Build.0 = Debug|Any CPU
		{D4D38A41-0729-4606-A54E-EB0B0E07C836}.Debug|Win32.ActiveCfg = Debug|Any CPU
		{D4D38A41-0729-4606-A54E-EB0B0E07C836}.Debug|x64.ActiveCfg = Debug|Any CPU
		{D4D38A41-0729-4606-A54E-EB0B0E07C836}.Debug|x86.ActiveCfg = Debug|Any CPU
		{D4D38A41-0729-4606-A54E-EB0B0E07C836}.Release|Any CPU.ActiveCfg = Release|Any CPU
		{D4D38A41-0729-4606-A54E-EB0B0E07C836}.Release|Any CPU.Build.0 = Release|Any CPU
		{D4D38A41-0729-4606-A54E-EB0B0E07C836}.Release|Mixed Platforms.ActiveCfg = Release|Any CPU
		{D4D38A41-0729-4606-A54E-EB0B0E07C836}.Release|Mixed Platforms.Build.0 = Release|Any CPU
		{D4D38A41-0729-4606-A54E-EB0B0E07C836}.Release|Win32.ActiveCfg = Release|Any CPU
		{D4D38A41-0729-4606-A54E-EB0B0E07C836}.Release|x64.ActiveCfg = Release|Any CPU
		{D4D38A41-0729-4606-A54E-EB0B0E07C836}.Release|x86.ActiveCfg = Release|Any CPU
		{4F5A65E9-FAB7-45C6-8CA1-A76228083EF7}.Debug|Any CPU.ActiveCfg = Debug|Any CPU
		{4F5A65E9-FAB7-45C6-8CA1-A76228083EF7}.Debug|Any CPU.Build.0 = Debug|Any CPU
		{4F5A65E9-FAB7-45C6-8CA1-A76228083EF7}.Debug|Mixed Platforms.ActiveCfg = Debug|Any CPU
		{4F5A65E9-FAB7-45C6-8CA1-A76228083EF7}.Debug|Mixed Platforms.Build.0 = Debug|Any CPU
		{4F5A65E9-FAB7-45C6-8CA1-A76228083EF7}.Debug|Win32.ActiveCfg = Debug|Any CPU
		{4F5A65E9-FAB7-45C6-8CA1-A76228083EF7}.Debug|x64.ActiveCfg = Debug|Any CPU
		{4F5A65E9-FAB7-45C6-8CA1-A76228083EF7}.Debug|x86.ActiveCfg = Debug|Any CPU
		{4F5A65E9-FAB7-45C6-8CA1-A76228083EF7}.Release|Any CPU.ActiveCfg = Release|Any CPU
		{4F5A65E9-FAB7-45C6-8CA1-A76228083EF7}.Release|Any CPU.Build.0 = Release|Any CPU
		{4F5A65E9-FAB7-45C6-8CA1-A76228083EF7}.Release|Mixed Platforms.ActiveCfg = Release|Any CPU
		{4F5A65E9-FAB7-45C6-8CA1-A76228083EF7}.Release|Mixed Platforms.Build.0 = Release|Any CPU
		{4F5A65E9-FAB7-45C6-8CA1-A76228083EF7}.Release|Win32.ActiveCfg = Release|Any CPU
		{4F5A65E9-FAB7-45C6-8CA1-A76228083EF7}.Release|x64.ActiveCfg = Release|Any CPU
		{4F5A65E9-FAB7-45C6-8CA1-A76228083EF7}.Release|x86.ActiveCfg = Release|Any CPU
		{C7077731-5949-43F7-940D-0F393475652C}.Debug|Any CPU.ActiveCfg = Debug|Any CPU
		{C7077731-5949-43F7-940D-0F393475652C}.Debug|Any CPU.Build.0 = Debug|Any CPU
		{C7077731-5949-43F7-940D-0F393475652C}.Debug|Mixed Platforms.ActiveCfg = Debug|Any CPU
		{C7077731-5949-43F7-940D-0F393475652C}.Debug|Mixed Platforms.Build.0 = Debug|Any CPU
		{C7077731-5949-43F7-940D-0F393475652C}.Debug|Win32.ActiveCfg = Debug|Any CPU
		{C7077731-5949-43F7-940D-0F393475652C}.Debug|x64.ActiveCfg = Debug|Any CPU
		{C7077731-5949-43F7-940D-0F393475652C}.Debug|x86.ActiveCfg = Debug|Any CPU
		{C7077731-5949-43F7-940D-0F393475652C}.Release|Any CPU.ActiveCfg = Release|Any CPU
		{C7077731-5949-43F7-940D-0F393475652C}.Release|Any CPU.Build.0 = Release|Any CPU
		{C7077731-5949-43F7-940D-0F393475652C}.Release|Mixed Platforms.ActiveCfg = Release|Any CPU
		{C7077731-5949-43F7-940D-0F393475652C}.Release|Mixed Platforms.Build.0 = Release|Any CPU
		{C7077731-5949-43F7-940D-0F393475652C}.Release|Win32.ActiveCfg = Release|Any CPU
		{C7077731-5949-43F7-940D-0F393475652C}.Release|x64.ActiveCfg = Release|Any CPU
		{C7077731-5949-43F7-940D-0F393475652C}.Release|x86.ActiveCfg = Release|Any CPU
		{5DC49E2D-54E0-4C41-9F6B-D936B78600F2}.Debug|Any CPU.ActiveCfg = Debug|Any CPU
		{5DC49E2D-54E0-4C41-9F6B-D936B78600F2}.Debug|Any CPU.Build.0 = Debug|Any CPU
		{5DC49E2D-54E0-4C41-9F6B-D936B78600F2}.Debug|Mixed Platforms.ActiveCfg = Debug|Any CPU
		{5DC49E2D-54E0-4C41-9F6B-D936B78600F2}.Debug|Mixed Platforms.Build.0 = Debug|Any CPU
		{5DC49E2D-54E0-4C41-9F6B-D936B78600F2}.Debug|Win32.ActiveCfg = Debug|Any CPU
		{5DC49E2D-54E0-4C41-9F6B-D936B78600F2}.Debug|x64.ActiveCfg = Debug|Any CPU
		{5DC49E2D-54E0-4C41-9F6B-D936B78600F2}.Debug|x86.ActiveCfg = Debug|Any CPU
		{5DC49E2D-54E0-4C41-9F6B-D936B78600F2}.Release|Any CPU.ActiveCfg = Release|Any CPU
		{5DC49E2D-54E0-4C41-9F6B-D936B78600F2}.Release|Any CPU.Build.0 = Release|Any CPU
		{5DC49E2D-54E0-4C41-9F6B-D936B78600F2}.Release|Mixed Platforms.ActiveCfg = Release|Any CPU
		{5DC49E2D-54E0-4C41-9F6B-D936B78600F2}.Release|Mixed Platforms.Build.0 = Release|Any CPU
		{5DC49E2D-54E0-4C41-9F6B-D936B78600F2}.Release|Win32.ActiveCfg = Release|Any CPU
		{5DC49E2D-54E0-4C41-9F6B-D936B78600F2}.Release|x64.ActiveCfg = Release|Any CPU
		{5DC49E2D-54E0-4C41-9F6B-D936B78600F2}.Release|x86.ActiveCfg = Release|Any CPU
	EndGlobalSection
	GlobalSection(SolutionProperties) = preSolution
		HideSolutionNode = FALSE
	EndGlobalSection
	GlobalSection(NestedProjects) = preSolution
		{19435A18-0C26-4534-8987-96E555BD2EFC} = {92CBFD32-5276-43E9-8F79-ABD3B1E00A88}
		{AD55612F-453A-40FC-80D7-CC19528E57B5} = {92CBFD32-5276-43E9-8F79-ABD3B1E00A88}
		{28A3D3D8-5BD1-4457-BB4E-540700E00AE5} = {92CBFD32-5276-43E9-8F79-ABD3B1E00A88}
		{CE5194D5-30A4-43A4-BF7A-7AC0C1988224} = {0587FB5C-8B44-4552-AC1E-99EFBB33A263}
		{2BC0D3FF-D3B0-44F2-8ECE-37768BF3E812} = {0587FB5C-8B44-4552-AC1E-99EFBB33A263}
		{D4D38A41-0729-4606-A54E-EB0B0E07C836} = {0587FB5C-8B44-4552-AC1E-99EFBB33A263}
		{4F5A65E9-FAB7-45C6-8CA1-A76228083EF7} = {0587FB5C-8B44-4552-AC1E-99EFBB33A263}
		{C7077731-5949-43F7-940D-0F393475652C} = {0587FB5C-8B44-4552-AC1E-99EFBB33A263}
		{5DC49E2D-54E0-4C41-9F6B-D936B78600F2} = {0587FB5C-8B44-4552-AC1E-99EFBB33A263}
	EndGlobalSection
EndGlobal
