
Microsoft Visual Studio Solution File, Format Version 11.00
# Visual Studio 2010
Project("{2150E333-8FDC-42A3-9474-1A3956D46DE8}") = "Tools", "Tools", "{92CBFD32-5276-43E9-8F79-ABD3B1E00A88}"
EndProject
Project("{FAE04EC0-301F-11D3-BF4B-00C04F79EFBC}") = "XIDL", "Source\XIDL\XIDL.csproj", "{19435A18-0C26-4534-8987-96E555BD2EFC}"
EndProject
Project("{FAE04EC0-301F-11D3-BF4B-00C04F79EFBC}") = "Parser", "Source\Parser\Parser.csproj", "{AD55612F-453A-40FC-80D7-CC19528E57B5}"
EndProject
Project("{FAE04EC0-301F-11D3-BF4B-00C04F79EFBC}") = "Generator", "Source\Generator\Generator.csproj", "{28A3D3D8-5BD1-4457-BB4E-540700E00AE5}"
	ProjectSection(ProjectDependencies) = postProject
		{AD55612F-453A-40FC-80D7-CC19528E57B5} = {AD55612F-453A-40FC-80D7-CC19528E57B5}
	EndProjectSection
EndProject
Project("{2150E333-8FDC-42A3-9474-1A3956D46DE8}") = "Build", "Build", "{0E79FEFA-5FDD-456C-9383-4859F1671CCD}"
	ProjectSection(SolutionItems) = preProject
		build.proj = build.proj
	EndProjectSection
EndProject
Project("{2150E333-8FDC-42A3-9474-1A3956D46DE8}") = "Products", "Products", "{0587FB5C-8B44-4552-AC1E-99EFBB33A263}"
EndProject
Project("{FAE04EC0-301F-11D3-BF4B-00C04F79EFBC}") = "SlimDX", "Source\SlimDX\SlimDX.csproj", "{CE5194D5-30A4-43A4-BF7A-7AC0C1988224}"
	ProjectSection(ProjectDependencies) = postProject
		{28A3D3D8-5BD1-4457-BB4E-540700E00AE5} = {28A3D3D8-5BD1-4457-BB4E-540700E00AE5}
	EndProjectSection
EndProject
Project("{FAE04EC0-301F-11D3-BF4B-00C04F79EFBC}") = "SlimDX.D3DCompiler", "Source\SlimDX.D3DCompiler\SlimDX.D3DCompiler.csproj", "{2BC0D3FF-D3B0-44F2-8ECE-37768BF3E812}"
	ProjectSection(ProjectDependencies) = postProject
		{CE5194D5-30A4-43A4-BF7A-7AC0C1988224} = {CE5194D5-30A4-43A4-BF7A-7AC0C1988224}
	EndProjectSection
EndProject
Project("{FAE04EC0-301F-11D3-BF4B-00C04F79EFBC}") = "SlimDX.DXGI", "Source\SlimDX.DXGI\SlimDX.DXGI.csproj", "{D4D38A41-0729-4606-A54E-EB0B0E07C836}"
	ProjectSection(ProjectDependencies) = postProject
		{CE5194D5-30A4-43A4-BF7A-7AC0C1988224} = {CE5194D5-30A4-43A4-BF7A-7AC0C1988224}
	EndProjectSection
EndProject
Project("{FAE04EC0-301F-11D3-BF4B-00C04F79EFBC}") = "SlimDX.Direct3D9", "Source\SlimDX.Direct3D9\SlimDX.Direct3D9.csproj", "{4F5A65E9-FAB7-45C6-8CA1-A76228083EF7}"
	ProjectSection(ProjectDependencies) = postProject
		{CE5194D5-30A4-43A4-BF7A-7AC0C1988224} = {CE5194D5-30A4-43A4-BF7A-7AC0C1988224}
	EndProjectSection
EndProject
Project("{FAE04EC0-301F-11D3-BF4B-00C04F79EFBC}") = "SlimDX.Direct3D10", "Source\SlimDX.Direct3D10\SlimDX.Direct3D10.csproj", "{C7077731-5949-43F7-940D-0F393475652C}"
EndProject
Project("{FAE04EC0-301F-11D3-BF4B-00C04F79EFBC}") = "SlimDX.Direct3D11", "Source\SlimDX.Direct3D11\SlimDX.Direct3D11.csproj", "{5DC49E2D-54E0-4C41-9F6B-D936B78600F2}"
EndProject
Project("{2150E333-8FDC-42A3-9474-1A3956D46DE8}") = "Samples", "Samples", "{B760E5B4-AA86-4F9C-8FAD-C3D7418BC711}"
EndProject
Project("{2150E333-8FDC-42A3-9474-1A3956D46DE8}") = "Direct3D9", "Direct3D9", "{AA75C5FE-AF3E-4284-AE50-52E28949DB9F}"
EndProject
Project("{2150E333-8FDC-42A3-9474-1A3956D46DE8}") = "Direct3D10", "Direct3D10", "{6FFE52FE-C53E-47D7-B68C-4774963D14B6}"
EndProject
Project("{2150E333-8FDC-42A3-9474-1A3956D46DE8}") = "Direct3D11", "Direct3D11", "{6E1D493E-D2C3-4F3D-86CF-3CC79AAD212B}"
EndProject
Project("{FAE04EC0-301F-11D3-BF4B-00C04F79EFBC}") = "MiniTri", "Samples\Direct3D10\MiniTri\MiniTri.csproj", "{F54F5361-F0E1-4D8E-8AB9-56A6EBFF1DBB}"
	ProjectSection(ProjectDependencies) = postProject
		{C7077731-5949-43F7-940D-0F393475652C} = {C7077731-5949-43F7-940D-0F393475652C}
		{D4D38A41-0729-4606-A54E-EB0B0E07C836} = {D4D38A41-0729-4606-A54E-EB0B0E07C836}
		{CE5194D5-30A4-43A4-BF7A-7AC0C1988224} = {CE5194D5-30A4-43A4-BF7A-7AC0C1988224}
		{2BC0D3FF-D3B0-44F2-8ECE-37768BF3E812} = {2BC0D3FF-D3B0-44F2-8ECE-37768BF3E812}
	EndProjectSection
EndProject
Project("{FAE04EC0-301F-11D3-BF4B-00C04F79EFBC}") = "MiniTri", "Samples\Direct3D11\MiniTri\MiniTri.csproj", "{99D1FCB5-2B3B-4E2E-9FDC-A5AF6F0970C5}"
EndProject
Project("{FAE04EC0-301F-11D3-BF4B-00C04F79EFBC}") = "MiniTri", "Samples\Direct3D9\MiniTri\MiniTri.csproj", "{9C904B7C-65F6-4AF2-8502-1183D00E5E0C}"
EndProject
Project("{FAE04EC0-301F-11D3-BF4B-00C04F79EFBC}") = "SlimDX.Error", "Source\SlimDX.Error\SlimDX.Error.csproj", "{8ECEF885-63EC-4A82-A219-4AB312D1B097}"
EndProject
Project("{FAE04EC0-301F-11D3-BF4B-00C04F79EFBC}") = "SlimDX.Direct2D1", "Source\SlimDX.Direct2D1\SlimDX.Direct2D1.csproj", "{6C573B77-76D7-4DB8-93A4-DF613A5F26F8}"
EndProject
Project("{FAE04EC0-301F-11D3-BF4B-00C04F79EFBC}") = "SlimDX.DirectSound", "Source\SlimDX.DirectSound\SlimDX.DirectSound.csproj", "{26DBF35D-47A6-4741-B059-841C5441BCD6}"
EndProject
Project("{FAE04EC0-301F-11D3-BF4B-00C04F79EFBC}") = "SlimDX.XAPO", "Source\SlimDX.XAPO\SlimDX.XAPO.csproj", "{3000DCA4-0973-4E39-B2AA-56751DCB04CC}"
EndProject
Project("{FAE04EC0-301F-11D3-BF4B-00C04F79EFBC}") = "SlimDX.XAudio2", "Source\SlimDX.XAudio2\SlimDX.XAudio2.csproj", "{958A2EA3-E86B-41AC-835B-5CA467C5B5A0}"
EndProject
Project("{2150E333-8FDC-42A3-9474-1A3956D46DE8}") = "DirectSound", "DirectSound", "{8F0720B7-6039-4837-BB6C-DF6A398A7283}"
EndProject
Project("{FAE04EC0-301F-11D3-BF4B-00C04F79EFBC}") = "PlaySound", "Samples\DirectSound\PlaySound\PlaySound.csproj", "{059F3E22-F63A-40C0-AA30-13C673BFF1B3}"
EndProject
Project("{2150E333-8FDC-42A3-9474-1A3956D46DE8}") = "XAudio2", "XAudio2", "{7C882F8C-DDC8-4496-960C-9D503507C9BC}"
EndProject
Project("{FAE04EC0-301F-11D3-BF4B-00C04F79EFBC}") = "PlaySound", "Samples\XAudio2\PlaySound\PlaySound.csproj", "{E5DAD0AF-BFB8-4B65-ACED-0D4E9843DAB9}"
EndProject
Project("{FAE04EC0-301F-11D3-BF4B-00C04F79EFBC}") = "PlaySoundCustomXAPO", "Samples\XAudio2\PlaySoundCustomXAPO\PlaySoundCustomXAPO.csproj", "{3F1070EF-9739-4A32-941A-2B1705972E23}"
EndProject
Project("{2150E333-8FDC-42A3-9474-1A3956D46DE8}") = "Common", "Common", "{3CB9F46A-9761-4E22-96F0-A04A649FEAA8}"
EndProject
Project("{FAE04EC0-301F-11D3-BF4B-00C04F79EFBC}") = "SlimDX.Samples", "Samples\Common\SlimDX.Samples.csproj", "{93716298-9FA4-4002-AE0B-4C9F4705CCEA}"
	ProjectSection(ProjectDependencies) = postProject
		{D4D38A41-0729-4606-A54E-EB0B0E07C836} = {D4D38A41-0729-4606-A54E-EB0B0E07C836}
	EndProjectSection
EndProject
Project("{2150E333-8FDC-42A3-9474-1A3956D46DE8}") = "Direct2D1", "Direct2D1", "{DD48786D-3631-452A-B213-0F8951964431}"
EndProject
Project("{FAE04EC0-301F-11D3-BF4B-00C04F79EFBC}") = "MiniRect", "Samples\Direct2D1\MiniRect\MiniRect.csproj", "{482891B9-CC25-41F7-AA5C-CCBC73A1C638}"
	ProjectSection(ProjectDependencies) = postProject
		{93716298-9FA4-4002-AE0B-4C9F4705CCEA} = {93716298-9FA4-4002-AE0B-4C9F4705CCEA}
	EndProjectSection
EndProject
Project("{FAE04EC0-301F-11D3-BF4B-00C04F79EFBC}") = "TessellateApp", "Samples\Direct2D1\TessellateApp\TessellateApp.csproj", "{BF4F383C-EEBD-464E-A588-3C066EBBF0B0}"
EndProject
Project("{FAE04EC0-301F-11D3-BF4B-00C04F79EFBC}") = "TextRenderingApp", "Samples\Direct2D1\TextRenderingApp\TextRenderingApp.csproj", "{BCE8E081-BD05-4A38-8DB9-7B0BC70AD879}"
EndProject
Global
	GlobalSection(SolutionConfigurationPlatforms) = preSolution
		Debug|Any CPU = Debug|Any CPU
		Release|Any CPU = Release|Any CPU
	EndGlobalSection
	GlobalSection(ProjectConfigurationPlatforms) = postSolution
		{19435A18-0C26-4534-8987-96E555BD2EFC}.Debug|Any CPU.ActiveCfg = Debug|Any CPU
		{19435A18-0C26-4534-8987-96E555BD2EFC}.Debug|Any CPU.Build.0 = Debug|Any CPU
		{19435A18-0C26-4534-8987-96E555BD2EFC}.Release|Any CPU.ActiveCfg = Release|Any CPU
		{19435A18-0C26-4534-8987-96E555BD2EFC}.Release|Any CPU.Build.0 = Release|Any CPU
		{AD55612F-453A-40FC-80D7-CC19528E57B5}.Debug|Any CPU.ActiveCfg = Debug|x86
		{AD55612F-453A-40FC-80D7-CC19528E57B5}.Debug|Any CPU.Build.0 = Debug|x86
		{AD55612F-453A-40FC-80D7-CC19528E57B5}.Release|Any CPU.ActiveCfg = Release|x86
		{AD55612F-453A-40FC-80D7-CC19528E57B5}.Release|Any CPU.Build.0 = Release|x86
		{28A3D3D8-5BD1-4457-BB4E-540700E00AE5}.Debug|Any CPU.ActiveCfg = Debug|x86
		{28A3D3D8-5BD1-4457-BB4E-540700E00AE5}.Debug|Any CPU.Build.0 = Debug|x86
		{28A3D3D8-5BD1-4457-BB4E-540700E00AE5}.Release|Any CPU.ActiveCfg = Release|x86
		{28A3D3D8-5BD1-4457-BB4E-540700E00AE5}.Release|Any CPU.Build.0 = Release|x86
		{CE5194D5-30A4-43A4-BF7A-7AC0C1988224}.Debug|Any CPU.ActiveCfg = Debug|Any CPU
		{CE5194D5-30A4-43A4-BF7A-7AC0C1988224}.Debug|Any CPU.Build.0 = Debug|Any CPU
		{CE5194D5-30A4-43A4-BF7A-7AC0C1988224}.Release|Any CPU.ActiveCfg = Release|Any CPU
		{CE5194D5-30A4-43A4-BF7A-7AC0C1988224}.Release|Any CPU.Build.0 = Release|Any CPU
		{2BC0D3FF-D3B0-44F2-8ECE-37768BF3E812}.Debug|Any CPU.ActiveCfg = Debug|Any CPU
		{2BC0D3FF-D3B0-44F2-8ECE-37768BF3E812}.Debug|Any CPU.Build.0 = Debug|Any CPU
		{2BC0D3FF-D3B0-44F2-8ECE-37768BF3E812}.Release|Any CPU.ActiveCfg = Release|Any CPU
		{D4D38A41-0729-4606-A54E-EB0B0E07C836}.Debug|Any CPU.ActiveCfg = Debug|Any CPU
		{D4D38A41-0729-4606-A54E-EB0B0E07C836}.Debug|Any CPU.Build.0 = Debug|Any CPU
		{D4D38A41-0729-4606-A54E-EB0B0E07C836}.Release|Any CPU.ActiveCfg = Release|Any CPU
		{4F5A65E9-FAB7-45C6-8CA1-A76228083EF7}.Debug|Any CPU.ActiveCfg = Debug|Any CPU
		{4F5A65E9-FAB7-45C6-8CA1-A76228083EF7}.Debug|Any CPU.Build.0 = Debug|Any CPU
		{4F5A65E9-FAB7-45C6-8CA1-A76228083EF7}.Release|Any CPU.ActiveCfg = Release|Any CPU
		{C7077731-5949-43F7-940D-0F393475652C}.Debug|Any CPU.ActiveCfg = Debug|Any CPU
		{C7077731-5949-43F7-940D-0F393475652C}.Debug|Any CPU.Build.0 = Debug|Any CPU
		{C7077731-5949-43F7-940D-0F393475652C}.Release|Any CPU.ActiveCfg = Release|Any CPU
		{5DC49E2D-54E0-4C41-9F6B-D936B78600F2}.Debug|Any CPU.ActiveCfg = Debug|Any CPU
		{5DC49E2D-54E0-4C41-9F6B-D936B78600F2}.Debug|Any CPU.Build.0 = Debug|Any CPU
		{5DC49E2D-54E0-4C41-9F6B-D936B78600F2}.Release|Any CPU.ActiveCfg = Release|Any CPU
		{F54F5361-F0E1-4D8E-8AB9-56A6EBFF1DBB}.Debug|Any CPU.ActiveCfg = Debug|Any CPU
		{F54F5361-F0E1-4D8E-8AB9-56A6EBFF1DBB}.Debug|Any CPU.Build.0 = Debug|Any CPU
		{F54F5361-F0E1-4D8E-8AB9-56A6EBFF1DBB}.Release|Any CPU.ActiveCfg = Release|Any CPU
		{99D1FCB5-2B3B-4E2E-9FDC-A5AF6F0970C5}.Debug|Any CPU.ActiveCfg = Debug|Any CPU
		{99D1FCB5-2B3B-4E2E-9FDC-A5AF6F0970C5}.Debug|Any CPU.Build.0 = Debug|Any CPU
		{99D1FCB5-2B3B-4E2E-9FDC-A5AF6F0970C5}.Release|Any CPU.ActiveCfg = Release|Any CPU
		{9C904B7C-65F6-4AF2-8502-1183D00E5E0C}.Debug|Any CPU.ActiveCfg = Debug|Any CPU
		{9C904B7C-65F6-4AF2-8502-1183D00E5E0C}.Debug|Any CPU.Build.0 = Debug|Any CPU
		{9C904B7C-65F6-4AF2-8502-1183D00E5E0C}.Release|Any CPU.ActiveCfg = Release|Any CPU
		{8ECEF885-63EC-4A82-A219-4AB312D1B097}.Debug|Any CPU.ActiveCfg = Debug|Any CPU
		{8ECEF885-63EC-4A82-A219-4AB312D1B097}.Debug|Any CPU.Build.0 = Debug|Any CPU
		{8ECEF885-63EC-4A82-A219-4AB312D1B097}.Release|Any CPU.ActiveCfg = Release|Any CPU
		{6C573B77-76D7-4DB8-93A4-DF613A5F26F8}.Debug|Any CPU.ActiveCfg = Debug|Any CPU
		{6C573B77-76D7-4DB8-93A4-DF613A5F26F8}.Debug|Any CPU.Build.0 = Debug|Any CPU
		{6C573B77-76D7-4DB8-93A4-DF613A5F26F8}.Release|Any CPU.ActiveCfg = Release|Any CPU
		{26DBF35D-47A6-4741-B059-841C5441BCD6}.Debug|Any CPU.ActiveCfg = Debug|Any CPU
		{26DBF35D-47A6-4741-B059-841C5441BCD6}.Debug|Any CPU.Build.0 = Debug|Any CPU
		{26DBF35D-47A6-4741-B059-841C5441BCD6}.Release|Any CPU.ActiveCfg = Release|Any CPU
		{3000DCA4-0973-4E39-B2AA-56751DCB04CC}.Debug|Any CPU.ActiveCfg = Debug|Any CPU
		{3000DCA4-0973-4E39-B2AA-56751DCB04CC}.Debug|Any CPU.Build.0 = Debug|Any CPU
		{3000DCA4-0973-4E39-B2AA-56751DCB04CC}.Release|Any CPU.ActiveCfg = Release|Any CPU
		{958A2EA3-E86B-41AC-835B-5CA467C5B5A0}.Debug|Any CPU.ActiveCfg = Debug|Any CPU
		{958A2EA3-E86B-41AC-835B-5CA467C5B5A0}.Debug|Any CPU.Build.0 = Debug|Any CPU
		{958A2EA3-E86B-41AC-835B-5CA467C5B5A0}.Release|Any CPU.ActiveCfg = Release|Any CPU
		{059F3E22-F63A-40C0-AA30-13C673BFF1B3}.Debug|Any CPU.ActiveCfg = Debug|Any CPU
		{059F3E22-F63A-40C0-AA30-13C673BFF1B3}.Debug|Any CPU.Build.0 = Debug|Any CPU
		{059F3E22-F63A-40C0-AA30-13C673BFF1B3}.Release|Any CPU.ActiveCfg = Release|Any CPU
		{E5DAD0AF-BFB8-4B65-ACED-0D4E9843DAB9}.Debug|Any CPU.ActiveCfg = Debug|Any CPU
		{E5DAD0AF-BFB8-4B65-ACED-0D4E9843DAB9}.Debug|Any CPU.Build.0 = Debug|Any CPU
		{E5DAD0AF-BFB8-4B65-ACED-0D4E9843DAB9}.Release|Any CPU.ActiveCfg = Release|Any CPU
		{3F1070EF-9739-4A32-941A-2B1705972E23}.Debug|Any CPU.ActiveCfg = Debug|Any CPU
		{3F1070EF-9739-4A32-941A-2B1705972E23}.Debug|Any CPU.Build.0 = Debug|Any CPU
		{3F1070EF-9739-4A32-941A-2B1705972E23}.Release|Any CPU.ActiveCfg = Release|Any CPU
		{93716298-9FA4-4002-AE0B-4C9F4705CCEA}.Debug|Any CPU.ActiveCfg = Debug|Any CPU
		{93716298-9FA4-4002-AE0B-4C9F4705CCEA}.Debug|Any CPU.Build.0 = Debug|Any CPU
		{93716298-9FA4-4002-AE0B-4C9F4705CCEA}.Release|Any CPU.ActiveCfg = Release|Any CPU
		{482891B9-CC25-41F7-AA5C-CCBC73A1C638}.Debug|Any CPU.ActiveCfg = Debug|Any CPU
		{482891B9-CC25-41F7-AA5C-CCBC73A1C638}.Debug|Any CPU.Build.0 = Debug|Any CPU
		{482891B9-CC25-41F7-AA5C-CCBC73A1C638}.Release|Any CPU.ActiveCfg = Release|Any CPU
		{BF4F383C-EEBD-464E-A588-3C066EBBF0B0}.Debug|Any CPU.ActiveCfg = Debug|Any CPU
		{BF4F383C-EEBD-464E-A588-3C066EBBF0B0}.Debug|Any CPU.Build.0 = Debug|Any CPU
		{BF4F383C-EEBD-464E-A588-3C066EBBF0B0}.Release|Any CPU.ActiveCfg = Release|Any CPU
		{BCE8E081-BD05-4A38-8DB9-7B0BC70AD879}.Debug|Any CPU.ActiveCfg = Debug|Any CPU
		{BCE8E081-BD05-4A38-8DB9-7B0BC70AD879}.Debug|Any CPU.Build.0 = Debug|Any CPU
		{BCE8E081-BD05-4A38-8DB9-7B0BC70AD879}.Release|Any CPU.ActiveCfg = Release|Any CPU
	EndGlobalSection
	GlobalSection(SolutionProperties) = preSolution
		HideSolutionNode = FALSE
	EndGlobalSection
	GlobalSection(NestedProjects) = preSolution
		{19435A18-0C26-4534-8987-96E555BD2EFC} = {92CBFD32-5276-43E9-8F79-ABD3B1E00A88}
		{AD55612F-453A-40FC-80D7-CC19528E57B5} = {92CBFD32-5276-43E9-8F79-ABD3B1E00A88}
		{28A3D3D8-5BD1-4457-BB4E-540700E00AE5} = {92CBFD32-5276-43E9-8F79-ABD3B1E00A88}
		{CE5194D5-30A4-43A4-BF7A-7AC0C1988224} = {0587FB5C-8B44-4552-AC1E-99EFBB33A263}
		{2BC0D3FF-D3B0-44F2-8ECE-37768BF3E812} = {0587FB5C-8B44-4552-AC1E-99EFBB33A263}
		{D4D38A41-0729-4606-A54E-EB0B0E07C836} = {0587FB5C-8B44-4552-AC1E-99EFBB33A263}
		{4F5A65E9-FAB7-45C6-8CA1-A76228083EF7} = {0587FB5C-8B44-4552-AC1E-99EFBB33A263}
		{C7077731-5949-43F7-940D-0F393475652C} = {0587FB5C-8B44-4552-AC1E-99EFBB33A263}
		{5DC49E2D-54E0-4C41-9F6B-D936B78600F2} = {0587FB5C-8B44-4552-AC1E-99EFBB33A263}
		{8ECEF885-63EC-4A82-A219-4AB312D1B097} = {0587FB5C-8B44-4552-AC1E-99EFBB33A263}
		{6C573B77-76D7-4DB8-93A4-DF613A5F26F8} = {0587FB5C-8B44-4552-AC1E-99EFBB33A263}
		{26DBF35D-47A6-4741-B059-841C5441BCD6} = {0587FB5C-8B44-4552-AC1E-99EFBB33A263}
		{3000DCA4-0973-4E39-B2AA-56751DCB04CC} = {0587FB5C-8B44-4552-AC1E-99EFBB33A263}
		{958A2EA3-E86B-41AC-835B-5CA467C5B5A0} = {0587FB5C-8B44-4552-AC1E-99EFBB33A263}
		{AA75C5FE-AF3E-4284-AE50-52E28949DB9F} = {B760E5B4-AA86-4F9C-8FAD-C3D7418BC711}
		{6FFE52FE-C53E-47D7-B68C-4774963D14B6} = {B760E5B4-AA86-4F9C-8FAD-C3D7418BC711}
		{6E1D493E-D2C3-4F3D-86CF-3CC79AAD212B} = {B760E5B4-AA86-4F9C-8FAD-C3D7418BC711}
		{8F0720B7-6039-4837-BB6C-DF6A398A7283} = {B760E5B4-AA86-4F9C-8FAD-C3D7418BC711}
		{7C882F8C-DDC8-4496-960C-9D503507C9BC} = {B760E5B4-AA86-4F9C-8FAD-C3D7418BC711}
		{3CB9F46A-9761-4E22-96F0-A04A649FEAA8} = {B760E5B4-AA86-4F9C-8FAD-C3D7418BC711}
		{DD48786D-3631-452A-B213-0F8951964431} = {B760E5B4-AA86-4F9C-8FAD-C3D7418BC711}
		{9C904B7C-65F6-4AF2-8502-1183D00E5E0C} = {AA75C5FE-AF3E-4284-AE50-52E28949DB9F}
		{F54F5361-F0E1-4D8E-8AB9-56A6EBFF1DBB} = {6FFE52FE-C53E-47D7-B68C-4774963D14B6}
		{99D1FCB5-2B3B-4E2E-9FDC-A5AF6F0970C5} = {6E1D493E-D2C3-4F3D-86CF-3CC79AAD212B}
		{059F3E22-F63A-40C0-AA30-13C673BFF1B3} = {8F0720B7-6039-4837-BB6C-DF6A398A7283}
		{E5DAD0AF-BFB8-4B65-ACED-0D4E9843DAB9} = {7C882F8C-DDC8-4496-960C-9D503507C9BC}
		{3F1070EF-9739-4A32-941A-2B1705972E23} = {7C882F8C-DDC8-4496-960C-9D503507C9BC}
		{93716298-9FA4-4002-AE0B-4C9F4705CCEA} = {3CB9F46A-9761-4E22-96F0-A04A649FEAA8}
		{482891B9-CC25-41F7-AA5C-CCBC73A1C638} = {DD48786D-3631-452A-B213-0F8951964431}
		{BF4F383C-EEBD-464E-A588-3C066EBBF0B0} = {DD48786D-3631-452A-B213-0F8951964431}
		{BCE8E081-BD05-4A38-8DB9-7B0BC70AD879} = {DD48786D-3631-452A-B213-0F8951964431}
	EndGlobalSection
EndGlobal
