
Microsoft Visual Studio Solution File, Format Version 9.00
# Visual Studio 2005
Project("{FAE04EC0-301F-11D3-BF4B-00C04F79EFBC}") = "Configure", "Configure\Configure.csproj", "{AF6DCB8C-8565-45F6-B3AC-0D8B82B2DAC4}"
EndProject
Global
	GlobalSection(SolutionConfigurationPlatforms) = preSolution
		Debug|Any CPU = Debug|Any CPU
		Release|Any CPU = Release|Any CPU
	EndGlobalSection
	GlobalSection(ProjectConfigurationPlatforms) = postSolution
		{AF6DCB8C-8565-45F6-B3AC-0D8B82B2DAC4}.Debug|Any CPU.ActiveCfg = Debug|Any CPU
		{AF6DCB8C-8565-45F6-B3AC-0D8B82B2DAC4}.Debug|Any CPU.Build.0 = Debug|Any CPU
		{AF6DCB8C-8565-45F6-B3AC-0D8B82B2DAC4}.Release|Any CPU.ActiveCfg = Release|Any CPU
		{AF6DCB8C-8565-45F6-B3AC-0D8B82B2DAC4}.Release|Any CPU.Build.0 = Release|Any CPU
	EndGlobalSection
	GlobalSection(SolutionProperties) = preSolution
		HideSolutionNode = FALSE
	EndGlobalSection
EndGlobal
