
Microsoft Visual Studio Solution File, Format Version 10.00
# Visual Studio 2008
Project("{8BC9CEB8-8B4A-11D0-8D11-00A0C91BC942}") = "PIXPlug", "PIXPlug\PIXPlug.vcproj", "{CCF011A9-6BED-40B7-85A6-1AD68433927C}"
EndProject
Project("{FAE04EC0-301F-11D3-BF4B-00C04F79EFBC}") = "PIXPlug.Shim", "PIXPlug.Shim\PIXPlug.Shim.csproj", "{419057F1-38B9-409A-89BA-7C053B4A8D8B}"
EndProject
Global
	GlobalSection(SolutionConfigurationPlatforms) = preSolution
		Debug|x64 = Debug|x64
		Release|x64 = Release|x64
	EndGlobalSection
	GlobalSection(ProjectConfigurationPlatforms) = postSolution
		{CCF011A9-6BED-40B7-85A6-1AD68433927C}.Debug|x64.ActiveCfg = Debug|x64
		{CCF011A9-6BED-40B7-85A6-1AD68433927C}.Debug|x64.Build.0 = Debug|x64
		{CCF011A9-6BED-40B7-85A6-1AD68433927C}.Release|x64.ActiveCfg = Release|x64
		{CCF011A9-6BED-40B7-85A6-1AD68433927C}.Release|x64.Build.0 = Release|x64
		{419057F1-38B9-409A-89BA-7C053B4A8D8B}.Debug|x64.ActiveCfg = Debug|Any CPU
		{419057F1-38B9-409A-89BA-7C053B4A8D8B}.Debug|x64.Build.0 = Debug|Any CPU
		{419057F1-38B9-409A-89BA-7C053B4A8D8B}.Release|x64.ActiveCfg = Release|Any CPU
		{419057F1-38B9-409A-89BA-7C053B4A8D8B}.Release|x64.Build.0 = Release|Any CPU
	EndGlobalSection
	GlobalSection(SolutionProperties) = preSolution
		HideSolutionNode = FALSE
	EndGlobalSection
EndGlobal
