
Microsoft Visual Studio Solution File, Format Version 10.00
# Visual Studio 2008
Project("{FAE04EC0-301F-11D3-BF4B-00C04F79EFBC}") = "ValueGenerator", "ValueGenerator\ValueGenerator.csproj", "{125B2D5B-7052-4F23-9A27-8D94AB485F77}"
EndProject
Global
	GlobalSection(SolutionConfigurationPlatforms) = preSolution
		Debug|Any CPU = Debug|Any CPU
		Release|Any CPU = Release|Any CPU
	EndGlobalSection
	GlobalSection(ProjectConfigurationPlatforms) = postSolution
		{125B2D5B-7052-4F23-9A27-8D94AB485F77}.Debug|Any CPU.ActiveCfg = Debug|Any CPU
		{125B2D5B-7052-4F23-9A27-8D94AB485F77}.Debug|Any CPU.Build.0 = Debug|Any CPU
		{125B2D5B-7052-4F23-9A27-8D94AB485F77}.Release|Any CPU.ActiveCfg = Release|Any CPU
		{125B2D5B-7052-4F23-9A27-8D94AB485F77}.Release|Any CPU.Build.0 = Release|Any CPU
	EndGlobalSection
	GlobalSection(SolutionProperties) = preSolution
		HideSolutionNode = FALSE
	EndGlobalSection
EndGlobal
