
Microsoft Visual Studio Solution File, Format Version 10.00
# Visual Studio 2008
Project("{FAE04EC0-301F-11D3-BF4B-00C04F79EFBC}") = "BuildTasks", "BuildTasks\BuildTasks.csproj", "{B4129254-16AF-4565-81F1-A2EEE291A1DE}"
EndProject
Global
	GlobalSection(SolutionConfigurationPlatforms) = preSolution
		Primary|Any CPU = Primary|Any CPU
	EndGlobalSection
	GlobalSection(ProjectConfigurationPlatforms) = postSolution
		{B4129254-16AF-4565-81F1-A2EEE291A1DE}.Primary|Any CPU.ActiveCfg = Debug|Any CPU
		{B4129254-16AF-4565-81F1-A2EEE291A1DE}.Primary|Any CPU.Build.0 = Debug|Any CPU
	EndGlobalSection
	GlobalSection(SolutionProperties) = preSolution
		HideSolutionNode = FALSE
	EndGlobalSection
EndGlobal
