
Microsoft Visual Studio Solution File, Format Version 10.00
# Visual Studio 2008
Project("{FAE04EC0-301F-11D3-BF4B-00C04F79EFBC}") = "SampleFramework", "SampleFramework\SampleFramework.csproj", "{2DFF53B4-488E-410B-8DD1-60E08005DC88}"
EndProject
Project("{FAE04EC0-301F-11D3-BF4B-00C04F79EFBC}") = "Test", "Test\Test.csproj", "{7B7E1D06-A402-4413-A06A-725CC96D8FE2}"
EndProject
Global
	GlobalSection(SolutionConfigurationPlatforms) = preSolution
		Debug|Any CPU = Debug|Any CPU
		Release|Any CPU = Release|Any CPU
	EndGlobalSection
	GlobalSection(ProjectConfigurationPlatforms) = postSolution
		{2DFF53B4-488E-410B-8DD1-60E08005DC88}.Debug|Any CPU.ActiveCfg = Debug|Any CPU
		{2DFF53B4-488E-410B-8DD1-60E08005DC88}.Debug|Any CPU.Build.0 = Debug|Any CPU
		{2DFF53B4-488E-410B-8DD1-60E08005DC88}.Release|Any CPU.ActiveCfg = Release|Any CPU
		{2DFF53B4-488E-410B-8DD1-60E08005DC88}.Release|Any CPU.Build.0 = Release|Any CPU
		{7B7E1D06-A402-4413-A06A-725CC96D8FE2}.Debug|Any CPU.ActiveCfg = Debug|Any CPU
		{7B7E1D06-A402-4413-A06A-725CC96D8FE2}.Debug|Any CPU.Build.0 = Debug|Any CPU
		{7B7E1D06-A402-4413-A06A-725CC96D8FE2}.Release|Any CPU.ActiveCfg = Release|Any CPU
		{7B7E1D06-A402-4413-A06A-725CC96D8FE2}.Release|Any CPU.Build.0 = Release|Any CPU
	EndGlobalSection
	GlobalSection(SolutionProperties) = preSolution
		HideSolutionNode = FALSE
	EndGlobalSection
EndGlobal
