<?xml version="1.0" encoding="utf-8"?>
<Project ToolsVersion="4.0" xmlns="http://schemas.microsoft.com/developer/msbuild/2003">
  <ItemGroup>
    <Filter Include="Mocks">
      <UniqueIdentifier>{f5956c49-36a6-41da-9576-290af0170c9b}</UniqueIdentifier>
    </Filter>
    <Filter Include="Tests">
      <UniqueIdentifier>{dfbb3335-03d1-4bb1-b8c4-838c349940f0}</UniqueIdentifier>
    </Filter>
    <Filter Include="Utilities">
      <UniqueIdentifier>{e39ffc90-554e-4af7-9404-c194e348aaf6}</UniqueIdentifier>
    </Filter>
  </ItemGroup>
  <ItemGroup>
    <ClInclude Include="source\CommonMocks.h">
      <Filter>Mocks</Filter>
    </ClInclude>
    <ClInclude Include="source\ComObjectMock.h">
      <Filter>Mocks</Filter>
    </ClInclude>
    <ClInclude Include="source\IDWriteBitmapRenderTargetMock.h">
      <Filter>Mocks</Filter>
    </ClInclude>
    <ClInclude Include="source\IDWriteFontCollectionMock.h">
      <Filter>Mocks</Filter>
    </ClInclude>
    <ClInclude Include="source\IDWriteFontFaceMock.h">
      <Filter>Mocks</Filter>
    </ClInclude>
    <ClInclude Include="source\IDWriteFontMock.h">
      <Filter>Mocks</Filter>
    </ClInclude>
    <ClInclude Include="source\IDWriteGdiInteropMock.h">
      <Filter>Mocks</Filter>
    </ClInclude>
    <ClInclude Include="source\IDWriteInlineObjectMock.h">
      <Filter>Mocks</Filter>
    </ClInclude>
    <ClInclude Include="source\IDWriteTextLayoutMock.h">
      <Filter>Mocks</Filter>
    </ClInclude>
    <ClInclude Include="source\IDWriteTextLayoutMockGetters.h">
      <Filter>Mocks</Filter>
    </ClInclude>
    <ClInclude Include="source\IDWriteTextRendererMock.h">
      <Filter>Mocks</Filter>
    </ClInclude>
    <ClInclude Include="source\IDXGIAdapterMock.h">
      <Filter>Mocks</Filter>
    </ClInclude>
    <ClInclude Include="source\IDXGIDeviceMock.h">
      <Filter>Mocks</Filter>
    </ClInclude>
    <ClInclude Include="source\IDXGIFactoryMock.h">
      <Filter>Mocks</Filter>
    </ClInclude>
    <ClInclude Include="source\IDXGIOutputMock.h">
      <Filter>Mocks</Filter>
    </ClInclude>
    <ClInclude Include="source\IDXGISurfaceMock.h">
      <Filter>Mocks</Filter>
    </ClInclude>
    <ClInclude Include="source\IDXGISwapChainMock.h">
      <Filter>Mocks</Filter>
    </ClInclude>
    <ClInclude Include="source\SlimDXTest.h">
      <Filter>Mocks</Filter>
    </ClInclude>
    <ClInclude Include="source\TextLayoutTest.h">
      <Filter>Mocks</Filter>
    </ClInclude>
    <ClInclude Include="source\Asserts.h">
      <Filter>Utilities</Filter>
    </ClInclude>
    <ClInclude Include="source\ScopedThrowOnError.h">
      <Filter>Utilities</Filter>
    </ClInclude>
    <ClInclude Include="source\stdafx.h" />
  </ItemGroup>
  <ItemGroup>
    <ClCompile Include="source\ComObjectMock.cpp">
      <Filter>Mocks</Filter>
    </ClCompile>
    <ClCompile Include="source\Base.DataStream.Tests.cpp">
      <Filter>Tests</Filter>
    </ClCompile>
    <ClCompile Include="source\Direct3D10.Resource.Tests.cpp">
      <Filter>Tests</Filter>
    </ClCompile>
    <ClCompile Include="source\DirectWrite.Factory.Tests.cpp">
      <Filter>Tests</Filter>
    </ClCompile>
    <ClCompile Include="source\DirectWrite.Font.Tests.cpp">
      <Filter>Tests</Filter>
    </ClCompile>
    <ClCompile Include="source\DirectWrite.GdiInterop.Tests.cpp">
      <Filter>Tests</Filter>
    </ClCompile>
    <ClCompile Include="source\DirectWrite.InlineObject.Tests.cpp">
      <Filter>Tests</Filter>
    </ClCompile>
    <ClCompile Include="source\DirectWrite.PixelSnapping.Tests.cpp">
      <Filter>Tests</Filter>
    </ClCompile>
    <ClCompile Include="source\DirectWrite.RenderingParameters.Tests.cpp">
      <Filter>Tests</Filter>
    </ClCompile>
    <ClCompile Include="source\DirectWrite.TextAnalyzer.Tests.cpp">
      <Filter>Tests</Filter>
    </ClCompile>
    <ClCompile Include="source\DirectWrite.TextFormat.Tests.cpp">
      <Filter>Tests</Filter>
    </ClCompile>
    <ClCompile Include="source\DirectWrite.TextLayout.Get.Tests.cpp">
      <Filter>Tests</Filter>
    </ClCompile>
    <ClCompile Include="source\DirectWrite.TextLayout.Tests.cpp">
      <Filter>Tests</Filter>
    </ClCompile>
    <ClCompile Include="source\DXGI.Adapter.Tests.cpp">
      <Filter>Tests</Filter>
    </ClCompile>
    <ClCompile Include="source\DXGI.Device.Tests.cpp">
      <Filter>Tests</Filter>
    </ClCompile>
    <ClCompile Include="source\DXGI.Factory.Tests.cpp">
      <Filter>Tests</Filter>
    </ClCompile>
    <ClCompile Include="source\Math.BoundingSphere.Tests.cpp">
      <Filter>Tests</Filter>
    </ClCompile>
    <ClCompile Include="source\Math.Vector2.Tests.cpp">
      <Filter>Tests</Filter>
    </ClCompile>
    <ClCompile Include="source\Math.Vector3.Tests.cpp">
      <Filter>Tests</Filter>
    </ClCompile>
    <ClCompile Include="source\Math.Vector4.Tests.cpp">
      <Filter>Tests</Filter>
    </ClCompile>
    <ClCompile Include="source\SlimDXTest.cpp">
      <Filter>Tests</Filter>
    </ClCompile>
    <ClCompile Include="source\TextLayoutTest.cpp">
      <Filter>Tests</Filter>
    </ClCompile>
    <ClCompile Include="source\AssemblyInfo.cpp" />
    <ClCompile Include="source\main.cpp" />
  </ItemGroup>
</Project>