
Microsoft Visual Studio Solution File, Format Version 11.00
# Visual Studio 2010
Project("{FAE04EC0-301F-11D3-BF4B-00C04F79EFBC}") = "SlimDX2", "Sources\SlimDX2\SlimDX2.csproj", "{2E4B74FE-4A58-4EC5-9CC3-08AE5660F3BD}"
EndProject
Project("{FAE04EC0-301F-11D3-BF4B-00C04F79EFBC}") = "SlimDX2.DXGI", "Sources\SlimDX2.DXGI\SlimDX2.DXGI.csproj", "{EDD64238-EAB7-43E8-B080-5D33433B5607}"
EndProject
Project("{FAE04EC0-301F-11D3-BF4B-00C04F79EFBC}") = "SlimDX2.D3DCompiler", "Sources\SlimDX2.D3DCompiler\SlimDX2.D3DCompiler.csproj", "{61C6F66F-04A4-4B98-BC2A-FD08FF11D461}"
EndProject
Project("{FAE04EC0-301F-11D3-BF4B-00C04F79EFBC}") = "SlimDX2.Direct3D11", "Sources\SlimDX2.Direct3D11\SlimDX2.Direct3D11.csproj", "{7402202E-D81C-4711-99E8-245DB26C2630}"
EndProject
Project("{2150E333-8FDC-42A3-9474-1A3956D46DE8}") = "Direct3D11", "Direct3D11", "{6FD0C41C-74AE-481C-8888-A4C9E722F22D}"
EndProject
Project("{2150E333-8FDC-42A3-9474-1A3956D46DE8}") = "Samples", "Samples", "{046A8238-551B-4807-809B-E102E015A1D6}"
EndProject
Project("{FAE04EC0-301F-11D3-BF4B-00C04F79EFBC}") = "SlimDX2.Direct3D10", "Sources\SlimDX2.Direct3D10\SlimDX2.Direct3D10.csproj", "{96F241EA-13BB-4404-8788-EAF965030E5A}"
EndProject
Project("{2150E333-8FDC-42A3-9474-1A3956D46DE8}") = "Direct3D10", "Direct3D10", "{2936A9F9-4B77-4D64-BE84-C093F107807C}"
EndProject
Project("{FAE04EC0-301F-11D3-BF4B-00C04F79EFBC}") = "SlimDX2.Direct2D1", "Sources\SlimDX2.Direct2D1\SlimDX2.Direct2D1.csproj", "{6C573B77-76D7-4DB8-93A4-DF613A5F26F8}"
	ProjectSection(ProjectDependencies) = postProject
		{EDD64238-EAB7-43E8-B080-5D33433B5607} = {EDD64238-EAB7-43E8-B080-5D33433B5607}
		{2E4B74FE-4A58-4EC5-9CC3-08AE5660F3BD} = {2E4B74FE-4A58-4EC5-9CC3-08AE5660F3BD}
	EndProjectSection
EndProject
Project("{2150E333-8FDC-42A3-9474-1A3956D46DE8}") = "Direct2D1", "Direct2D1", "{268E894D-E8E1-496D-A017-9C087851B7DE}"
EndProject
Project("{FAE04EC0-301F-11D3-BF4B-00C04F79EFBC}") = "MiniTri", "Samples\Direct3D10\MiniTri\MiniTri.csproj", "{F54F5361-F0E1-4D8E-8AB9-56A6EBFF1DBB}"
EndProject
Project("{FAE04EC0-301F-11D3-BF4B-00C04F79EFBC}") = "MiniTri", "Samples\Direct3D11\MiniTri\MiniTri.csproj", "{99D1FCB5-2B3B-4E2E-9FDC-A5AF6F0970C5}"
EndProject
Project("{FAE04EC0-301F-11D3-BF4B-00C04F79EFBC}") = "SlimDX2.Samples", "Samples\SlimDX2.Samples\SlimDX2.Samples.csproj", "{93716298-9FA4-4002-AE0B-4C9F4705CCEA}"
EndProject
Project("{2150E333-8FDC-42A3-9474-1A3956D46DE8}") = "Common", "Common", "{986603EA-E2BF-48CC-8991-7F0FEAE2D596}"
EndProject
Project("{FAE04EC0-301F-11D3-BF4B-00C04F79EFBC}") = "TextRenderingApp", "Samples\Direct2D1\TextRenderingApp\TextRenderingApp.csproj", "{BCE8E081-BD05-4A38-8DB9-7B0BC70AD879}"
EndProject
Project("{FAE04EC0-301F-11D3-BF4B-00C04F79EFBC}") = "TessellateApp", "Samples\Direct2D1\TessellateApp\TessellateApp.csproj", "{BF4F383C-EEBD-464E-A588-3C066EBBF0B0}"
EndProject
Project("{FAE04EC0-301F-11D3-BF4B-00C04F79EFBC}") = "MiniRect", "Samples\Direct2D1\MiniRect\MiniRect.csproj", "{482891B9-CC25-41F7-AA5C-CCBC73A1C638}"
EndProject
Project("{FAE04EC0-301F-11D3-BF4B-00C04F79EFBC}") = "SlimDX2.Direct3D9", "Sources\SlimDX2.Direct3D9\SlimDX2.Direct3D9.csproj", "{D50772EC-72B8-44C2-97BA-F2E062C49C8B}"
EndProject
Project("{2150E333-8FDC-42A3-9474-1A3956D46DE8}") = "Direct3D9", "Direct3D9", "{456EBB9D-FA02-4DDC-90C1-DC4478F4C0C8}"
EndProject
Project("{FAE04EC0-301F-11D3-BF4B-00C04F79EFBC}") = "MiniTri", "Samples\Direct3D9\MiniTri\MiniTri.csproj", "{9C904B7C-65F6-4AF2-8502-1183D00E5E0C}"
EndProject
Project("{FAE04EC0-301F-11D3-BF4B-00C04F79EFBC}") = "SlimDX2.DirectSound", "Sources\SlimDX2.DirectSound\SlimDX2.DirectSound.csproj", "{26DBF35D-47A6-4741-B059-841C5441BCD6}"
	ProjectSection(ProjectDependencies) = postProject
		{2E4B74FE-4A58-4EC5-9CC3-08AE5660F3BD} = {2E4B74FE-4A58-4EC5-9CC3-08AE5660F3BD}
	EndProjectSection
EndProject
Project("{2150E333-8FDC-42A3-9474-1A3956D46DE8}") = "DirectSound", "DirectSound", "{B6DCD0A9-BB40-4102-8C38-F846FC9EE514}"
EndProject
Project("{FAE04EC0-301F-11D3-BF4B-00C04F79EFBC}") = "SlimDX2.Error", "Sources\SlimDX2.Error\SlimDX2.Error.csproj", "{8ECEF885-63EC-4A82-A219-4AB312D1B097}"
EndProject
Project("{FAE04EC0-301F-11D3-BF4B-00C04F79EFBC}") = "SlimDX2.XAudio2", "Sources\SlimDX2.XAudio2\SlimDX2.XAudio2.csproj", "{958A2EA3-E86B-41AC-835B-5CA467C5B5A0}"
	ProjectSection(ProjectDependencies) = postProject
		{2E4B74FE-4A58-4EC5-9CC3-08AE5660F3BD} = {2E4B74FE-4A58-4EC5-9CC3-08AE5660F3BD}
	EndProjectSection
EndProject
Project("{2150E333-8FDC-42A3-9474-1A3956D46DE8}") = "XAudio2", "XAudio2", "{7A69CECC-2A28-48AC-ACFB-3A71D133E490}"
EndProject
Project("{FAE04EC0-301F-11D3-BF4B-00C04F79EFBC}") = "PlaySound", "Samples\XAudio2\PlaySound\PlaySound.csproj", "{E5DAD0AF-BFB8-4B65-ACED-0D4E9843DAB9}"
	ProjectSection(ProjectDependencies) = postProject
		{8ECEF885-63EC-4A82-A219-4AB312D1B097} = {8ECEF885-63EC-4A82-A219-4AB312D1B097}
		{958A2EA3-E86B-41AC-835B-5CA467C5B5A0} = {958A2EA3-E86B-41AC-835B-5CA467C5B5A0}
		{3000DCA4-0973-4E39-B2AA-56751DCB04CC} = {3000DCA4-0973-4E39-B2AA-56751DCB04CC}
		{2E4B74FE-4A58-4EC5-9CC3-08AE5660F3BD} = {2E4B74FE-4A58-4EC5-9CC3-08AE5660F3BD}
	EndProjectSection
EndProject
Project("{FAE04EC0-301F-11D3-BF4B-00C04F79EFBC}") = "SlimDX2.XAPO", "Sources\SlimDX2.XAPO\SlimDX2.XAPO.csproj", "{3000DCA4-0973-4E39-B2AA-56751DCB04CC}"
	ProjectSection(ProjectDependencies) = postProject
		{2E4B74FE-4A58-4EC5-9CC3-08AE5660F3BD} = {2E4B74FE-4A58-4EC5-9CC3-08AE5660F3BD}
	EndProjectSection
EndProject
Project("{FAE04EC0-301F-11D3-BF4B-00C04F79EFBC}") = "PlaySound", "Samples\DirectSound\PlaySound.csproj", "{059F3E22-F63A-40C0-AA30-13C673BFF1B3}"
EndProject
Project("{FAE04EC0-301F-11D3-BF4B-00C04F79EFBC}") = "PlaySoundCustomXAPO", "Samples\XAudio2\PlaySoundCustomXAPO\PlaySoundCustomXAPO.csproj", "{3F1070EF-9739-4A32-941A-2B1705972E23}"
EndProject
Global
	GlobalSection(SolutionConfigurationPlatforms) = preSolution
		Debug|Any CPU = Debug|Any CPU
		Debug|Mixed Platforms = Debug|Mixed Platforms
		Debug|Win32 = Debug|Win32
		Debug|x64 = Debug|x64
		Debug|x86 = Debug|x86
		Release|Any CPU = Release|Any CPU
		Release|Mixed Platforms = Release|Mixed Platforms
		Release|Win32 = Release|Win32
		Release|x64 = Release|x64
		Release|x86 = Release|x86
	EndGlobalSection
	GlobalSection(ProjectConfigurationPlatforms) = postSolution
		{2E4B74FE-4A58-4EC5-9CC3-08AE5660F3BD}.Debug|Any CPU.ActiveCfg = Debug|Any CPU
		{2E4B74FE-4A58-4EC5-9CC3-08AE5660F3BD}.Debug|Any CPU.Build.0 = Debug|Any CPU
		{2E4B74FE-4A58-4EC5-9CC3-08AE5660F3BD}.Debug|Mixed Platforms.ActiveCfg = Debug|Any CPU
		{2E4B74FE-4A58-4EC5-9CC3-08AE5660F3BD}.Debug|Mixed Platforms.Build.0 = Debug|Any CPU
		{2E4B74FE-4A58-4EC5-9CC3-08AE5660F3BD}.Debug|Win32.ActiveCfg = Debug|Any CPU
		{2E4B74FE-4A58-4EC5-9CC3-08AE5660F3BD}.Debug|Win32.Build.0 = Debug|Any CPU
		{2E4B74FE-4A58-4EC5-9CC3-08AE5660F3BD}.Debug|x64.ActiveCfg = Debug|x64
		{2E4B74FE-4A58-4EC5-9CC3-08AE5660F3BD}.Debug|x64.Build.0 = Debug|x64
		{2E4B74FE-4A58-4EC5-9CC3-08AE5660F3BD}.Debug|x86.ActiveCfg = Debug|x86
		{2E4B74FE-4A58-4EC5-9CC3-08AE5660F3BD}.Debug|x86.Build.0 = Debug|x86
		{2E4B74FE-4A58-4EC5-9CC3-08AE5660F3BD}.Release|Any CPU.ActiveCfg = Release|Any CPU
		{2E4B74FE-4A58-4EC5-9CC3-08AE5660F3BD}.Release|Any CPU.Build.0 = Release|Any CPU
		{2E4B74FE-4A58-4EC5-9CC3-08AE5660F3BD}.Release|Mixed Platforms.ActiveCfg = Release|Any CPU
		{2E4B74FE-4A58-4EC5-9CC3-08AE5660F3BD}.Release|Mixed Platforms.Build.0 = Release|Any CPU
		{2E4B74FE-4A58-4EC5-9CC3-08AE5660F3BD}.Release|Win32.ActiveCfg = Release|Any CPU
		{2E4B74FE-4A58-4EC5-9CC3-08AE5660F3BD}.Release|x64.ActiveCfg = Release|Any CPU
		{2E4B74FE-4A58-4EC5-9CC3-08AE5660F3BD}.Release|x86.ActiveCfg = Release|Any CPU
		{EDD64238-EAB7-43E8-B080-5D33433B5607}.Debug|Any CPU.ActiveCfg = Debug|Any CPU
		{EDD64238-EAB7-43E8-B080-5D33433B5607}.Debug|Any CPU.Build.0 = Debug|Any CPU
		{EDD64238-EAB7-43E8-B080-5D33433B5607}.Debug|Mixed Platforms.ActiveCfg = Debug|Any CPU
		{EDD64238-EAB7-43E8-B080-5D33433B5607}.Debug|Mixed Platforms.Build.0 = Debug|Any CPU
		{EDD64238-EAB7-43E8-B080-5D33433B5607}.Debug|Win32.ActiveCfg = Debug|Any CPU
		{EDD64238-EAB7-43E8-B080-5D33433B5607}.Debug|Win32.Build.0 = Debug|Any CPU
		{EDD64238-EAB7-43E8-B080-5D33433B5607}.Debug|x64.ActiveCfg = Debug|x64
		{EDD64238-EAB7-43E8-B080-5D33433B5607}.Debug|x64.Build.0 = Debug|x64
		{EDD64238-EAB7-43E8-B080-5D33433B5607}.Debug|x86.ActiveCfg = Debug|x86
		{EDD64238-EAB7-43E8-B080-5D33433B5607}.Debug|x86.Build.0 = Debug|x86
		{EDD64238-EAB7-43E8-B080-5D33433B5607}.Release|Any CPU.ActiveCfg = Release|Any CPU
		{EDD64238-EAB7-43E8-B080-5D33433B5607}.Release|Any CPU.Build.0 = Release|Any CPU
		{EDD64238-EAB7-43E8-B080-5D33433B5607}.Release|Mixed Platforms.ActiveCfg = Release|Any CPU
		{EDD64238-EAB7-43E8-B080-5D33433B5607}.Release|Mixed Platforms.Build.0 = Release|Any CPU
		{EDD64238-EAB7-43E8-B080-5D33433B5607}.Release|Win32.ActiveCfg = Release|Any CPU
		{EDD64238-EAB7-43E8-B080-5D33433B5607}.Release|x64.ActiveCfg = Release|Any CPU
		{EDD64238-EAB7-43E8-B080-5D33433B5607}.Release|x86.ActiveCfg = Release|Any CPU
		{61C6F66F-04A4-4B98-BC2A-FD08FF11D461}.Debug|Any CPU.ActiveCfg = Debug|Any CPU
		{61C6F66F-04A4-4B98-BC2A-FD08FF11D461}.Debug|Any CPU.Build.0 = Debug|Any CPU
		{61C6F66F-04A4-4B98-BC2A-FD08FF11D461}.Debug|Mixed Platforms.ActiveCfg = Debug|Any CPU
		{61C6F66F-04A4-4B98-BC2A-FD08FF11D461}.Debug|Mixed Platforms.Build.0 = Debug|Any CPU
		{61C6F66F-04A4-4B98-BC2A-FD08FF11D461}.Debug|Win32.ActiveCfg = Debug|Any CPU
		{61C6F66F-04A4-4B98-BC2A-FD08FF11D461}.Debug|Win32.Build.0 = Debug|Any CPU
		{61C6F66F-04A4-4B98-BC2A-FD08FF11D461}.Debug|x64.ActiveCfg = Debug|x64
		{61C6F66F-04A4-4B98-BC2A-FD08FF11D461}.Debug|x64.Build.0 = Debug|x64
		{61C6F66F-04A4-4B98-BC2A-FD08FF11D461}.Debug|x86.ActiveCfg = Debug|x86
		{61C6F66F-04A4-4B98-BC2A-FD08FF11D461}.Debug|x86.Build.0 = Debug|x86
		{61C6F66F-04A4-4B98-BC2A-FD08FF11D461}.Release|Any CPU.ActiveCfg = Release|Any CPU
		{61C6F66F-04A4-4B98-BC2A-FD08FF11D461}.Release|Any CPU.Build.0 = Release|Any CPU
		{61C6F66F-04A4-4B98-BC2A-FD08FF11D461}.Release|Mixed Platforms.ActiveCfg = Release|Any CPU
		{61C6F66F-04A4-4B98-BC2A-FD08FF11D461}.Release|Mixed Platforms.Build.0 = Release|Any CPU
		{61C6F66F-04A4-4B98-BC2A-FD08FF11D461}.Release|Win32.ActiveCfg = Release|Any CPU
		{61C6F66F-04A4-4B98-BC2A-FD08FF11D461}.Release|x64.ActiveCfg = Release|Any CPU
		{61C6F66F-04A4-4B98-BC2A-FD08FF11D461}.Release|x86.ActiveCfg = Release|Any CPU
		{7402202E-D81C-4711-99E8-245DB26C2630}.Debug|Any CPU.ActiveCfg = Debug|Any CPU
		{7402202E-D81C-4711-99E8-245DB26C2630}.Debug|Any CPU.Build.0 = Debug|Any CPU
		{7402202E-D81C-4711-99E8-245DB26C2630}.Debug|Mixed Platforms.ActiveCfg = Debug|Any CPU
		{7402202E-D81C-4711-99E8-245DB26C2630}.Debug|Mixed Platforms.Build.0 = Debug|Any CPU
		{7402202E-D81C-4711-99E8-245DB26C2630}.Debug|Win32.ActiveCfg = Debug|Any CPU
		{7402202E-D81C-4711-99E8-245DB26C2630}.Debug|Win32.Build.0 = Debug|Any CPU
		{7402202E-D81C-4711-99E8-245DB26C2630}.Debug|x64.ActiveCfg = Debug|x64
		{7402202E-D81C-4711-99E8-245DB26C2630}.Debug|x64.Build.0 = Debug|x64
		{7402202E-D81C-4711-99E8-245DB26C2630}.Debug|x86.ActiveCfg = Debug|x86
		{7402202E-D81C-4711-99E8-245DB26C2630}.Debug|x86.Build.0 = Debug|x86
		{7402202E-D81C-4711-99E8-245DB26C2630}.Release|Any CPU.ActiveCfg = Release|Any CPU
		{7402202E-D81C-4711-99E8-245DB26C2630}.Release|Any CPU.Build.0 = Release|Any CPU
		{7402202E-D81C-4711-99E8-245DB26C2630}.Release|Mixed Platforms.ActiveCfg = Release|Any CPU
		{7402202E-D81C-4711-99E8-245DB26C2630}.Release|Mixed Platforms.Build.0 = Release|Any CPU
		{7402202E-D81C-4711-99E8-245DB26C2630}.Release|Win32.ActiveCfg = Release|Any CPU
		{7402202E-D81C-4711-99E8-245DB26C2630}.Release|x64.ActiveCfg = Release|Any CPU
		{7402202E-D81C-4711-99E8-245DB26C2630}.Release|x86.ActiveCfg = Release|Any CPU
		{96F241EA-13BB-4404-8788-EAF965030E5A}.Debug|Any CPU.ActiveCfg = Debug|Any CPU
		{96F241EA-13BB-4404-8788-EAF965030E5A}.Debug|Any CPU.Build.0 = Debug|Any CPU
		{96F241EA-13BB-4404-8788-EAF965030E5A}.Debug|Mixed Platforms.ActiveCfg = Debug|Any CPU
		{96F241EA-13BB-4404-8788-EAF965030E5A}.Debug|Mixed Platforms.Build.0 = Debug|Any CPU
		{96F241EA-13BB-4404-8788-EAF965030E5A}.Debug|Win32.ActiveCfg = Debug|Any CPU
		{96F241EA-13BB-4404-8788-EAF965030E5A}.Debug|Win32.Build.0 = Debug|Any CPU
		{96F241EA-13BB-4404-8788-EAF965030E5A}.Debug|x64.ActiveCfg = Debug|x64
		{96F241EA-13BB-4404-8788-EAF965030E5A}.Debug|x64.Build.0 = Debug|x64
		{96F241EA-13BB-4404-8788-EAF965030E5A}.Debug|x86.ActiveCfg = Debug|x86
		{96F241EA-13BB-4404-8788-EAF965030E5A}.Debug|x86.Build.0 = Debug|x86
		{96F241EA-13BB-4404-8788-EAF965030E5A}.Release|Any CPU.ActiveCfg = Release|Any CPU
		{96F241EA-13BB-4404-8788-EAF965030E5A}.Release|Any CPU.Build.0 = Release|Any CPU
		{96F241EA-13BB-4404-8788-EAF965030E5A}.Release|Mixed Platforms.ActiveCfg = Release|Any CPU
		{96F241EA-13BB-4404-8788-EAF965030E5A}.Release|Mixed Platforms.Build.0 = Release|Any CPU
		{96F241EA-13BB-4404-8788-EAF965030E5A}.Release|Win32.ActiveCfg = Release|Any CPU
		{96F241EA-13BB-4404-8788-EAF965030E5A}.Release|x64.ActiveCfg = Release|Any CPU
		{96F241EA-13BB-4404-8788-EAF965030E5A}.Release|x86.ActiveCfg = Release|Any CPU
		{6C573B77-76D7-4DB8-93A4-DF613A5F26F8}.Debug|Any CPU.ActiveCfg = Debug|Any CPU
		{6C573B77-76D7-4DB8-93A4-DF613A5F26F8}.Debug|Any CPU.Build.0 = Debug|Any CPU
		{6C573B77-76D7-4DB8-93A4-DF613A5F26F8}.Debug|Mixed Platforms.ActiveCfg = Debug|Any CPU
		{6C573B77-76D7-4DB8-93A4-DF613A5F26F8}.Debug|Mixed Platforms.Build.0 = Debug|Any CPU
		{6C573B77-76D7-4DB8-93A4-DF613A5F26F8}.Debug|Win32.ActiveCfg = Debug|Any CPU
		{6C573B77-76D7-4DB8-93A4-DF613A5F26F8}.Debug|Win32.Build.0 = Debug|Any CPU
		{6C573B77-76D7-4DB8-93A4-DF613A5F26F8}.Debug|x64.ActiveCfg = Debug|x64
		{6C573B77-76D7-4DB8-93A4-DF613A5F26F8}.Debug|x64.Build.0 = Debug|x64
		{6C573B77-76D7-4DB8-93A4-DF613A5F26F8}.Debug|x86.ActiveCfg = Debug|x86
		{6C573B77-76D7-4DB8-93A4-DF613A5F26F8}.Debug|x86.Build.0 = Debug|x86
		{6C573B77-76D7-4DB8-93A4-DF613A5F26F8}.Release|Any CPU.ActiveCfg = Release|Any CPU
		{6C573B77-76D7-4DB8-93A4-DF613A5F26F8}.Release|Any CPU.Build.0 = Release|Any CPU
		{6C573B77-76D7-4DB8-93A4-DF613A5F26F8}.Release|Mixed Platforms.ActiveCfg = Release|Any CPU
		{6C573B77-76D7-4DB8-93A4-DF613A5F26F8}.Release|Mixed Platforms.Build.0 = Release|Any CPU
		{6C573B77-76D7-4DB8-93A4-DF613A5F26F8}.Release|Win32.ActiveCfg = Release|Any CPU
		{6C573B77-76D7-4DB8-93A4-DF613A5F26F8}.Release|x64.ActiveCfg = Release|Any CPU
		{6C573B77-76D7-4DB8-93A4-DF613A5F26F8}.Release|x86.ActiveCfg = Release|Any CPU
		{F54F5361-F0E1-4D8E-8AB9-56A6EBFF1DBB}.Debug|Any CPU.ActiveCfg = Debug|Any CPU
		{F54F5361-F0E1-4D8E-8AB9-56A6EBFF1DBB}.Debug|Any CPU.Build.0 = Debug|Any CPU
		{F54F5361-F0E1-4D8E-8AB9-56A6EBFF1DBB}.Debug|Mixed Platforms.ActiveCfg = Debug|Any CPU
		{F54F5361-F0E1-4D8E-8AB9-56A6EBFF1DBB}.Debug|Mixed Platforms.Build.0 = Debug|Any CPU
		{F54F5361-F0E1-4D8E-8AB9-56A6EBFF1DBB}.Debug|Win32.ActiveCfg = Debug|Any CPU
		{F54F5361-F0E1-4D8E-8AB9-56A6EBFF1DBB}.Debug|Win32.Build.0 = Debug|Any CPU
		{F54F5361-F0E1-4D8E-8AB9-56A6EBFF1DBB}.Debug|x64.ActiveCfg = Debug|x64
		{F54F5361-F0E1-4D8E-8AB9-56A6EBFF1DBB}.Debug|x64.Build.0 = Debug|x64
		{F54F5361-F0E1-4D8E-8AB9-56A6EBFF1DBB}.Debug|x86.ActiveCfg = Debug|x86
		{F54F5361-F0E1-4D8E-8AB9-56A6EBFF1DBB}.Debug|x86.Build.0 = Debug|x86
		{F54F5361-F0E1-4D8E-8AB9-56A6EBFF1DBB}.Release|Any CPU.ActiveCfg = Release|Any CPU
		{F54F5361-F0E1-4D8E-8AB9-56A6EBFF1DBB}.Release|Any CPU.Build.0 = Release|Any CPU
		{F54F5361-F0E1-4D8E-8AB9-56A6EBFF1DBB}.Release|Mixed Platforms.ActiveCfg = Release|Any CPU
		{F54F5361-F0E1-4D8E-8AB9-56A6EBFF1DBB}.Release|Mixed Platforms.Build.0 = Release|Any CPU
		{F54F5361-F0E1-4D8E-8AB9-56A6EBFF1DBB}.Release|Win32.ActiveCfg = Release|Any CPU
		{F54F5361-F0E1-4D8E-8AB9-56A6EBFF1DBB}.Release|x64.ActiveCfg = Release|x86
		{F54F5361-F0E1-4D8E-8AB9-56A6EBFF1DBB}.Release|x86.ActiveCfg = Release|x86
		{F54F5361-F0E1-4D8E-8AB9-56A6EBFF1DBB}.Release|x86.Build.0 = Release|x86
		{99D1FCB5-2B3B-4E2E-9FDC-A5AF6F0970C5}.Debug|Any CPU.ActiveCfg = Debug|Any CPU
		{99D1FCB5-2B3B-4E2E-9FDC-A5AF6F0970C5}.Debug|Any CPU.Build.0 = Debug|Any CPU
		{99D1FCB5-2B3B-4E2E-9FDC-A5AF6F0970C5}.Debug|Mixed Platforms.ActiveCfg = Debug|Any CPU
		{99D1FCB5-2B3B-4E2E-9FDC-A5AF6F0970C5}.Debug|Mixed Platforms.Build.0 = Debug|Any CPU
		{99D1FCB5-2B3B-4E2E-9FDC-A5AF6F0970C5}.Debug|Win32.ActiveCfg = Debug|Any CPU
		{99D1FCB5-2B3B-4E2E-9FDC-A5AF6F0970C5}.Debug|Win32.Build.0 = Debug|Any CPU
		{99D1FCB5-2B3B-4E2E-9FDC-A5AF6F0970C5}.Debug|x64.ActiveCfg = Debug|x64
		{99D1FCB5-2B3B-4E2E-9FDC-A5AF6F0970C5}.Debug|x64.Build.0 = Debug|x64
		{99D1FCB5-2B3B-4E2E-9FDC-A5AF6F0970C5}.Debug|x86.ActiveCfg = Debug|x86
		{99D1FCB5-2B3B-4E2E-9FDC-A5AF6F0970C5}.Debug|x86.Build.0 = Debug|x86
		{99D1FCB5-2B3B-4E2E-9FDC-A5AF6F0970C5}.Release|Any CPU.ActiveCfg = Release|Any CPU
		{99D1FCB5-2B3B-4E2E-9FDC-A5AF6F0970C5}.Release|Any CPU.Build.0 = Release|Any CPU
		{99D1FCB5-2B3B-4E2E-9FDC-A5AF6F0970C5}.Release|Mixed Platforms.ActiveCfg = Release|Any CPU
		{99D1FCB5-2B3B-4E2E-9FDC-A5AF6F0970C5}.Release|Mixed Platforms.Build.0 = Release|Any CPU
		{99D1FCB5-2B3B-4E2E-9FDC-A5AF6F0970C5}.Release|Win32.ActiveCfg = Release|Any CPU
		{99D1FCB5-2B3B-4E2E-9FDC-A5AF6F0970C5}.Release|x64.ActiveCfg = Release|x86
		{99D1FCB5-2B3B-4E2E-9FDC-A5AF6F0970C5}.Release|x86.ActiveCfg = Release|x86
		{99D1FCB5-2B3B-4E2E-9FDC-A5AF6F0970C5}.Release|x86.Build.0 = Release|x86
		{93716298-9FA4-4002-AE0B-4C9F4705CCEA}.Debug|Any CPU.ActiveCfg = Debug|Any CPU
		{93716298-9FA4-4002-AE0B-4C9F4705CCEA}.Debug|Any CPU.Build.0 = Debug|Any CPU
		{93716298-9FA4-4002-AE0B-4C9F4705CCEA}.Debug|Mixed Platforms.ActiveCfg = Debug|Any CPU
		{93716298-9FA4-4002-AE0B-4C9F4705CCEA}.Debug|Mixed Platforms.Build.0 = Debug|Any CPU
		{93716298-9FA4-4002-AE0B-4C9F4705CCEA}.Debug|Win32.ActiveCfg = Debug|Any CPU
		{93716298-9FA4-4002-AE0B-4C9F4705CCEA}.Debug|Win32.Build.0 = Debug|Any CPU
		{93716298-9FA4-4002-AE0B-4C9F4705CCEA}.Debug|x64.ActiveCfg = Debug|x64
		{93716298-9FA4-4002-AE0B-4C9F4705CCEA}.Debug|x64.Build.0 = Debug|x64
		{93716298-9FA4-4002-AE0B-4C9F4705CCEA}.Debug|x86.ActiveCfg = Debug|x86
		{93716298-9FA4-4002-AE0B-4C9F4705CCEA}.Debug|x86.Build.0 = Debug|x86
		{93716298-9FA4-4002-AE0B-4C9F4705CCEA}.Release|Any CPU.ActiveCfg = Release|Any CPU
		{93716298-9FA4-4002-AE0B-4C9F4705CCEA}.Release|Any CPU.Build.0 = Release|Any CPU
		{93716298-9FA4-4002-AE0B-4C9F4705CCEA}.Release|Mixed Platforms.ActiveCfg = Release|Any CPU
		{93716298-9FA4-4002-AE0B-4C9F4705CCEA}.Release|Mixed Platforms.Build.0 = Release|Any CPU
		{93716298-9FA4-4002-AE0B-4C9F4705CCEA}.Release|Win32.ActiveCfg = Release|Any CPU
		{93716298-9FA4-4002-AE0B-4C9F4705CCEA}.Release|x64.ActiveCfg = Release|Any CPU
		{93716298-9FA4-4002-AE0B-4C9F4705CCEA}.Release|x86.ActiveCfg = Release|Any CPU
		{BCE8E081-BD05-4A38-8DB9-7B0BC70AD879}.Debug|Any CPU.ActiveCfg = Debug|Any CPU
		{BCE8E081-BD05-4A38-8DB9-7B0BC70AD879}.Debug|Any CPU.Build.0 = Debug|Any CPU
		{BCE8E081-BD05-4A38-8DB9-7B0BC70AD879}.Debug|Mixed Platforms.ActiveCfg = Debug|Any CPU
		{BCE8E081-BD05-4A38-8DB9-7B0BC70AD879}.Debug|Mixed Platforms.Build.0 = Debug|Any CPU
		{BCE8E081-BD05-4A38-8DB9-7B0BC70AD879}.Debug|Win32.ActiveCfg = Debug|Any CPU
		{BCE8E081-BD05-4A38-8DB9-7B0BC70AD879}.Debug|Win32.Build.0 = Debug|Any CPU
		{BCE8E081-BD05-4A38-8DB9-7B0BC70AD879}.Debug|x64.ActiveCfg = Debug|x64
		{BCE8E081-BD05-4A38-8DB9-7B0BC70AD879}.Debug|x64.Build.0 = Debug|x64
		{BCE8E081-BD05-4A38-8DB9-7B0BC70AD879}.Debug|x86.ActiveCfg = Debug|x86
		{BCE8E081-BD05-4A38-8DB9-7B0BC70AD879}.Debug|x86.Build.0 = Debug|x86
		{BCE8E081-BD05-4A38-8DB9-7B0BC70AD879}.Release|Any CPU.ActiveCfg = Release|x86
		{BCE8E081-BD05-4A38-8DB9-7B0BC70AD879}.Release|Mixed Platforms.ActiveCfg = Release|x86
		{BCE8E081-BD05-4A38-8DB9-7B0BC70AD879}.Release|Mixed Platforms.Build.0 = Release|x86
		{BCE8E081-BD05-4A38-8DB9-7B0BC70AD879}.Release|Win32.ActiveCfg = Release|x86
		{BCE8E081-BD05-4A38-8DB9-7B0BC70AD879}.Release|x64.ActiveCfg = Release|x86
		{BCE8E081-BD05-4A38-8DB9-7B0BC70AD879}.Release|x86.ActiveCfg = Release|x86
		{BCE8E081-BD05-4A38-8DB9-7B0BC70AD879}.Release|x86.Build.0 = Release|x86
		{BF4F383C-EEBD-464E-A588-3C066EBBF0B0}.Debug|Any CPU.ActiveCfg = Debug|Any CPU
		{BF4F383C-EEBD-464E-A588-3C066EBBF0B0}.Debug|Any CPU.Build.0 = Debug|Any CPU
		{BF4F383C-EEBD-464E-A588-3C066EBBF0B0}.Debug|Mixed Platforms.ActiveCfg = Debug|Any CPU
		{BF4F383C-EEBD-464E-A588-3C066EBBF0B0}.Debug|Mixed Platforms.Build.0 = Debug|Any CPU
		{BF4F383C-EEBD-464E-A588-3C066EBBF0B0}.Debug|Win32.ActiveCfg = Debug|Any CPU
		{BF4F383C-EEBD-464E-A588-3C066EBBF0B0}.Debug|Win32.Build.0 = Debug|Any CPU
		{BF4F383C-EEBD-464E-A588-3C066EBBF0B0}.Debug|x64.ActiveCfg = Debug|x64
		{BF4F383C-EEBD-464E-A588-3C066EBBF0B0}.Debug|x64.Build.0 = Debug|x64
		{BF4F383C-EEBD-464E-A588-3C066EBBF0B0}.Debug|x86.ActiveCfg = Debug|x86
		{BF4F383C-EEBD-464E-A588-3C066EBBF0B0}.Debug|x86.Build.0 = Debug|x86
		{BF4F383C-EEBD-464E-A588-3C066EBBF0B0}.Release|Any CPU.ActiveCfg = Release|x86
		{BF4F383C-EEBD-464E-A588-3C066EBBF0B0}.Release|Mixed Platforms.ActiveCfg = Release|x86
		{BF4F383C-EEBD-464E-A588-3C066EBBF0B0}.Release|Mixed Platforms.Build.0 = Release|x86
		{BF4F383C-EEBD-464E-A588-3C066EBBF0B0}.Release|Win32.ActiveCfg = Release|x86
		{BF4F383C-EEBD-464E-A588-3C066EBBF0B0}.Release|x64.ActiveCfg = Release|x86
		{BF4F383C-EEBD-464E-A588-3C066EBBF0B0}.Release|x86.ActiveCfg = Release|x86
		{BF4F383C-EEBD-464E-A588-3C066EBBF0B0}.Release|x86.Build.0 = Release|x86
		{482891B9-CC25-41F7-AA5C-CCBC73A1C638}.Debug|Any CPU.ActiveCfg = Debug|Any CPU
		{482891B9-CC25-41F7-AA5C-CCBC73A1C638}.Debug|Any CPU.Build.0 = Debug|Any CPU
		{482891B9-CC25-41F7-AA5C-CCBC73A1C638}.Debug|Mixed Platforms.ActiveCfg = Debug|Any CPU
		{482891B9-CC25-41F7-AA5C-CCBC73A1C638}.Debug|Mixed Platforms.Build.0 = Debug|Any CPU
		{482891B9-CC25-41F7-AA5C-CCBC73A1C638}.Debug|Win32.ActiveCfg = Debug|Any CPU
		{482891B9-CC25-41F7-AA5C-CCBC73A1C638}.Debug|Win32.Build.0 = Debug|Any CPU
		{482891B9-CC25-41F7-AA5C-CCBC73A1C638}.Debug|x64.ActiveCfg = Debug|x64
		{482891B9-CC25-41F7-AA5C-CCBC73A1C638}.Debug|x64.Build.0 = Debug|x64
		{482891B9-CC25-41F7-AA5C-CCBC73A1C638}.Debug|x86.ActiveCfg = Debug|x86
		{482891B9-CC25-41F7-AA5C-CCBC73A1C638}.Debug|x86.Build.0 = Debug|x86
		{482891B9-CC25-41F7-AA5C-CCBC73A1C638}.Release|Any CPU.ActiveCfg = Release|Any CPU
		{482891B9-CC25-41F7-AA5C-CCBC73A1C638}.Release|Any CPU.Build.0 = Release|Any CPU
		{482891B9-CC25-41F7-AA5C-CCBC73A1C638}.Release|Mixed Platforms.ActiveCfg = Release|x64
		{482891B9-CC25-41F7-AA5C-CCBC73A1C638}.Release|Mixed Platforms.Build.0 = Release|x64
		{482891B9-CC25-41F7-AA5C-CCBC73A1C638}.Release|Win32.ActiveCfg = Release|x64
		{482891B9-CC25-41F7-AA5C-CCBC73A1C638}.Release|x64.ActiveCfg = Release|x64
		{482891B9-CC25-41F7-AA5C-CCBC73A1C638}.Release|x64.Build.0 = Release|x64
		{482891B9-CC25-41F7-AA5C-CCBC73A1C638}.Release|x86.ActiveCfg = Release|x86
		{482891B9-CC25-41F7-AA5C-CCBC73A1C638}.Release|x86.Build.0 = Release|x86
		{D50772EC-72B8-44C2-97BA-F2E062C49C8B}.Debug|Any CPU.ActiveCfg = Debug|Any CPU
		{D50772EC-72B8-44C2-97BA-F2E062C49C8B}.Debug|Any CPU.Build.0 = Debug|Any CPU
		{D50772EC-72B8-44C2-97BA-F2E062C49C8B}.Debug|Mixed Platforms.ActiveCfg = Debug|Any CPU
		{D50772EC-72B8-44C2-97BA-F2E062C49C8B}.Debug|Mixed Platforms.Build.0 = Debug|Any CPU
		{D50772EC-72B8-44C2-97BA-F2E062C49C8B}.Debug|Win32.ActiveCfg = Debug|Any CPU
		{D50772EC-72B8-44C2-97BA-F2E062C49C8B}.Debug|Win32.Build.0 = Debug|Any CPU
		{D50772EC-72B8-44C2-97BA-F2E062C49C8B}.Debug|x64.ActiveCfg = Debug|x64
		{D50772EC-72B8-44C2-97BA-F2E062C49C8B}.Debug|x64.Build.0 = Debug|x64
		{D50772EC-72B8-44C2-97BA-F2E062C49C8B}.Debug|x86.ActiveCfg = Debug|x86
		{D50772EC-72B8-44C2-97BA-F2E062C49C8B}.Debug|x86.Build.0 = Debug|x86
		{D50772EC-72B8-44C2-97BA-F2E062C49C8B}.Release|Any CPU.ActiveCfg = Release|Any CPU
		{D50772EC-72B8-44C2-97BA-F2E062C49C8B}.Release|Any CPU.Build.0 = Release|Any CPU
		{D50772EC-72B8-44C2-97BA-F2E062C49C8B}.Release|Mixed Platforms.ActiveCfg = Release|Any CPU
		{D50772EC-72B8-44C2-97BA-F2E062C49C8B}.Release|Mixed Platforms.Build.0 = Release|Any CPU
		{D50772EC-72B8-44C2-97BA-F2E062C49C8B}.Release|Win32.ActiveCfg = Release|Any CPU
		{D50772EC-72B8-44C2-97BA-F2E062C49C8B}.Release|x64.ActiveCfg = Release|Any CPU
		{D50772EC-72B8-44C2-97BA-F2E062C49C8B}.Release|x86.ActiveCfg = Release|Any CPU
		{9C904B7C-65F6-4AF2-8502-1183D00E5E0C}.Debug|Any CPU.ActiveCfg = Debug|Any CPU
		{9C904B7C-65F6-4AF2-8502-1183D00E5E0C}.Debug|Any CPU.Build.0 = Debug|Any CPU
		{9C904B7C-65F6-4AF2-8502-1183D00E5E0C}.Debug|Mixed Platforms.ActiveCfg = Debug|Any CPU
		{9C904B7C-65F6-4AF2-8502-1183D00E5E0C}.Debug|Mixed Platforms.Build.0 = Debug|Any CPU
		{9C904B7C-65F6-4AF2-8502-1183D00E5E0C}.Debug|Win32.ActiveCfg = Debug|Any CPU
		{9C904B7C-65F6-4AF2-8502-1183D00E5E0C}.Debug|Win32.Build.0 = Debug|Any CPU
		{9C904B7C-65F6-4AF2-8502-1183D00E5E0C}.Debug|x64.ActiveCfg = Debug|x64
		{9C904B7C-65F6-4AF2-8502-1183D00E5E0C}.Debug|x64.Build.0 = Debug|x64
		{9C904B7C-65F6-4AF2-8502-1183D00E5E0C}.Debug|x86.ActiveCfg = Debug|x86
		{9C904B7C-65F6-4AF2-8502-1183D00E5E0C}.Debug|x86.Build.0 = Debug|x86
		{9C904B7C-65F6-4AF2-8502-1183D00E5E0C}.Release|Any CPU.ActiveCfg = Release|x86
		{9C904B7C-65F6-4AF2-8502-1183D00E5E0C}.Release|Mixed Platforms.ActiveCfg = Release|x86
		{9C904B7C-65F6-4AF2-8502-1183D00E5E0C}.Release|Mixed Platforms.Build.0 = Release|x86
		{9C904B7C-65F6-4AF2-8502-1183D00E5E0C}.Release|Win32.ActiveCfg = Release|x86
		{9C904B7C-65F6-4AF2-8502-1183D00E5E0C}.Release|x64.ActiveCfg = Release|x86
		{9C904B7C-65F6-4AF2-8502-1183D00E5E0C}.Release|x86.ActiveCfg = Release|x86
		{9C904B7C-65F6-4AF2-8502-1183D00E5E0C}.Release|x86.Build.0 = Release|x86
		{26DBF35D-47A6-4741-B059-841C5441BCD6}.Debug|Any CPU.ActiveCfg = Debug|Any CPU
		{26DBF35D-47A6-4741-B059-841C5441BCD6}.Debug|Any CPU.Build.0 = Debug|Any CPU
		{26DBF35D-47A6-4741-B059-841C5441BCD6}.Debug|Mixed Platforms.ActiveCfg = Debug|Any CPU
		{26DBF35D-47A6-4741-B059-841C5441BCD6}.Debug|Mixed Platforms.Build.0 = Debug|Any CPU
		{26DBF35D-47A6-4741-B059-841C5441BCD6}.Debug|Win32.ActiveCfg = Debug|Any CPU
		{26DBF35D-47A6-4741-B059-841C5441BCD6}.Debug|x64.ActiveCfg = Debug|Any CPU
		{26DBF35D-47A6-4741-B059-841C5441BCD6}.Debug|x86.ActiveCfg = Debug|Any CPU
		{26DBF35D-47A6-4741-B059-841C5441BCD6}.Release|Any CPU.ActiveCfg = Release|Any CPU
		{26DBF35D-47A6-4741-B059-841C5441BCD6}.Release|Any CPU.Build.0 = Release|Any CPU
		{26DBF35D-47A6-4741-B059-841C5441BCD6}.Release|Mixed Platforms.ActiveCfg = Release|Any CPU
		{26DBF35D-47A6-4741-B059-841C5441BCD6}.Release|Mixed Platforms.Build.0 = Release|Any CPU
		{26DBF35D-47A6-4741-B059-841C5441BCD6}.Release|Win32.ActiveCfg = Release|Any CPU
		{26DBF35D-47A6-4741-B059-841C5441BCD6}.Release|x64.ActiveCfg = Release|Any CPU
		{26DBF35D-47A6-4741-B059-841C5441BCD6}.Release|x86.ActiveCfg = Release|Any CPU
		{8ECEF885-63EC-4A82-A219-4AB312D1B097}.Debug|Any CPU.ActiveCfg = Debug|Any CPU
		{8ECEF885-63EC-4A82-A219-4AB312D1B097}.Debug|Any CPU.Build.0 = Debug|Any CPU
		{8ECEF885-63EC-4A82-A219-4AB312D1B097}.Debug|Mixed Platforms.ActiveCfg = Debug|Any CPU
		{8ECEF885-63EC-4A82-A219-4AB312D1B097}.Debug|Mixed Platforms.Build.0 = Debug|Any CPU
		{8ECEF885-63EC-4A82-A219-4AB312D1B097}.Debug|Win32.ActiveCfg = Debug|Any CPU
		{8ECEF885-63EC-4A82-A219-4AB312D1B097}.Debug|x64.ActiveCfg = Debug|Any CPU
		{8ECEF885-63EC-4A82-A219-4AB312D1B097}.Debug|x86.ActiveCfg = Debug|Any CPU
		{8ECEF885-63EC-4A82-A219-4AB312D1B097}.Release|Any CPU.ActiveCfg = Release|Any CPU
		{8ECEF885-63EC-4A82-A219-4AB312D1B097}.Release|Any CPU.Build.0 = Release|Any CPU
		{8ECEF885-63EC-4A82-A219-4AB312D1B097}.Release|Mixed Platforms.ActiveCfg = Release|Any CPU
		{8ECEF885-63EC-4A82-A219-4AB312D1B097}.Release|Mixed Platforms.Build.0 = Release|Any CPU
		{8ECEF885-63EC-4A82-A219-4AB312D1B097}.Release|Win32.ActiveCfg = Release|Any CPU
		{8ECEF885-63EC-4A82-A219-4AB312D1B097}.Release|x64.ActiveCfg = Release|Any CPU
		{8ECEF885-63EC-4A82-A219-4AB312D1B097}.Release|x86.ActiveCfg = Release|Any CPU
		{958A2EA3-E86B-41AC-835B-5CA467C5B5A0}.Debug|Any CPU.ActiveCfg = Debug|Any CPU
		{958A2EA3-E86B-41AC-835B-5CA467C5B5A0}.Debug|Any CPU.Build.0 = Debug|Any CPU
		{958A2EA3-E86B-41AC-835B-5CA467C5B5A0}.Debug|Mixed Platforms.ActiveCfg = Debug|Any CPU
		{958A2EA3-E86B-41AC-835B-5CA467C5B5A0}.Debug|Mixed Platforms.Build.0 = Debug|Any CPU
		{958A2EA3-E86B-41AC-835B-5CA467C5B5A0}.Debug|Win32.ActiveCfg = Debug|Any CPU
		{958A2EA3-E86B-41AC-835B-5CA467C5B5A0}.Debug|x64.ActiveCfg = Debug|Any CPU
		{958A2EA3-E86B-41AC-835B-5CA467C5B5A0}.Debug|x86.ActiveCfg = Debug|Any CPU
		{958A2EA3-E86B-41AC-835B-5CA467C5B5A0}.Release|Any CPU.ActiveCfg = Release|Any CPU
		{958A2EA3-E86B-41AC-835B-5CA467C5B5A0}.Release|Any CPU.Build.0 = Release|Any CPU
		{958A2EA3-E86B-41AC-835B-5CA467C5B5A0}.Release|Mixed Platforms.ActiveCfg = Release|Any CPU
		{958A2EA3-E86B-41AC-835B-5CA467C5B5A0}.Release|Mixed Platforms.Build.0 = Release|Any CPU
		{958A2EA3-E86B-41AC-835B-5CA467C5B5A0}.Release|Win32.ActiveCfg = Release|Any CPU
		{958A2EA3-E86B-41AC-835B-5CA467C5B5A0}.Release|x64.ActiveCfg = Release|Any CPU
		{958A2EA3-E86B-41AC-835B-5CA467C5B5A0}.Release|x86.ActiveCfg = Release|Any CPU
		{E5DAD0AF-BFB8-4B65-ACED-0D4E9843DAB9}.Debug|Any CPU.ActiveCfg = Debug|Any CPU
		{E5DAD0AF-BFB8-4B65-ACED-0D4E9843DAB9}.Debug|Any CPU.Build.0 = Debug|Any CPU
		{E5DAD0AF-BFB8-4B65-ACED-0D4E9843DAB9}.Debug|Mixed Platforms.ActiveCfg = Debug|x86
		{E5DAD0AF-BFB8-4B65-ACED-0D4E9843DAB9}.Debug|Mixed Platforms.Build.0 = Debug|x86
		{E5DAD0AF-BFB8-4B65-ACED-0D4E9843DAB9}.Debug|Win32.ActiveCfg = Debug|x86
		{E5DAD0AF-BFB8-4B65-ACED-0D4E9843DAB9}.Debug|x64.ActiveCfg = Debug|x86
		{E5DAD0AF-BFB8-4B65-ACED-0D4E9843DAB9}.Debug|x86.ActiveCfg = Debug|x86
		{E5DAD0AF-BFB8-4B65-ACED-0D4E9843DAB9}.Debug|x86.Build.0 = Debug|x86
		{E5DAD0AF-BFB8-4B65-ACED-0D4E9843DAB9}.Release|Any CPU.ActiveCfg = Release|x86
		{E5DAD0AF-BFB8-4B65-ACED-0D4E9843DAB9}.Release|Mixed Platforms.ActiveCfg = Release|x86
		{E5DAD0AF-BFB8-4B65-ACED-0D4E9843DAB9}.Release|Mixed Platforms.Build.0 = Release|x86
		{E5DAD0AF-BFB8-4B65-ACED-0D4E9843DAB9}.Release|Win32.ActiveCfg = Release|x86
		{E5DAD0AF-BFB8-4B65-ACED-0D4E9843DAB9}.Release|x64.ActiveCfg = Release|x86
		{E5DAD0AF-BFB8-4B65-ACED-0D4E9843DAB9}.Release|x86.ActiveCfg = Release|x86
		{E5DAD0AF-BFB8-4B65-ACED-0D4E9843DAB9}.Release|x86.Build.0 = Release|x86
		{3000DCA4-0973-4E39-B2AA-56751DCB04CC}.Debug|Any CPU.ActiveCfg = Debug|Any CPU
		{3000DCA4-0973-4E39-B2AA-56751DCB04CC}.Debug|Any CPU.Build.0 = Debug|Any CPU
		{3000DCA4-0973-4E39-B2AA-56751DCB04CC}.Debug|Mixed Platforms.ActiveCfg = Debug|Any CPU
		{3000DCA4-0973-4E39-B2AA-56751DCB04CC}.Debug|Mixed Platforms.Build.0 = Debug|Any CPU
		{3000DCA4-0973-4E39-B2AA-56751DCB04CC}.Debug|Win32.ActiveCfg = Debug|Any CPU
		{3000DCA4-0973-4E39-B2AA-56751DCB04CC}.Debug|x64.ActiveCfg = Debug|Any CPU
		{3000DCA4-0973-4E39-B2AA-56751DCB04CC}.Debug|x86.ActiveCfg = Debug|Any CPU
		{3000DCA4-0973-4E39-B2AA-56751DCB04CC}.Release|Any CPU.ActiveCfg = Release|Any CPU
		{3000DCA4-0973-4E39-B2AA-56751DCB04CC}.Release|Any CPU.Build.0 = Release|Any CPU
		{3000DCA4-0973-4E39-B2AA-56751DCB04CC}.Release|Mixed Platforms.ActiveCfg = Release|Any CPU
		{3000DCA4-0973-4E39-B2AA-56751DCB04CC}.Release|Mixed Platforms.Build.0 = Release|Any CPU
		{3000DCA4-0973-4E39-B2AA-56751DCB04CC}.Release|Win32.ActiveCfg = Release|Any CPU
		{3000DCA4-0973-4E39-B2AA-56751DCB04CC}.Release|x64.ActiveCfg = Release|Any CPU
		{3000DCA4-0973-4E39-B2AA-56751DCB04CC}.Release|x86.ActiveCfg = Release|Any CPU
		{059F3E22-F63A-40C0-AA30-13C673BFF1B3}.Debug|Any CPU.ActiveCfg = Debug|Any CPU
		{059F3E22-F63A-40C0-AA30-13C673BFF1B3}.Debug|Any CPU.Build.0 = Debug|Any CPU
		{059F3E22-F63A-40C0-AA30-13C673BFF1B3}.Debug|Mixed Platforms.ActiveCfg = Debug|Any CPU
		{059F3E22-F63A-40C0-AA30-13C673BFF1B3}.Debug|Mixed Platforms.Build.0 = Debug|Any CPU
		{059F3E22-F63A-40C0-AA30-13C673BFF1B3}.Debug|Win32.ActiveCfg = Debug|Any CPU
		{059F3E22-F63A-40C0-AA30-13C673BFF1B3}.Debug|x64.ActiveCfg = Debug|x86
		{059F3E22-F63A-40C0-AA30-13C673BFF1B3}.Debug|x86.ActiveCfg = Debug|x86
		{059F3E22-F63A-40C0-AA30-13C673BFF1B3}.Debug|x86.Build.0 = Debug|x86
		{059F3E22-F63A-40C0-AA30-13C673BFF1B3}.Release|Any CPU.ActiveCfg = Release|Any CPU
		{059F3E22-F63A-40C0-AA30-13C673BFF1B3}.Release|Any CPU.Build.0 = Release|Any CPU
		{059F3E22-F63A-40C0-AA30-13C673BFF1B3}.Release|Mixed Platforms.ActiveCfg = Release|Any CPU
		{059F3E22-F63A-40C0-AA30-13C673BFF1B3}.Release|Mixed Platforms.Build.0 = Release|Any CPU
		{059F3E22-F63A-40C0-AA30-13C673BFF1B3}.Release|Win32.ActiveCfg = Release|Any CPU
		{059F3E22-F63A-40C0-AA30-13C673BFF1B3}.Release|x64.ActiveCfg = Release|x86
		{059F3E22-F63A-40C0-AA30-13C673BFF1B3}.Release|x86.ActiveCfg = Release|x86
		{059F3E22-F63A-40C0-AA30-13C673BFF1B3}.Release|x86.Build.0 = Release|x86
		{3F1070EF-9739-4A32-941A-2B1705972E23}.Debug|Any CPU.ActiveCfg = Debug|Any CPU
		{3F1070EF-9739-4A32-941A-2B1705972E23}.Debug|Any CPU.Build.0 = Debug|Any CPU
		{3F1070EF-9739-4A32-941A-2B1705972E23}.Debug|Mixed Platforms.ActiveCfg = Debug|Any CPU
		{3F1070EF-9739-4A32-941A-2B1705972E23}.Debug|Mixed Platforms.Build.0 = Debug|Any CPU
		{3F1070EF-9739-4A32-941A-2B1705972E23}.Debug|Win32.ActiveCfg = Debug|Any CPU
		{3F1070EF-9739-4A32-941A-2B1705972E23}.Debug|x64.ActiveCfg = Debug|x86
		{3F1070EF-9739-4A32-941A-2B1705972E23}.Debug|x86.ActiveCfg = Debug|x86
		{3F1070EF-9739-4A32-941A-2B1705972E23}.Debug|x86.Build.0 = Debug|x86
		{3F1070EF-9739-4A32-941A-2B1705972E23}.Release|Any CPU.ActiveCfg = Release|Any CPU
		{3F1070EF-9739-4A32-941A-2B1705972E23}.Release|Any CPU.Build.0 = Release|Any CPU
		{3F1070EF-9739-4A32-941A-2B1705972E23}.Release|Mixed Platforms.ActiveCfg = Release|Any CPU
		{3F1070EF-9739-4A32-941A-2B1705972E23}.Release|Mixed Platforms.Build.0 = Release|Any CPU
		{3F1070EF-9739-4A32-941A-2B1705972E23}.Release|Win32.ActiveCfg = Release|Any CPU
		{3F1070EF-9739-4A32-941A-2B1705972E23}.Release|x64.ActiveCfg = Release|x86
		{3F1070EF-9739-4A32-941A-2B1705972E23}.Release|x86.ActiveCfg = Release|x86
		{3F1070EF-9739-4A32-941A-2B1705972E23}.Release|x86.Build.0 = Release|x86
	EndGlobalSection
	GlobalSection(SolutionProperties) = preSolution
		HideSolutionNode = FALSE
	EndGlobalSection
	GlobalSection(NestedProjects) = preSolution
		{6FD0C41C-74AE-481C-8888-A4C9E722F22D} = {046A8238-551B-4807-809B-E102E015A1D6}
		{2936A9F9-4B77-4D64-BE84-C093F107807C} = {046A8238-551B-4807-809B-E102E015A1D6}
		{268E894D-E8E1-496D-A017-9C087851B7DE} = {046A8238-551B-4807-809B-E102E015A1D6}
		{986603EA-E2BF-48CC-8991-7F0FEAE2D596} = {046A8238-551B-4807-809B-E102E015A1D6}
		{456EBB9D-FA02-4DDC-90C1-DC4478F4C0C8} = {046A8238-551B-4807-809B-E102E015A1D6}
		{B6DCD0A9-BB40-4102-8C38-F846FC9EE514} = {046A8238-551B-4807-809B-E102E015A1D6}
		{7A69CECC-2A28-48AC-ACFB-3A71D133E490} = {046A8238-551B-4807-809B-E102E015A1D6}
		{99D1FCB5-2B3B-4E2E-9FDC-A5AF6F0970C5} = {6FD0C41C-74AE-481C-8888-A4C9E722F22D}
		{F54F5361-F0E1-4D8E-8AB9-56A6EBFF1DBB} = {2936A9F9-4B77-4D64-BE84-C093F107807C}
		{BCE8E081-BD05-4A38-8DB9-7B0BC70AD879} = {268E894D-E8E1-496D-A017-9C087851B7DE}
		{BF4F383C-EEBD-464E-A588-3C066EBBF0B0} = {268E894D-E8E1-496D-A017-9C087851B7DE}
		{482891B9-CC25-41F7-AA5C-CCBC73A1C638} = {268E894D-E8E1-496D-A017-9C087851B7DE}
		{93716298-9FA4-4002-AE0B-4C9F4705CCEA} = {986603EA-E2BF-48CC-8991-7F0FEAE2D596}
		{9C904B7C-65F6-4AF2-8502-1183D00E5E0C} = {456EBB9D-FA02-4DDC-90C1-DC4478F4C0C8}
		{059F3E22-F63A-40C0-AA30-13C673BFF1B3} = {B6DCD0A9-BB40-4102-8C38-F846FC9EE514}
		{E5DAD0AF-BFB8-4B65-ACED-0D4E9843DAB9} = {7A69CECC-2A28-48AC-ACFB-3A71D133E490}
		{3F1070EF-9739-4A32-941A-2B1705972E23} = {7A69CECC-2A28-48AC-ACFB-3A71D133E490}
	EndGlobalSection
EndGlobal
