
Microsoft Visual Studio Solution File, Format Version 11.00
# Visual Studio 2010
Project("{FAE04EC0-301F-11D3-BF4B-00C04F79EFBC}") = "SlimDX2", "Sources\SlimDX2\SlimDX2.csproj", "{2E4B74FE-4A58-4EC5-9CC3-08AE5660F3BD}"
EndProject
Project("{FAE04EC0-301F-11D3-BF4B-00C04F79EFBC}") = "SlimDX2.DXGI", "Sources\SlimDX2.DXGI\SlimDX2.DXGI.csproj", "{EDD64238-EAB7-43E8-B080-5D33433B5607}"
EndProject
Project("{FAE04EC0-301F-11D3-BF4B-00C04F79EFBC}") = "SlimDX2.D3DCompiler", "Sources\SlimDX2.D3DCompiler\SlimDX2.D3DCompiler.csproj", "{61C6F66F-04A4-4B98-BC2A-FD08FF11D461}"
EndProject
Project("{FAE04EC0-301F-11D3-BF4B-00C04F79EFBC}") = "SlimDX2.Direct3D11", "Sources\SlimDX2.Direct3D11\SlimDX2.Direct3D11.csproj", "{7402202E-D81C-4711-99E8-245DB26C2630}"
EndProject
Project("{2150E333-8FDC-42A3-9474-1A3956D46DE8}") = "Direct3D11", "Direct3D11", "{6FD0C41C-74AE-481C-8888-A4C9E722F22D}"
EndProject
Project("{2150E333-8FDC-42A3-9474-1A3956D46DE8}") = "Samples", "Samples", "{046A8238-551B-4807-809B-E102E015A1D6}"
EndProject
Project("{FAE04EC0-301F-11D3-BF4B-00C04F79EFBC}") = "SlimDX2.Direct3D10", "Sources\SlimDX2.Direct3D10\SlimDX2.Direct3D10.csproj", "{96F241EA-13BB-4404-8788-EAF965030E5A}"
EndProject
Project("{2150E333-8FDC-42A3-9474-1A3956D46DE8}") = "Direct3D10", "Direct3D10", "{2936A9F9-4B77-4D64-BE84-C093F107807C}"
EndProject
Project("{FAE04EC0-301F-11D3-BF4B-00C04F79EFBC}") = "SlimDX2.Direct2D1", "Sources\SlimDX2.Direct2D1\SlimDX2.Direct2D1.csproj", "{6C573B77-76D7-4DB8-93A4-DF613A5F26F8}"
EndProject
Project("{2150E333-8FDC-42A3-9474-1A3956D46DE8}") = "Direct2D1", "Direct2D1", "{268E894D-E8E1-496D-A017-9C087851B7DE}"
EndProject
Project("{FAE04EC0-301F-11D3-BF4B-00C04F79EFBC}") = "MiniRect", "Samples\Direct2D1\MiniTri\MiniRect.csproj", "{482891B9-CC25-41F7-AA5C-CCBC73A1C638}"
EndProject
Project("{FAE04EC0-301F-11D3-BF4B-00C04F79EFBC}") = "MiniTri", "Samples\Direct3D10\MiniTri\MiniTri.csproj", "{F54F5361-F0E1-4D8E-8AB9-56A6EBFF1DBB}"
EndProject
Project("{FAE04EC0-301F-11D3-BF4B-00C04F79EFBC}") = "MiniTri", "Samples\Direct3D11\MiniTri\MiniTri.csproj", "{99D1FCB5-2B3B-4E2E-9FDC-A5AF6F0970C5}"
EndProject
Project("{FAE04EC0-301F-11D3-BF4B-00C04F79EFBC}") = "SlimDX2.Samples", "Samples\SlimDX2.Samples\SlimDX2.Samples.csproj", "{93716298-9FA4-4002-AE0B-4C9F4705CCEA}"
EndProject
Project("{2150E333-8FDC-42A3-9474-1A3956D46DE8}") = "Common", "Common", "{986603EA-E2BF-48CC-8991-7F0FEAE2D596}"
EndProject
Project("{FAE04EC0-301F-11D3-BF4B-00C04F79EFBC}") = "TextRenderingApp", "Samples\Direct2D1\TextRenderingApp\TextRenderingApp.csproj", "{BCE8E081-BD05-4A38-8DB9-7B0BC70AD879}"
EndProject
Project("{FAE04EC0-301F-11D3-BF4B-00C04F79EFBC}") = "TessellateApp", "Samples\Direct2D1\TessellateApp\TessellateApp.csproj", "{BF4F383C-EEBD-464E-A588-3C066EBBF0B0}"
EndProject
Global
	GlobalSection(SolutionConfigurationPlatforms) = preSolution
		Debug|Any CPU = Debug|Any CPU
		Debug|Mixed Platforms = Debug|Mixed Platforms
		Debug|Win32 = Debug|Win32
		Debug|x64 = Debug|x64
		Debug|x86 = Debug|x86
		Release|Any CPU = Release|Any CPU
		Release|Mixed Platforms = Release|Mixed Platforms
		Release|Win32 = Release|Win32
		Release|x64 = Release|x64
		Release|x86 = Release|x86
	EndGlobalSection
	GlobalSection(ProjectConfigurationPlatforms) = postSolution
		{2E4B74FE-4A58-4EC5-9CC3-08AE5660F3BD}.Debug|Any CPU.ActiveCfg = Debug|Any CPU
		{2E4B74FE-4A58-4EC5-9CC3-08AE5660F3BD}.Debug|Any CPU.Build.0 = Debug|Any CPU
		{2E4B74FE-4A58-4EC5-9CC3-08AE5660F3BD}.Debug|Mixed Platforms.ActiveCfg = Debug|Any CPU
		{2E4B74FE-4A58-4EC5-9CC3-08AE5660F3BD}.Debug|Mixed Platforms.Build.0 = Debug|Any CPU
		{2E4B74FE-4A58-4EC5-9CC3-08AE5660F3BD}.Debug|Win32.ActiveCfg = Debug|Any CPU
		{2E4B74FE-4A58-4EC5-9CC3-08AE5660F3BD}.Debug|x64.ActiveCfg = Debug|x64
		{2E4B74FE-4A58-4EC5-9CC3-08AE5660F3BD}.Debug|x64.Build.0 = Debug|x64
		{2E4B74FE-4A58-4EC5-9CC3-08AE5660F3BD}.Debug|x86.ActiveCfg = Debug|x86
		{2E4B74FE-4A58-4EC5-9CC3-08AE5660F3BD}.Debug|x86.Build.0 = Debug|x86
		{2E4B74FE-4A58-4EC5-9CC3-08AE5660F3BD}.Release|Any CPU.ActiveCfg = Release|Any CPU
		{2E4B74FE-4A58-4EC5-9CC3-08AE5660F3BD}.Release|Any CPU.Build.0 = Release|Any CPU
		{2E4B74FE-4A58-4EC5-9CC3-08AE5660F3BD}.Release|Mixed Platforms.ActiveCfg = Release|Any CPU
		{2E4B74FE-4A58-4EC5-9CC3-08AE5660F3BD}.Release|Mixed Platforms.Build.0 = Release|Any CPU
		{2E4B74FE-4A58-4EC5-9CC3-08AE5660F3BD}.Release|Win32.ActiveCfg = Release|Any CPU
		{2E4B74FE-4A58-4EC5-9CC3-08AE5660F3BD}.Release|x64.ActiveCfg = Release|Any CPU
		{2E4B74FE-4A58-4EC5-9CC3-08AE5660F3BD}.Release|x86.ActiveCfg = Release|Any CPU
		{EDD64238-EAB7-43E8-B080-5D33433B5607}.Debug|Any CPU.ActiveCfg = Debug|Any CPU
		{EDD64238-EAB7-43E8-B080-5D33433B5607}.Debug|Any CPU.Build.0 = Debug|Any CPU
		{EDD64238-EAB7-43E8-B080-5D33433B5607}.Debug|Mixed Platforms.ActiveCfg = Debug|Any CPU
		{EDD64238-EAB7-43E8-B080-5D33433B5607}.Debug|Mixed Platforms.Build.0 = Debug|Any CPU
		{EDD64238-EAB7-43E8-B080-5D33433B5607}.Debug|Win32.ActiveCfg = Debug|Any CPU
		{EDD64238-EAB7-43E8-B080-5D33433B5607}.Debug|x64.ActiveCfg = Debug|x64
		{EDD64238-EAB7-43E8-B080-5D33433B5607}.Debug|x64.Build.0 = Debug|x64
		{EDD64238-EAB7-43E8-B080-5D33433B5607}.Debug|x86.ActiveCfg = Debug|x86
		{EDD64238-EAB7-43E8-B080-5D33433B5607}.Debug|x86.Build.0 = Debug|x86
		{EDD64238-EAB7-43E8-B080-5D33433B5607}.Release|Any CPU.ActiveCfg = Release|Any CPU
		{EDD64238-EAB7-43E8-B080-5D33433B5607}.Release|Any CPU.Build.0 = Release|Any CPU
		{EDD64238-EAB7-43E8-B080-5D33433B5607}.Release|Mixed Platforms.ActiveCfg = Release|Any CPU
		{EDD64238-EAB7-43E8-B080-5D33433B5607}.Release|Mixed Platforms.Build.0 = Release|Any CPU
		{EDD64238-EAB7-43E8-B080-5D33433B5607}.Release|Win32.ActiveCfg = Release|Any CPU
		{EDD64238-EAB7-43E8-B080-5D33433B5607}.Release|x64.ActiveCfg = Release|Any CPU
		{EDD64238-EAB7-43E8-B080-5D33433B5607}.Release|x86.ActiveCfg = Release|Any CPU
		{61C6F66F-04A4-4B98-BC2A-FD08FF11D461}.Debug|Any CPU.ActiveCfg = Debug|Any CPU
		{61C6F66F-04A4-4B98-BC2A-FD08FF11D461}.Debug|Any CPU.Build.0 = Debug|Any CPU
		{61C6F66F-04A4-4B98-BC2A-FD08FF11D461}.Debug|Mixed Platforms.ActiveCfg = Debug|Any CPU
		{61C6F66F-04A4-4B98-BC2A-FD08FF11D461}.Debug|Mixed Platforms.Build.0 = Debug|Any CPU
		{61C6F66F-04A4-4B98-BC2A-FD08FF11D461}.Debug|Win32.ActiveCfg = Debug|Any CPU
		{61C6F66F-04A4-4B98-BC2A-FD08FF11D461}.Debug|x64.ActiveCfg = Debug|x64
		{61C6F66F-04A4-4B98-BC2A-FD08FF11D461}.Debug|x64.Build.0 = Debug|x64
		{61C6F66F-04A4-4B98-BC2A-FD08FF11D461}.Debug|x86.ActiveCfg = Debug|x86
		{61C6F66F-04A4-4B98-BC2A-FD08FF11D461}.Debug|x86.Build.0 = Debug|x86
		{61C6F66F-04A4-4B98-BC2A-FD08FF11D461}.Release|Any CPU.ActiveCfg = Release|Any CPU
		{61C6F66F-04A4-4B98-BC2A-FD08FF11D461}.Release|Any CPU.Build.0 = Release|Any CPU
		{61C6F66F-04A4-4B98-BC2A-FD08FF11D461}.Release|Mixed Platforms.ActiveCfg = Release|Any CPU
		{61C6F66F-04A4-4B98-BC2A-FD08FF11D461}.Release|Mixed Platforms.Build.0 = Release|Any CPU
		{61C6F66F-04A4-4B98-BC2A-FD08FF11D461}.Release|Win32.ActiveCfg = Release|Any CPU
		{61C6F66F-04A4-4B98-BC2A-FD08FF11D461}.Release|x64.ActiveCfg = Release|Any CPU
		{61C6F66F-04A4-4B98-BC2A-FD08FF11D461}.Release|x86.ActiveCfg = Release|Any CPU
		{7402202E-D81C-4711-99E8-245DB26C2630}.Debug|Any CPU.ActiveCfg = Debug|Any CPU
		{7402202E-D81C-4711-99E8-245DB26C2630}.Debug|Any CPU.Build.0 = Debug|Any CPU
		{7402202E-D81C-4711-99E8-245DB26C2630}.Debug|Mixed Platforms.ActiveCfg = Debug|Any CPU
		{7402202E-D81C-4711-99E8-245DB26C2630}.Debug|Mixed Platforms.Build.0 = Debug|Any CPU
		{7402202E-D81C-4711-99E8-245DB26C2630}.Debug|Win32.ActiveCfg = Debug|Any CPU
		{7402202E-D81C-4711-99E8-245DB26C2630}.Debug|x64.ActiveCfg = Debug|x64
		{7402202E-D81C-4711-99E8-245DB26C2630}.Debug|x64.Build.0 = Debug|x64
		{7402202E-D81C-4711-99E8-245DB26C2630}.Debug|x86.ActiveCfg = Debug|x86
		{7402202E-D81C-4711-99E8-245DB26C2630}.Debug|x86.Build.0 = Debug|x86
		{7402202E-D81C-4711-99E8-245DB26C2630}.Release|Any CPU.ActiveCfg = Release|Any CPU
		{7402202E-D81C-4711-99E8-245DB26C2630}.Release|Any CPU.Build.0 = Release|Any CPU
		{7402202E-D81C-4711-99E8-245DB26C2630}.Release|Mixed Platforms.ActiveCfg = Release|Any CPU
		{7402202E-D81C-4711-99E8-245DB26C2630}.Release|Mixed Platforms.Build.0 = Release|Any CPU
		{7402202E-D81C-4711-99E8-245DB26C2630}.Release|Win32.ActiveCfg = Release|Any CPU
		{7402202E-D81C-4711-99E8-245DB26C2630}.Release|x64.ActiveCfg = Release|Any CPU
		{7402202E-D81C-4711-99E8-245DB26C2630}.Release|x86.ActiveCfg = Release|Any CPU
		{96F241EA-13BB-4404-8788-EAF965030E5A}.Debug|Any CPU.ActiveCfg = Debug|Any CPU
		{96F241EA-13BB-4404-8788-EAF965030E5A}.Debug|Any CPU.Build.0 = Debug|Any CPU
		{96F241EA-13BB-4404-8788-EAF965030E5A}.Debug|Mixed Platforms.ActiveCfg = Debug|Any CPU
		{96F241EA-13BB-4404-8788-EAF965030E5A}.Debug|Mixed Platforms.Build.0 = Debug|Any CPU
		{96F241EA-13BB-4404-8788-EAF965030E5A}.Debug|Win32.ActiveCfg = Debug|Any CPU
		{96F241EA-13BB-4404-8788-EAF965030E5A}.Debug|x64.ActiveCfg = Debug|x64
		{96F241EA-13BB-4404-8788-EAF965030E5A}.Debug|x64.Build.0 = Debug|x64
		{96F241EA-13BB-4404-8788-EAF965030E5A}.Debug|x86.ActiveCfg = Debug|x86
		{96F241EA-13BB-4404-8788-EAF965030E5A}.Debug|x86.Build.0 = Debug|x86
		{96F241EA-13BB-4404-8788-EAF965030E5A}.Release|Any CPU.ActiveCfg = Release|Any CPU
		{96F241EA-13BB-4404-8788-EAF965030E5A}.Release|Any CPU.Build.0 = Release|Any CPU
		{96F241EA-13BB-4404-8788-EAF965030E5A}.Release|Mixed Platforms.ActiveCfg = Release|Any CPU
		{96F241EA-13BB-4404-8788-EAF965030E5A}.Release|Mixed Platforms.Build.0 = Release|Any CPU
		{96F241EA-13BB-4404-8788-EAF965030E5A}.Release|Win32.ActiveCfg = Release|Any CPU
		{96F241EA-13BB-4404-8788-EAF965030E5A}.Release|x64.ActiveCfg = Release|Any CPU
		{96F241EA-13BB-4404-8788-EAF965030E5A}.Release|x86.ActiveCfg = Release|Any CPU
		{6C573B77-76D7-4DB8-93A4-DF613A5F26F8}.Debug|Any CPU.ActiveCfg = Debug|Any CPU
		{6C573B77-76D7-4DB8-93A4-DF613A5F26F8}.Debug|Any CPU.Build.0 = Debug|Any CPU
		{6C573B77-76D7-4DB8-93A4-DF613A5F26F8}.Debug|Mixed Platforms.ActiveCfg = Debug|Any CPU
		{6C573B77-76D7-4DB8-93A4-DF613A5F26F8}.Debug|Mixed Platforms.Build.0 = Debug|Any CPU
		{6C573B77-76D7-4DB8-93A4-DF613A5F26F8}.Debug|Win32.ActiveCfg = Debug|Any CPU
		{6C573B77-76D7-4DB8-93A4-DF613A5F26F8}.Debug|x64.ActiveCfg = Debug|x64
		{6C573B77-76D7-4DB8-93A4-DF613A5F26F8}.Debug|x64.Build.0 = Debug|x64
		{6C573B77-76D7-4DB8-93A4-DF613A5F26F8}.Debug|x86.ActiveCfg = Debug|x86
		{6C573B77-76D7-4DB8-93A4-DF613A5F26F8}.Debug|x86.Build.0 = Debug|x86
		{6C573B77-76D7-4DB8-93A4-DF613A5F26F8}.Release|Any CPU.ActiveCfg = Release|Any CPU
		{6C573B77-76D7-4DB8-93A4-DF613A5F26F8}.Release|Any CPU.Build.0 = Release|Any CPU
		{6C573B77-76D7-4DB8-93A4-DF613A5F26F8}.Release|Mixed Platforms.ActiveCfg = Release|Any CPU
		{6C573B77-76D7-4DB8-93A4-DF613A5F26F8}.Release|Mixed Platforms.Build.0 = Release|Any CPU
		{6C573B77-76D7-4DB8-93A4-DF613A5F26F8}.Release|Win32.ActiveCfg = Release|Any CPU
		{6C573B77-76D7-4DB8-93A4-DF613A5F26F8}.Release|x64.ActiveCfg = Release|Any CPU
		{6C573B77-76D7-4DB8-93A4-DF613A5F26F8}.Release|x86.ActiveCfg = Release|Any CPU
		{482891B9-CC25-41F7-AA5C-CCBC73A1C638}.Debug|Any CPU.ActiveCfg = Debug|Any CPU
		{482891B9-CC25-41F7-AA5C-CCBC73A1C638}.Debug|Any CPU.Build.0 = Debug|Any CPU
		{482891B9-CC25-41F7-AA5C-CCBC73A1C638}.Debug|Mixed Platforms.ActiveCfg = Debug|Any CPU
		{482891B9-CC25-41F7-AA5C-CCBC73A1C638}.Debug|Mixed Platforms.Build.0 = Debug|Any CPU
		{482891B9-CC25-41F7-AA5C-CCBC73A1C638}.Debug|Win32.ActiveCfg = Debug|Any CPU
		{482891B9-CC25-41F7-AA5C-CCBC73A1C638}.Debug|x64.ActiveCfg = Debug|x64
		{482891B9-CC25-41F7-AA5C-CCBC73A1C638}.Debug|x64.Build.0 = Debug|x64
		{482891B9-CC25-41F7-AA5C-CCBC73A1C638}.Debug|x86.ActiveCfg = Debug|x86
		{482891B9-CC25-41F7-AA5C-CCBC73A1C638}.Debug|x86.Build.0 = Debug|x86
		{482891B9-CC25-41F7-AA5C-CCBC73A1C638}.Release|Any CPU.ActiveCfg = Release|Any CPU
		{482891B9-CC25-41F7-AA5C-CCBC73A1C638}.Release|Any CPU.Build.0 = Release|Any CPU
		{482891B9-CC25-41F7-AA5C-CCBC73A1C638}.Release|Mixed Platforms.ActiveCfg = Release|Any CPU
		{482891B9-CC25-41F7-AA5C-CCBC73A1C638}.Release|Mixed Platforms.Build.0 = Release|Any CPU
		{482891B9-CC25-41F7-AA5C-CCBC73A1C638}.Release|Win32.ActiveCfg = Release|Any CPU
		{482891B9-CC25-41F7-AA5C-CCBC73A1C638}.Release|x64.ActiveCfg = Release|x86
		{482891B9-CC25-41F7-AA5C-CCBC73A1C638}.Release|x86.ActiveCfg = Release|x86
		{482891B9-CC25-41F7-AA5C-CCBC73A1C638}.Release|x86.Build.0 = Release|x86
		{F54F5361-F0E1-4D8E-8AB9-56A6EBFF1DBB}.Debug|Any CPU.ActiveCfg = Debug|Any CPU
		{F54F5361-F0E1-4D8E-8AB9-56A6EBFF1DBB}.Debug|Any CPU.Build.0 = Debug|Any CPU
		{F54F5361-F0E1-4D8E-8AB9-56A6EBFF1DBB}.Debug|Mixed Platforms.ActiveCfg = Debug|Any CPU
		{F54F5361-F0E1-4D8E-8AB9-56A6EBFF1DBB}.Debug|Mixed Platforms.Build.0 = Debug|Any CPU
		{F54F5361-F0E1-4D8E-8AB9-56A6EBFF1DBB}.Debug|Win32.ActiveCfg = Debug|Any CPU
		{F54F5361-F0E1-4D8E-8AB9-56A6EBFF1DBB}.Debug|x64.ActiveCfg = Debug|x64
		{F54F5361-F0E1-4D8E-8AB9-56A6EBFF1DBB}.Debug|x64.Build.0 = Debug|x64
		{F54F5361-F0E1-4D8E-8AB9-56A6EBFF1DBB}.Debug|x86.ActiveCfg = Debug|x86
		{F54F5361-F0E1-4D8E-8AB9-56A6EBFF1DBB}.Debug|x86.Build.0 = Debug|x86
		{F54F5361-F0E1-4D8E-8AB9-56A6EBFF1DBB}.Release|Any CPU.ActiveCfg = Release|Any CPU
		{F54F5361-F0E1-4D8E-8AB9-56A6EBFF1DBB}.Release|Any CPU.Build.0 = Release|Any CPU
		{F54F5361-F0E1-4D8E-8AB9-56A6EBFF1DBB}.Release|Mixed Platforms.ActiveCfg = Release|Any CPU
		{F54F5361-F0E1-4D8E-8AB9-56A6EBFF1DBB}.Release|Mixed Platforms.Build.0 = Release|Any CPU
		{F54F5361-F0E1-4D8E-8AB9-56A6EBFF1DBB}.Release|Win32.ActiveCfg = Release|Any CPU
		{F54F5361-F0E1-4D8E-8AB9-56A6EBFF1DBB}.Release|x64.ActiveCfg = Release|x86
		{F54F5361-F0E1-4D8E-8AB9-56A6EBFF1DBB}.Release|x86.ActiveCfg = Release|x86
		{F54F5361-F0E1-4D8E-8AB9-56A6EBFF1DBB}.Release|x86.Build.0 = Release|x86
		{99D1FCB5-2B3B-4E2E-9FDC-A5AF6F0970C5}.Debug|Any CPU.ActiveCfg = Debug|Any CPU
		{99D1FCB5-2B3B-4E2E-9FDC-A5AF6F0970C5}.Debug|Any CPU.Build.0 = Debug|Any CPU
		{99D1FCB5-2B3B-4E2E-9FDC-A5AF6F0970C5}.Debug|Mixed Platforms.ActiveCfg = Debug|Any CPU
		{99D1FCB5-2B3B-4E2E-9FDC-A5AF6F0970C5}.Debug|Mixed Platforms.Build.0 = Debug|Any CPU
		{99D1FCB5-2B3B-4E2E-9FDC-A5AF6F0970C5}.Debug|Win32.ActiveCfg = Debug|Any CPU
		{99D1FCB5-2B3B-4E2E-9FDC-A5AF6F0970C5}.Debug|x64.ActiveCfg = Debug|x64
		{99D1FCB5-2B3B-4E2E-9FDC-A5AF6F0970C5}.Debug|x64.Build.0 = Debug|x64
		{99D1FCB5-2B3B-4E2E-9FDC-A5AF6F0970C5}.Debug|x86.ActiveCfg = Debug|x86
		{99D1FCB5-2B3B-4E2E-9FDC-A5AF6F0970C5}.Debug|x86.Build.0 = Debug|x86
		{99D1FCB5-2B3B-4E2E-9FDC-A5AF6F0970C5}.Release|Any CPU.ActiveCfg = Release|Any CPU
		{99D1FCB5-2B3B-4E2E-9FDC-A5AF6F0970C5}.Release|Any CPU.Build.0 = Release|Any CPU
		{99D1FCB5-2B3B-4E2E-9FDC-A5AF6F0970C5}.Release|Mixed Platforms.ActiveCfg = Release|Any CPU
		{99D1FCB5-2B3B-4E2E-9FDC-A5AF6F0970C5}.Release|Mixed Platforms.Build.0 = Release|Any CPU
		{99D1FCB5-2B3B-4E2E-9FDC-A5AF6F0970C5}.Release|Win32.ActiveCfg = Release|Any CPU
		{99D1FCB5-2B3B-4E2E-9FDC-A5AF6F0970C5}.Release|x64.ActiveCfg = Release|x86
		{99D1FCB5-2B3B-4E2E-9FDC-A5AF6F0970C5}.Release|x86.ActiveCfg = Release|x86
		{99D1FCB5-2B3B-4E2E-9FDC-A5AF6F0970C5}.Release|x86.Build.0 = Release|x86
		{93716298-9FA4-4002-AE0B-4C9F4705CCEA}.Debug|Any CPU.ActiveCfg = Debug|Any CPU
		{93716298-9FA4-4002-AE0B-4C9F4705CCEA}.Debug|Any CPU.Build.0 = Debug|Any CPU
		{93716298-9FA4-4002-AE0B-4C9F4705CCEA}.Debug|Mixed Platforms.ActiveCfg = Debug|Any CPU
		{93716298-9FA4-4002-AE0B-4C9F4705CCEA}.Debug|Mixed Platforms.Build.0 = Debug|Any CPU
		{93716298-9FA4-4002-AE0B-4C9F4705CCEA}.Debug|Win32.ActiveCfg = Debug|Any CPU
		{93716298-9FA4-4002-AE0B-4C9F4705CCEA}.Debug|x64.ActiveCfg = Debug|x64
		{93716298-9FA4-4002-AE0B-4C9F4705CCEA}.Debug|x64.Build.0 = Debug|x64
		{93716298-9FA4-4002-AE0B-4C9F4705CCEA}.Debug|x86.ActiveCfg = Debug|x86
		{93716298-9FA4-4002-AE0B-4C9F4705CCEA}.Debug|x86.Build.0 = Debug|x86
		{93716298-9FA4-4002-AE0B-4C9F4705CCEA}.Release|Any CPU.ActiveCfg = Release|Any CPU
		{93716298-9FA4-4002-AE0B-4C9F4705CCEA}.Release|Any CPU.Build.0 = Release|Any CPU
		{93716298-9FA4-4002-AE0B-4C9F4705CCEA}.Release|Mixed Platforms.ActiveCfg = Release|Any CPU
		{93716298-9FA4-4002-AE0B-4C9F4705CCEA}.Release|Mixed Platforms.Build.0 = Release|Any CPU
		{93716298-9FA4-4002-AE0B-4C9F4705CCEA}.Release|Win32.ActiveCfg = Release|Any CPU
		{93716298-9FA4-4002-AE0B-4C9F4705CCEA}.Release|x64.ActiveCfg = Release|Any CPU
		{93716298-9FA4-4002-AE0B-4C9F4705CCEA}.Release|x86.ActiveCfg = Release|Any CPU
		{BCE8E081-BD05-4A38-8DB9-7B0BC70AD879}.Debug|Any CPU.ActiveCfg = Debug|Any CPU
		{BCE8E081-BD05-4A38-8DB9-7B0BC70AD879}.Debug|Any CPU.Build.0 = Debug|Any CPU
		{BCE8E081-BD05-4A38-8DB9-7B0BC70AD879}.Debug|Mixed Platforms.ActiveCfg = Debug|Any CPU
		{BCE8E081-BD05-4A38-8DB9-7B0BC70AD879}.Debug|Mixed Platforms.Build.0 = Debug|Any CPU
		{BCE8E081-BD05-4A38-8DB9-7B0BC70AD879}.Debug|Win32.ActiveCfg = Debug|x86
		{BCE8E081-BD05-4A38-8DB9-7B0BC70AD879}.Debug|x64.ActiveCfg = Debug|x64
		{BCE8E081-BD05-4A38-8DB9-7B0BC70AD879}.Debug|x64.Build.0 = Debug|x64
		{BCE8E081-BD05-4A38-8DB9-7B0BC70AD879}.Debug|x86.ActiveCfg = Debug|x86
		{BCE8E081-BD05-4A38-8DB9-7B0BC70AD879}.Debug|x86.Build.0 = Debug|x86
		{BCE8E081-BD05-4A38-8DB9-7B0BC70AD879}.Release|Any CPU.ActiveCfg = Release|x86
		{BCE8E081-BD05-4A38-8DB9-7B0BC70AD879}.Release|Mixed Platforms.ActiveCfg = Release|x86
		{BCE8E081-BD05-4A38-8DB9-7B0BC70AD879}.Release|Mixed Platforms.Build.0 = Release|x86
		{BCE8E081-BD05-4A38-8DB9-7B0BC70AD879}.Release|Win32.ActiveCfg = Release|x86
		{BCE8E081-BD05-4A38-8DB9-7B0BC70AD879}.Release|x64.ActiveCfg = Release|x86
		{BCE8E081-BD05-4A38-8DB9-7B0BC70AD879}.Release|x86.ActiveCfg = Release|x86
		{BCE8E081-BD05-4A38-8DB9-7B0BC70AD879}.Release|x86.Build.0 = Release|x86
		{BF4F383C-EEBD-464E-A588-3C066EBBF0B0}.Debug|Any CPU.ActiveCfg = Debug|Any CPU
		{BF4F383C-EEBD-464E-A588-3C066EBBF0B0}.Debug|Any CPU.Build.0 = Debug|Any CPU
		{BF4F383C-EEBD-464E-A588-3C066EBBF0B0}.Debug|Mixed Platforms.ActiveCfg = Debug|Any CPU
		{BF4F383C-EEBD-464E-A588-3C066EBBF0B0}.Debug|Mixed Platforms.Build.0 = Debug|Any CPU
		{BF4F383C-EEBD-464E-A588-3C066EBBF0B0}.Debug|Win32.ActiveCfg = Debug|x86
		{BF4F383C-EEBD-464E-A588-3C066EBBF0B0}.Debug|x64.ActiveCfg = Debug|x64
		{BF4F383C-EEBD-464E-A588-3C066EBBF0B0}.Debug|x64.Build.0 = Debug|x64
		{BF4F383C-EEBD-464E-A588-3C066EBBF0B0}.Debug|x86.ActiveCfg = Debug|x86
		{BF4F383C-EEBD-464E-A588-3C066EBBF0B0}.Debug|x86.Build.0 = Debug|x86
		{BF4F383C-EEBD-464E-A588-3C066EBBF0B0}.Release|Any CPU.ActiveCfg = Release|x86
		{BF4F383C-EEBD-464E-A588-3C066EBBF0B0}.Release|Mixed Platforms.ActiveCfg = Release|x86
		{BF4F383C-EEBD-464E-A588-3C066EBBF0B0}.Release|Mixed Platforms.Build.0 = Release|x86
		{BF4F383C-EEBD-464E-A588-3C066EBBF0B0}.Release|Win32.ActiveCfg = Release|x86
		{BF4F383C-EEBD-464E-A588-3C066EBBF0B0}.Release|x64.ActiveCfg = Release|x86
		{BF4F383C-EEBD-464E-A588-3C066EBBF0B0}.Release|x86.ActiveCfg = Release|x86
		{BF4F383C-EEBD-464E-A588-3C066EBBF0B0}.Release|x86.Build.0 = Release|x86
	EndGlobalSection
	GlobalSection(SolutionProperties) = preSolution
		HideSolutionNode = FALSE
	EndGlobalSection
	GlobalSection(NestedProjects) = preSolution
		{6FD0C41C-74AE-481C-8888-A4C9E722F22D} = {046A8238-551B-4807-809B-E102E015A1D6}
		{2936A9F9-4B77-4D64-BE84-C093F107807C} = {046A8238-551B-4807-809B-E102E015A1D6}
		{268E894D-E8E1-496D-A017-9C087851B7DE} = {046A8238-551B-4807-809B-E102E015A1D6}
		{986603EA-E2BF-48CC-8991-7F0FEAE2D596} = {046A8238-551B-4807-809B-E102E015A1D6}
		{99D1FCB5-2B3B-4E2E-9FDC-A5AF6F0970C5} = {6FD0C41C-74AE-481C-8888-A4C9E722F22D}
		{F54F5361-F0E1-4D8E-8AB9-56A6EBFF1DBB} = {2936A9F9-4B77-4D64-BE84-C093F107807C}
		{482891B9-CC25-41F7-AA5C-CCBC73A1C638} = {268E894D-E8E1-496D-A017-9C087851B7DE}
		{BCE8E081-BD05-4A38-8DB9-7B0BC70AD879} = {268E894D-E8E1-496D-A017-9C087851B7DE}
		{BF4F383C-EEBD-464E-A588-3C066EBBF0B0} = {268E894D-E8E1-496D-A017-9C087851B7DE}
		{93716298-9FA4-4002-AE0B-4C9F4705CCEA} = {986603EA-E2BF-48CC-8991-7F0FEAE2D596}
	EndGlobalSection
EndGlobal
