
Microsoft Visual Studio Solution File, Format Version 10.00
# Visual Studio 2008
Project("{8BC9CEB8-8B4A-11D0-8D11-00A0C91BC942}") = "SlimMath", "SlimMath\SlimMath.vcproj", "{F8F9B70D-7473-4363-8557-6B02C67BB616}"
EndProject
Project("{FAE04EC0-301F-11D3-BF4B-00C04F79EFBC}") = "TestConsole", "TestConsole\TestConsole.csproj", "{45D3C140-33DB-4DDB-B817-3BD377AD161E}"
EndProject
Global
	GlobalSection(SolutionConfigurationPlatforms) = preSolution
		Debug|Any CPU = Debug|Any CPU
		Debug|Mixed Platforms = Debug|Mixed Platforms
		Debug|Win32 = Debug|Win32
		Release|Any CPU = Release|Any CPU
		Release|Mixed Platforms = Release|Mixed Platforms
		Release|Win32 = Release|Win32
	EndGlobalSection
	GlobalSection(ProjectConfigurationPlatforms) = postSolution
		{F8F9B70D-7473-4363-8557-6B02C67BB616}.Debug|Any CPU.ActiveCfg = Debug|Win32
		{F8F9B70D-7473-4363-8557-6B02C67BB616}.Debug|Mixed Platforms.ActiveCfg = Debug|Win32
		{F8F9B70D-7473-4363-8557-6B02C67BB616}.Debug|Mixed Platforms.Build.0 = Debug|Win32
		{F8F9B70D-7473-4363-8557-6B02C67BB616}.Debug|Win32.ActiveCfg = Debug|Win32
		{F8F9B70D-7473-4363-8557-6B02C67BB616}.Debug|Win32.Build.0 = Debug|Win32
		{F8F9B70D-7473-4363-8557-6B02C67BB616}.Release|Any CPU.ActiveCfg = Release|Win32
		{F8F9B70D-7473-4363-8557-6B02C67BB616}.Release|Mixed Platforms.ActiveCfg = Release|Win32
		{F8F9B70D-7473-4363-8557-6B02C67BB616}.Release|Mixed Platforms.Build.0 = Release|Win32
		{F8F9B70D-7473-4363-8557-6B02C67BB616}.Release|Win32.ActiveCfg = Release|Win32
		{F8F9B70D-7473-4363-8557-6B02C67BB616}.Release|Win32.Build.0 = Release|Win32
		{45D3C140-33DB-4DDB-B817-3BD377AD161E}.Debug|Any CPU.ActiveCfg = Debug|Any CPU
		{45D3C140-33DB-4DDB-B817-3BD377AD161E}.Debug|Any CPU.Build.0 = Debug|Any CPU
		{45D3C140-33DB-4DDB-B817-3BD377AD161E}.Debug|Mixed Platforms.ActiveCfg = Debug|Any CPU
		{45D3C140-33DB-4DDB-B817-3BD377AD161E}.Debug|Mixed Platforms.Build.0 = Debug|Any CPU
		{45D3C140-33DB-4DDB-B817-3BD377AD161E}.Debug|Win32.ActiveCfg = Debug|Any CPU
		{45D3C140-33DB-4DDB-B817-3BD377AD161E}.Release|Any CPU.ActiveCfg = Release|Any CPU
		{45D3C140-33DB-4DDB-B817-3BD377AD161E}.Release|Any CPU.Build.0 = Release|Any CPU
		{45D3C140-33DB-4DDB-B817-3BD377AD161E}.Release|Mixed Platforms.ActiveCfg = Release|Any CPU
		{45D3C140-33DB-4DDB-B817-3BD377AD161E}.Release|Mixed Platforms.Build.0 = Release|Any CPU
		{45D3C140-33DB-4DDB-B817-3BD377AD161E}.Release|Win32.ActiveCfg = Release|Any CPU
	EndGlobalSection
	GlobalSection(SolutionProperties) = preSolution
		HideSolutionNode = FALSE
	EndGlobalSection
EndGlobal
